PODS:
  - FogMachine (3.0.0)
  - PeerKit (2.0.1)
  - SSZipArchive (1.1)
  - SwiftEventBus (1.1.0)

DEPENDENCIES:
  - FogMachine (from `FogMachine/`)
  - PeerKit (from `https://github.com/cwas/PeerKit.git`, tag `2.0.1`)
  - SSZipArchive (~> 1.1)
  - SwiftEventBus (from `https://github.com/cesarferreira/SwiftEventBus.git`)

EXTERNAL SOURCES:
  FogMachine:
    :path: FogMachine/
  PeerKit:
    :git: https://github.com/cwas/PeerKit.git
    :tag: 2.0.1
  SwiftEventBus:
    :git: https://github.com/cesarferreira/SwiftEventBus.git

CHECKOUT OPTIONS:
  PeerKit:
    :git: https://github.com/cwas/PeerKit.git
    :tag: 2.0.1
  SwiftEventBus:
    :commit: 4b8cbb5a8227b3c29af75e0416689d26178733d8
    :git: https://github.com/cesarferreira/SwiftEventBus.git

SPEC CHECKSUMS:
  FogMachine: 91f21d966c707bbf6b5d6cfd190ac39ccb2286ae
  PeerKit: afeefbde5a660a085749ab28bfcba515c07191bf
  SSZipArchive: de3d215ab73f87db627f81f2ce24f1731e3886c3
  SwiftEventBus: d334f7aecbddbd995c3de5c262cf35c72db550f3

COCOAPODS: 0.39.0
