// !$*UTF8*$!
{
	archiveVersion = 1;
	classes = {
	};
	objectVersion = 46;
	objects = {

/* Begin PBXBuildFile section */
		753D3D761BF65A60004E3589 /* Constants.swift in Sources */ = {isa = PBXBuildFile; fileRef = 753D3D751BF65A60004E3589 /* Constants.swift */; };
		7575B3E21C5963C100FE32E9 /* FogMachine.xcdatamodeld in Sources */ = {isa = PBXBuildFile; fileRef = 754175861C57C84B000D51E0 /* FogMachine.xcdatamodeld */; };
		9C087DEA9387C323CF6DAE62 /* Pods_FogViewshed.framework in Frameworks */ = {isa = PBXBuildFile; fileRef = 23ACD3D789C87F8790B278E1 /* Pods_FogViewshed.framework */; };
		E314F6C11B79023D005B75C6 /* AppDelegate.swift in Sources */ = {isa = PBXBuildFile; fileRef = E314F6C01B79023D005B75C6 /* AppDelegate.swift */; };
		E314F6C81B79023D005B75C6 /* Main.storyboard in Resources */ = {isa = PBXBuildFile; fileRef = E314F6C61B79023D005B75C6 /* Main.storyboard */; };
		E314F6CA1B79023D005B75C6 /* Images.xcassets in Resources */ = {isa = PBXBuildFile; fileRef = E314F6C91B79023D005B75C6 /* Images.xcassets */; };
		E314F6CD1B79023D005B75C6 /* LaunchScreen.xib in Resources */ = {isa = PBXBuildFile; fileRef = E314F6CB1B79023D005B75C6 /* LaunchScreen.xib */; };
		E314F6D91B79023D005B75C6 /* FogViewshedTests.swift in Sources */ = {isa = PBXBuildFile; fileRef = E314F6D81B79023D005B75C6 /* FogViewshedTests.swift */; };
		F91E131D1CD9177E00409376 /* ConnectionsViewController.swift in Sources */ = {isa = PBXBuildFile; fileRef = F91E13181CD9177E00409376 /* ConnectionsViewController.swift */; };
		F91E131E1CD9177E00409376 /* DataViewController.swift in Sources */ = {isa = PBXBuildFile; fileRef = F91E13191CD9177E00409376 /* DataViewController.swift */; };
		F91E131F1CD9177E00409376 /* ObserverSettingsViewController.swift in Sources */ = {isa = PBXBuildFile; fileRef = F91E131A1CD9177E00409376 /* ObserverSettingsViewController.swift */; };
		F91E13201CD9177E00409376 /* SettingsViewController.swift in Sources */ = {isa = PBXBuildFile; fileRef = F91E131B1CD9177E00409376 /* SettingsViewController.swift */; };
		F91E13211CD9177E00409376 /* ViewshedViewController.swift in Sources */ = {isa = PBXBuildFile; fileRef = F91E131C1CD9177E00409376 /* ViewshedViewController.swift */; };
		F91E13231CD91C5D00409376 /* ViewshedAlgorithm.swift in Sources */ = {isa = PBXBuildFile; fileRef = F91E13221CD91C5D00409376 /* ViewshedAlgorithm.swift */; };
		F91E13251CD92BB900409376 /* BoundingBoxUtility.swift in Sources */ = {isa = PBXBuildFile; fileRef = F91E13241CD92BB900409376 /* BoundingBoxUtility.swift */; };
		F91E13271CD931E800409376 /* HGTManager.swift in Sources */ = {isa = PBXBuildFile; fileRef = F91E13261CD931E800409376 /* HGTManager.swift */; };
		F93F14C71CCAE5AC00E35541 /* AxisOrientedBoundingBox.swift in Sources */ = {isa = PBXBuildFile; fileRef = F93F14B01CCAE5AC00E35541 /* AxisOrientedBoundingBox.swift */; };
		F93F14C81CCAE5AC00E35541 /* ElevationDataGrid.swift in Sources */ = {isa = PBXBuildFile; fileRef = F93F14B11CCAE5AC00E35541 /* ElevationDataGrid.swift */; };
		F93F14CA1CCAE5AC00E35541 /* HGTFile.swift in Sources */ = {isa = PBXBuildFile; fileRef = F93F14B41CCAE5AC00E35541 /* HGTFile.swift */; };
		F93F14CB1CCAE5AC00E35541 /* Cell.swift in Sources */ = {isa = PBXBuildFile; fileRef = F93F14B61CCAE5AC00E35541 /* Cell.swift */; };
		F93F14CC1CCAE5AC00E35541 /* Observer.swift in Sources */ = {isa = PBXBuildFile; fileRef = F93F14B71CCAE5AC00E35541 /* Observer.swift */; };
		F93F14CD1CCAE5AC00E35541 /* ObserverEntity.swift in Sources */ = {isa = PBXBuildFile; fileRef = F93F14B81CCAE5AC00E35541 /* ObserverEntity.swift */; };
		F93F14CE1CCAE5AC00E35541 /* ObserverFacade.swift in Sources */ = {isa = PBXBuildFile; fileRef = F93F14B91CCAE5AC00E35541 /* ObserverFacade.swift */; };
		F93F14CF1CCAE5AC00E35541 /* ViewshedResult.swift in Sources */ = {isa = PBXBuildFile; fileRef = F93F14BC1CCAE5AC00E35541 /* ViewshedResult.swift */; };
		F93F14D01CCAE5AC00E35541 /* ViewshedTool.swift in Sources */ = {isa = PBXBuildFile; fileRef = F93F14BD1CCAE5AC00E35541 /* ViewshedTool.swift */; };
		F93F14D11CCAE5AC00E35541 /* ViewshedWork.swift in Sources */ = {isa = PBXBuildFile; fileRef = F93F14BE1CCAE5AC00E35541 /* ViewshedWork.swift */; };
		F93F14D21CCAE5AC00E35541 /* FranklinRayViewshed.swift in Sources */ = {isa = PBXBuildFile; fileRef = F93F14C01CCAE5AC00E35541 /* FranklinRayViewshed.swift */; };
		F93F14DE1CCAE5C400E35541 /* GeoUtility.swift in Sources */ = {isa = PBXBuildFile; fileRef = F93F14D91CCAE5C400E35541 /* GeoUtility.swift */; };
		F93F14DF1CCAE5C400E35541 /* HGTDownloader.swift in Sources */ = {isa = PBXBuildFile; fileRef = F93F14DA1CCAE5C400E35541 /* HGTDownloader.swift */; };
		F93F14E01CCAE5C400E35541 /* Pixel.swift in Sources */ = {isa = PBXBuildFile; fileRef = F93F14DB1CCAE5C400E35541 /* Pixel.swift */; };
		F93F14E11CCAE5C400E35541 /* Toast.swift in Sources */ = {isa = PBXBuildFile; fileRef = F93F14DC1CCAE5C400E35541 /* Toast.swift */; };
		F93F14E21CCAE5C400E35541 /* ViewshedImageUtility.swift in Sources */ = {isa = PBXBuildFile; fileRef = F93F14DD1CCAE5C400E35541 /* ViewshedImageUtility.swift */; };
		F93F14E41CCAE5FB00E35541 /* HGTRegions.swift in Sources */ = {isa = PBXBuildFile; fileRef = F93F14E31CCAE5FB00E35541 /* HGTRegions.swift */; };
		F93F14E61CCAE61300E35541 /* ActivityIndicator.swift in Sources */ = {isa = PBXBuildFile; fileRef = F93F14E51CCAE61300E35541 /* ActivityIndicator.swift */; };
		F93F14E81CCAE61C00E35541 /* BresenhamsLineAlgoritm.swift in Sources */ = {isa = PBXBuildFile; fileRef = F93F14E71CCAE61C00E35541 /* BresenhamsLineAlgoritm.swift */; };
		F93F14EB1CCAE62700E35541 /* ViewshedOverlay.swift in Sources */ = {isa = PBXBuildFile; fileRef = F93F14E91CCAE62700E35541 /* ViewshedOverlay.swift */; };
		F93F14EC1CCAE62700E35541 /* ViewshedOverlayView.swift in Sources */ = {isa = PBXBuildFile; fileRef = F93F14EA1CCAE62700E35541 /* ViewshedOverlayView.swift */; };
		F9AB38291CDAB640002CDFA3 /* N37W123.hgt in Resources */ = {isa = PBXBuildFile; fileRef = F93F14991CCAE49500E35541 /* N37W123.hgt */; };
		F9AB382A1CDD750C002CDFA3 /* N38W123.hgt in Resources */ = {isa = PBXBuildFile; fileRef = F93F149C1CCAE49500E35541 /* N38W123.hgt */; };
		F9AB382C1CDE9CCA002CDFA3 /* N37W122.hgt in Resources */ = {isa = PBXBuildFile; fileRef = F9AB382B1CDE9CB5002CDFA3 /* N37W122.hgt */; };
		F9CF416E1CC857F5003F5405 /* FogMachine.framework in Frameworks */ = {isa = PBXBuildFile; fileRef = F9CF416D1CC857F5003F5405 /* FogMachine.framework */; };
/* End PBXBuildFile section */

/* Begin PBXContainerItemProxy section */
		E314F6D31B79023D005B75C6 /* PBXContainerItemProxy */ = {
			isa = PBXContainerItemProxy;
			containerPortal = E314F6B31B79023D005B75C6 /* Project object */;
			proxyType = 1;
			remoteGlobalIDString = E314F6BA1B79023D005B75C6;
			remoteInfo = FogMachineSearch;
		};
/* End PBXContainerItemProxy section */

/* Begin PBXFileReference section */
		23ACD3D789C87F8790B278E1 /* Pods_FogViewshed.framework */ = {isa = PBXFileReference; explicitFileType = wrapper.framework; includeInIndex = 0; path = Pods_FogViewshed.framework; sourceTree = BUILT_PRODUCTS_DIR; };
		67B94BD07B1840DDFEF8600A /* Pods-FogViewshed.debug.xcconfig */ = {isa = PBXFileReference; includeInIndex = 1; lastKnownFileType = text.xcconfig; name = "Pods-FogViewshed.debug.xcconfig"; path = "../../Pods/Target Support Files/Pods-FogViewshed/Pods-FogViewshed.debug.xcconfig"; sourceTree = "<group>"; };
		753D3D751BF65A60004E3589 /* Constants.swift */ = {isa = PBXFileReference; fileEncoding = 4; lastKnownFileType = sourcecode.swift; path = Constants.swift; sourceTree = "<group>"; };
		754175871C57C84B000D51E0 /* FogMachine.xcdatamodel */ = {isa = PBXFileReference; lastKnownFileType = wrapper.xcdatamodel; path = FogMachine.xcdatamodel; sourceTree = "<group>"; };
		756D3AF31C9C8D9F00094EB8 /* Fog.framework */ = {isa = PBXFileReference; lastKnownFileType = wrapper.framework; name = Fog.framework; path = "../../../../../Library/Developer/Xcode/DerivedData/FogMachine-dwszhekwuvrywcaaofntynfglvrx/Build/Products/Debug-iphoneos/Fog.framework"; sourceTree = "<group>"; };
		8B12973A4FECB067D196E0B8 /* Pods-FogViewshed.release.xcconfig */ = {isa = PBXFileReference; includeInIndex = 1; lastKnownFileType = text.xcconfig; name = "Pods-FogViewshed.release.xcconfig"; path = "../../Pods/Target Support Files/Pods-FogViewshed/Pods-FogViewshed.release.xcconfig"; sourceTree = "<group>"; };
		E314F6BB1B79023D005B75C6 /* FogViewshed.app */ = {isa = PBXFileReference; explicitFileType = wrapper.application; includeInIndex = 0; path = FogViewshed.app; sourceTree = BUILT_PRODUCTS_DIR; };
		E314F6BF1B79023D005B75C6 /* Info.plist */ = {isa = PBXFileReference; lastKnownFileType = text.plist.xml; path = Info.plist; sourceTree = "<group>"; };
		E314F6C01B79023D005B75C6 /* AppDelegate.swift */ = {isa = PBXFileReference; lastKnownFileType = sourcecode.swift; path = AppDelegate.swift; sourceTree = "<group>"; };
		E314F6C71B79023D005B75C6 /* Base */ = {isa = PBXFileReference; lastKnownFileType = file.storyboard; name = Base; path = Base.lproj/Main.storyboard; sourceTree = "<group>"; };
		E314F6C91B79023D005B75C6 /* Images.xcassets */ = {isa = PBXFileReference; lastKnownFileType = folder.assetcatalog; path = Images.xcassets; sourceTree = "<group>"; };
		E314F6CC1B79023D005B75C6 /* Base */ = {isa = PBXFileReference; lastKnownFileType = file.xib; name = Base; path = Base.lproj/LaunchScreen.xib; sourceTree = "<group>"; };
		E314F6D21B79023D005B75C6 /* FogViewshed.xctest */ = {isa = PBXFileReference; explicitFileType = wrapper.cfbundle; includeInIndex = 0; path = FogViewshed.xctest; sourceTree = BUILT_PRODUCTS_DIR; };
		E314F6D71B79023D005B75C6 /* Info.plist */ = {isa = PBXFileReference; lastKnownFileType = text.plist.xml; path = Info.plist; sourceTree = "<group>"; };
		E314F6D81B79023D005B75C6 /* FogViewshedTests.swift */ = {isa = PBXFileReference; lastKnownFileType = sourcecode.swift; path = FogViewshedTests.swift; sourceTree = "<group>"; };
		F904248C1CC942330034AAC4 /* PeerKit.framework */ = {isa = PBXFileReference; explicitFileType = wrapper.framework; name = PeerKit.framework; path = "/Users/wiedemanns/Library/Developer/Xcode/DerivedData/FogMachine-ehakjtromnjnlkdndgtxzwnwrxhg/Build/Products/Debug-iphoneos/PeerKit.framework"; sourceTree = "<absolute>"; };
		F91E13181CD9177E00409376 /* ConnectionsViewController.swift */ = {isa = PBXFileReference; fileEncoding = 4; lastKnownFileType = sourcecode.swift; name = ConnectionsViewController.swift; path = Controllers/ConnectionsViewController.swift; sourceTree = "<group>"; };
		F91E13191CD9177E00409376 /* DataViewController.swift */ = {isa = PBXFileReference; fileEncoding = 4; lastKnownFileType = sourcecode.swift; name = DataViewController.swift; path = Controllers/DataViewController.swift; sourceTree = "<group>"; };
		F91E131A1CD9177E00409376 /* ObserverSettingsViewController.swift */ = {isa = PBXFileReference; fileEncoding = 4; lastKnownFileType = sourcecode.swift; name = ObserverSettingsViewController.swift; path = Controllers/ObserverSettingsViewController.swift; sourceTree = "<group>"; };
		F91E131B1CD9177E00409376 /* SettingsViewController.swift */ = {isa = PBXFileReference; fileEncoding = 4; lastKnownFileType = sourcecode.swift; name = SettingsViewController.swift; path = Controllers/SettingsViewController.swift; sourceTree = "<group>"; };
		F91E131C1CD9177E00409376 /* ViewshedViewController.swift */ = {isa = PBXFileReference; fileEncoding = 4; lastKnownFileType = sourcecode.swift; name = ViewshedViewController.swift; path = Controllers/ViewshedViewController.swift; sourceTree = "<group>"; };
		F91E13221CD91C5D00409376 /* ViewshedAlgorithm.swift */ = {isa = PBXFileReference; fileEncoding = 4; lastKnownFileType = sourcecode.swift; path = ViewshedAlgorithm.swift; sourceTree = "<group>"; };
		F91E13241CD92BB900409376 /* BoundingBoxUtility.swift */ = {isa = PBXFileReference; fileEncoding = 4; lastKnownFileType = sourcecode.swift; path = BoundingBoxUtility.swift; sourceTree = "<group>"; };
		F91E13261CD931E800409376 /* HGTManager.swift */ = {isa = PBXFileReference; fileEncoding = 4; lastKnownFileType = sourcecode.swift; path = HGTManager.swift; sourceTree = "<group>"; };
		F93F14991CCAE49500E35541 /* N37W123.hgt */ = {isa = PBXFileReference; lastKnownFileType = file; path = N37W123.hgt; sourceTree = "<group>"; };
		F93F149A1CCAE49500E35541 /* N38W077.hgt */ = {isa = PBXFileReference; lastKnownFileType = file; path = N38W077.hgt; sourceTree = "<group>"; };
		F93F149B1CCAE49500E35541 /* N38W078.hgt */ = {isa = PBXFileReference; lastKnownFileType = file; path = N38W078.hgt; sourceTree = "<group>"; };
		F93F149C1CCAE49500E35541 /* N38W123.hgt */ = {isa = PBXFileReference; lastKnownFileType = file; path = N38W123.hgt; sourceTree = "<group>"; };
		F93F149D1CCAE49500E35541 /* N39W077.hgt */ = {isa = PBXFileReference; lastKnownFileType = file; path = N39W077.hgt; sourceTree = "<group>"; };
		F93F149E1CCAE49500E35541 /* N39W078.hgt */ = {isa = PBXFileReference; lastKnownFileType = file; path = N39W078.hgt; sourceTree = "<group>"; };
		F93F149F1CCAE49500E35541 /* N39W105.hgt */ = {isa = PBXFileReference; lastKnownFileType = file; path = N39W105.hgt; sourceTree = "<group>"; };
		F93F14A01CCAE49500E35541 /* N39W106.hgt */ = {isa = PBXFileReference; lastKnownFileType = file; path = N39W106.hgt; sourceTree = "<group>"; };
		F93F14A11CCAE49500E35541 /* N40W105.hgt */ = {isa = PBXFileReference; lastKnownFileType = file; path = N40W105.hgt; sourceTree = "<group>"; };
		F93F14A21CCAE49500E35541 /* N40W106.hgt */ = {isa = PBXFileReference; lastKnownFileType = file; path = N40W106.hgt; sourceTree = "<group>"; };
		F93F14A31CCAE49500E35541 /* README.txt */ = {isa = PBXFileReference; fileEncoding = 4; lastKnownFileType = text; path = README.txt; sourceTree = "<group>"; };
		F93F14B01CCAE5AC00E35541 /* AxisOrientedBoundingBox.swift */ = {isa = PBXFileReference; fileEncoding = 4; lastKnownFileType = sourcecode.swift; path = AxisOrientedBoundingBox.swift; sourceTree = "<group>"; };
		F93F14B11CCAE5AC00E35541 /* ElevationDataGrid.swift */ = {isa = PBXFileReference; fileEncoding = 4; lastKnownFileType = sourcecode.swift; path = ElevationDataGrid.swift; sourceTree = "<group>"; };
		F93F14B41CCAE5AC00E35541 /* HGTFile.swift */ = {isa = PBXFileReference; fileEncoding = 4; lastKnownFileType = sourcecode.swift; path = HGTFile.swift; sourceTree = "<group>"; };
		F93F14B61CCAE5AC00E35541 /* Cell.swift */ = {isa = PBXFileReference; fileEncoding = 4; lastKnownFileType = sourcecode.swift; path = Cell.swift; sourceTree = "<group>"; };
		F93F14B71CCAE5AC00E35541 /* Observer.swift */ = {isa = PBXFileReference; fileEncoding = 4; lastKnownFileType = sourcecode.swift; path = Observer.swift; sourceTree = "<group>"; };
		F93F14B81CCAE5AC00E35541 /* ObserverEntity.swift */ = {isa = PBXFileReference; fileEncoding = 4; lastKnownFileType = sourcecode.swift; path = ObserverEntity.swift; sourceTree = "<group>"; };
		F93F14B91CCAE5AC00E35541 /* ObserverFacade.swift */ = {isa = PBXFileReference; fileEncoding = 4; lastKnownFileType = sourcecode.swift; path = ObserverFacade.swift; sourceTree = "<group>"; };
		F93F14BC1CCAE5AC00E35541 /* ViewshedResult.swift */ = {isa = PBXFileReference; fileEncoding = 4; lastKnownFileType = sourcecode.swift; path = ViewshedResult.swift; sourceTree = "<group>"; };
		F93F14BD1CCAE5AC00E35541 /* ViewshedTool.swift */ = {isa = PBXFileReference; fileEncoding = 4; lastKnownFileType = sourcecode.swift; path = ViewshedTool.swift; sourceTree = "<group>"; };
		F93F14BE1CCAE5AC00E35541 /* ViewshedWork.swift */ = {isa = PBXFileReference; fileEncoding = 4; lastKnownFileType = sourcecode.swift; path = ViewshedWork.swift; sourceTree = "<group>"; };
		F93F14C01CCAE5AC00E35541 /* FranklinRayViewshed.swift */ = {isa = PBXFileReference; fileEncoding = 4; lastKnownFileType = sourcecode.swift; path = FranklinRayViewshed.swift; sourceTree = "<group>"; };
		F93F14D91CCAE5C400E35541 /* GeoUtility.swift */ = {isa = PBXFileReference; fileEncoding = 4; lastKnownFileType = sourcecode.swift; path = GeoUtility.swift; sourceTree = "<group>"; };
		F93F14DA1CCAE5C400E35541 /* HGTDownloader.swift */ = {isa = PBXFileReference; fileEncoding = 4; lastKnownFileType = sourcecode.swift; path = HGTDownloader.swift; sourceTree = "<group>"; };
		F93F14DB1CCAE5C400E35541 /* Pixel.swift */ = {isa = PBXFileReference; fileEncoding = 4; lastKnownFileType = sourcecode.swift; path = Pixel.swift; sourceTree = "<group>"; };
		F93F14DC1CCAE5C400E35541 /* Toast.swift */ = {isa = PBXFileReference; fileEncoding = 4; lastKnownFileType = sourcecode.swift; path = Toast.swift; sourceTree = "<group>"; };
		F93F14DD1CCAE5C400E35541 /* ViewshedImageUtility.swift */ = {isa = PBXFileReference; fileEncoding = 4; lastKnownFileType = sourcecode.swift; path = ViewshedImageUtility.swift; sourceTree = "<group>"; };
		F93F14E31CCAE5FB00E35541 /* HGTRegions.swift */ = {isa = PBXFileReference; fileEncoding = 4; lastKnownFileType = sourcecode.swift; path = HGTRegions.swift; sourceTree = "<group>"; };
		F93F14E51CCAE61300E35541 /* ActivityIndicator.swift */ = {isa = PBXFileReference; fileEncoding = 4; lastKnownFileType = sourcecode.swift; path = ActivityIndicator.swift; sourceTree = "<group>"; };
		F93F14E71CCAE61C00E35541 /* BresenhamsLineAlgoritm.swift */ = {isa = PBXFileReference; fileEncoding = 4; lastKnownFileType = sourcecode.swift; path = BresenhamsLineAlgoritm.swift; sourceTree = "<group>"; };
		F93F14E91CCAE62700E35541 /* ViewshedOverlay.swift */ = {isa = PBXFileReference; fileEncoding = 4; lastKnownFileType = sourcecode.swift; path = ViewshedOverlay.swift; sourceTree = "<group>"; };
		F93F14EA1CCAE62700E35541 /* ViewshedOverlayView.swift */ = {isa = PBXFileReference; fileEncoding = 4; lastKnownFileType = sourcecode.swift; path = ViewshedOverlayView.swift; sourceTree = "<group>"; };
		F9AB382B1CDE9CB5002CDFA3 /* N37W122.hgt */ = {isa = PBXFileReference; lastKnownFileType = file; path = N37W122.hgt; sourceTree = "<group>"; };
		F9CF416D1CC857F5003F5405 /* FogMachine.framework */ = {isa = PBXFileReference; lastKnownFileType = wrapper.framework; name = FogMachine.framework; path = "../../FogMachine/build/Debug-iphoneos/FogMachine.framework"; sourceTree = "<group>"; };
/* End PBXFileReference section */

/* Begin PBXFrameworksBuildPhase section */
		E314F6B81B79023D005B75C6 /* Frameworks */ = {
			isa = PBXFrameworksBuildPhase;
			buildActionMask = 2147483647;
			files = (
				F9CF416E1CC857F5003F5405 /* FogMachine.framework in Frameworks */,
				9C087DEA9387C323CF6DAE62 /* Pods_FogViewshed.framework in Frameworks */,
			);
			runOnlyForDeploymentPostprocessing = 0;
		};
		E314F6CF1B79023D005B75C6 /* Frameworks */ = {
			isa = PBXFrameworksBuildPhase;
			buildActionMask = 2147483647;
			files = (
			);
			runOnlyForDeploymentPostprocessing = 0;
		};
/* End PBXFrameworksBuildPhase section */

/* Begin PBXGroup section */
		401D5B75ECC7ACCCF10B7514 /* Frameworks */ = {
			isa = PBXGroup;
			children = (
				F9CF416D1CC857F5003F5405 /* FogMachine.framework */,
				756D3AF31C9C8D9F00094EB8 /* Fog.framework */,
				23ACD3D789C87F8790B278E1 /* Pods_FogViewshed.framework */,
			);
			name = Frameworks;
			sourceTree = "<group>";
		};
		B2895BE1E0A77C1DD56AD493 /* Pods */ = {
			isa = PBXGroup;
			children = (
				67B94BD07B1840DDFEF8600A /* Pods-FogViewshed.debug.xcconfig */,
				8B12973A4FECB067D196E0B8 /* Pods-FogViewshed.release.xcconfig */,
			);
			name = Pods;
			sourceTree = "<group>";
		};
		E314F6B21B79023D005B75C6 = {
			isa = PBXGroup;
			children = (
				F904248C1CC942330034AAC4 /* PeerKit.framework */,
				E314F6BD1B79023D005B75C6 /* FogViewshed */,
				E314F6D51B79023D005B75C6 /* FogViewshedTests */,
				E314F6BC1B79023D005B75C6 /* Products */,
				B2895BE1E0A77C1DD56AD493 /* Pods */,
				401D5B75ECC7ACCCF10B7514 /* Frameworks */,
			);
			sourceTree = "<group>";
		};
		E314F6BC1B79023D005B75C6 /* Products */ = {
			isa = PBXGroup;
			children = (
				E314F6BB1B79023D005B75C6 /* FogViewshed.app */,
				E314F6D21B79023D005B75C6 /* FogViewshed.xctest */,
			);
			name = Products;
			sourceTree = "<group>";
		};
		E314F6BD1B79023D005B75C6 /* FogViewshed */ = {
			isa = PBXGroup;
			children = (
				F93F14D81CCAE5C400E35541 /* Utility */,
				F93F14AF1CCAE5AC00E35541 /* Models */,
				F93F14961CCAE47100E35541 /* Data */,
				F93F14941CCAE44F00E35541 /* Controllers */,
				E314F6C01B79023D005B75C6 /* AppDelegate.swift */,
				F93F14E71CCAE61C00E35541 /* BresenhamsLineAlgoritm.swift */,
				F93F14E91CCAE62700E35541 /* ViewshedOverlay.swift */,
				F93F14EA1CCAE62700E35541 /* ViewshedOverlayView.swift */,
				F93F14E51CCAE61300E35541 /* ActivityIndicator.swift */,
				753D3D751BF65A60004E3589 /* Constants.swift */,
				754175861C57C84B000D51E0 /* FogMachine.xcdatamodeld */,
				E314F6C61B79023D005B75C6 /* Main.storyboard */,
				E314F6C91B79023D005B75C6 /* Images.xcassets */,
				E314F6CB1B79023D005B75C6 /* LaunchScreen.xib */,
				E314F6BE1B79023D005B75C6 /* Supporting Files */,
			);
			path = FogViewshed;
			sourceTree = "<group>";
		};
		E314F6BE1B79023D005B75C6 /* Supporting Files */ = {
			isa = PBXGroup;
			children = (
				E314F6BF1B79023D005B75C6 /* Info.plist */,
			);
			name = "Supporting Files";
			sourceTree = "<group>";
		};
		E314F6D51B79023D005B75C6 /* FogViewshedTests */ = {
			isa = PBXGroup;
			children = (
				E314F6D81B79023D005B75C6 /* FogViewshedTests.swift */,
				E314F6D61B79023D005B75C6 /* Supporting Files */,
			);
			path = FogViewshedTests;
			sourceTree = "<group>";
		};
		E314F6D61B79023D005B75C6 /* Supporting Files */ = {
			isa = PBXGroup;
			children = (
				E314F6D71B79023D005B75C6 /* Info.plist */,
			);
			name = "Supporting Files";
			sourceTree = "<group>";
		};
		F93F14941CCAE44F00E35541 /* Controllers */ = {
			isa = PBXGroup;
			children = (
				F91E13181CD9177E00409376 /* ConnectionsViewController.swift */,
				F91E13191CD9177E00409376 /* DataViewController.swift */,
				F91E131A1CD9177E00409376 /* ObserverSettingsViewController.swift */,
				F91E131B1CD9177E00409376 /* SettingsViewController.swift */,
				F91E131C1CD9177E00409376 /* ViewshedViewController.swift */,
			);
			name = Controllers;
			sourceTree = "<group>";
		};
		F93F14961CCAE47100E35541 /* Data */ = {
			isa = PBXGroup;
			children = (
				F93F14981CCAE49500E35541 /* HGT */,
			);
			name = Data;
			sourceTree = "<group>";
		};
		F93F14981CCAE49500E35541 /* HGT */ = {
			isa = PBXGroup;
			children = (
				F9AB382B1CDE9CB5002CDFA3 /* N37W122.hgt */,
				F93F14991CCAE49500E35541 /* N37W123.hgt */,
				F93F149A1CCAE49500E35541 /* N38W077.hgt */,
				F93F149B1CCAE49500E35541 /* N38W078.hgt */,
				F93F149C1CCAE49500E35541 /* N38W123.hgt */,
				F93F149D1CCAE49500E35541 /* N39W077.hgt */,
				F93F149E1CCAE49500E35541 /* N39W078.hgt */,
				F93F149F1CCAE49500E35541 /* N39W105.hgt */,
				F93F14A01CCAE49500E35541 /* N39W106.hgt */,
				F93F14A11CCAE49500E35541 /* N40W105.hgt */,
				F93F14A21CCAE49500E35541 /* N40W106.hgt */,
				F93F14A31CCAE49500E35541 /* README.txt */,
			);
			name = HGT;
			path = Data/HGT;
			sourceTree = "<group>";
		};
		F93F14AF1CCAE5AC00E35541 /* Models */ = {
			isa = PBXGroup;
			children = (
				F93F14B01CCAE5AC00E35541 /* AxisOrientedBoundingBox.swift */,
				F93F14B11CCAE5AC00E35541 /* ElevationDataGrid.swift */,
				F93F14B31CCAE5AC00E35541 /* HGT */,
				F93F14B51CCAE5AC00E35541 /* Map */,
				F93F14B71CCAE5AC00E35541 /* Observer.swift */,
				F93F14B81CCAE5AC00E35541 /* ObserverEntity.swift */,
				F93F14B91CCAE5AC00E35541 /* ObserverFacade.swift */,
				F93F14BA1CCAE5AC00E35541 /* Viewshed */,
			);
			path = Models;
			sourceTree = "<group>";
		};
		F93F14B31CCAE5AC00E35541 /* HGT */ = {
			isa = PBXGroup;
			children = (
				F93F14B41CCAE5AC00E35541 /* HGTFile.swift */,
			);
			path = HGT;
			sourceTree = "<group>";
		};
		F93F14B51CCAE5AC00E35541 /* Map */ = {
			isa = PBXGroup;
			children = (
				F93F14B61CCAE5AC00E35541 /* Cell.swift */,
			);
			path = Map;
			sourceTree = "<group>";
		};
		F93F14BA1CCAE5AC00E35541 /* Viewshed */ = {
			isa = PBXGroup;
			children = (
				F91E13221CD91C5D00409376 /* ViewshedAlgorithm.swift */,
				F93F14BB1CCAE5AC00E35541 /* FogMachine */,
				F93F14BF1CCAE5AC00E35541 /* FranklinRay */,
			);
			path = Viewshed;
			sourceTree = "<group>";
		};
		F93F14BB1CCAE5AC00E35541 /* FogMachine */ = {
			isa = PBXGroup;
			children = (
				F93F14BC1CCAE5AC00E35541 /* ViewshedResult.swift */,
				F93F14BD1CCAE5AC00E35541 /* ViewshedTool.swift */,
				F93F14BE1CCAE5AC00E35541 /* ViewshedWork.swift */,
			);
			path = FogMachine;
			sourceTree = "<group>";
		};
		F93F14BF1CCAE5AC00E35541 /* FranklinRay */ = {
			isa = PBXGroup;
			children = (
				F93F14C01CCAE5AC00E35541 /* FranklinRayViewshed.swift */,
			);
			path = FranklinRay;
			sourceTree = "<group>";
		};
		F93F14D81CCAE5C400E35541 /* Utility */ = {
			isa = PBXGroup;
			children = (
				F93F14D91CCAE5C400E35541 /* GeoUtility.swift */,
				F93F14DA1CCAE5C400E35541 /* HGTDownloader.swift */,
				F93F14E31CCAE5FB00E35541 /* HGTRegions.swift */,
				F93F14DB1CCAE5C400E35541 /* Pixel.swift */,
				F93F14DC1CCAE5C400E35541 /* Toast.swift */,
				F93F14DD1CCAE5C400E35541 /* ViewshedImageUtility.swift */,
				F91E13241CD92BB900409376 /* BoundingBoxUtility.swift */,
				F91E13261CD931E800409376 /* HGTManager.swift */,
			);
			path = Utility;
			sourceTree = "<group>";
		};
/* End PBXGroup section */

/* Begin PBXNativeTarget section */
		E314F6BA1B79023D005B75C6 /* FogViewshed */ = {
			isa = PBXNativeTarget;
			buildConfigurationList = E314F6DC1B79023D005B75C6 /* Build configuration list for PBXNativeTarget "FogViewshed" */;
			buildPhases = (
				DD9411F991E2ABAC4A9BF42D /* Check Pods Manifest.lock */,
				E314F6B71B79023D005B75C6 /* Sources */,
				E314F6B81B79023D005B75C6 /* Frameworks */,
				E314F6B91B79023D005B75C6 /* Resources */,
				082DCADF35E586762BD71722 /* Embed Pods Frameworks */,
				D66151F748EF8EDB277C83AE /* Copy Pods Resources */,
			);
			buildRules = (
			);
			dependencies = (
			);
			name = FogViewshed;
			productName = FogMachineSearch;
			productReference = E314F6BB1B79023D005B75C6 /* FogViewshed.app */;
			productType = "com.apple.product-type.application";
		};
		E314F6D11B79023D005B75C6 /* FogViewshedTests */ = {
			isa = PBXNativeTarget;
			buildConfigurationList = E314F6DF1B79023D005B75C6 /* Build configuration list for PBXNativeTarget "FogViewshedTests" */;
			buildPhases = (
				E314F6CE1B79023D005B75C6 /* Sources */,
				E314F6CF1B79023D005B75C6 /* Frameworks */,
				E314F6D01B79023D005B75C6 /* Resources */,
			);
			buildRules = (
			);
			dependencies = (
				E314F6D41B79023D005B75C6 /* PBXTargetDependency */,
			);
			name = FogViewshedTests;
			productName = FogMachineSearchTests;
			productReference = E314F6D21B79023D005B75C6 /* FogViewshed.xctest */;
			productType = "com.apple.product-type.bundle.unit-test";
		};
/* End PBXNativeTarget section */

/* Begin PBXProject section */
		E314F6B31B79023D005B75C6 /* Project object */ = {
			isa = PBXProject;
			attributes = {
				LastSwiftMigration = 0700;
				LastSwiftUpdateCheck = 0700;
				LastUpgradeCheck = 0700;
				ORGANIZATIONNAME = NGA;
				TargetAttributes = {
					E314F6BA1B79023D005B75C6 = {
						CreatedOnToolsVersion = 6.4;
						DevelopmentTeam = A8EK924J35;
					};
					E314F6D11B79023D005B75C6 = {
						CreatedOnToolsVersion = 6.4;
						TestTargetID = E314F6BA1B79023D005B75C6;
					};
				};
			};
			buildConfigurationList = E314F6B61B79023D005B75C6 /* Build configuration list for PBXProject "FogViewshed" */;
			compatibilityVersion = "Xcode 3.2";
			developmentRegion = English;
			hasScannedForEncodings = 0;
			knownRegions = (
				en,
				Base,
			);
			mainGroup = E314F6B21B79023D005B75C6;
			productRefGroup = E314F6BC1B79023D005B75C6 /* Products */;
			projectDirPath = "";
			projectRoot = "";
			targets = (
				E314F6BA1B79023D005B75C6 /* FogViewshed */,
				E314F6D11B79023D005B75C6 /* FogViewshedTests */,
			);
		};
/* End PBXProject section */

/* Begin PBXResourcesBuildPhase section */
		E314F6B91B79023D005B75C6 /* Resources */ = {
			isa = PBXResourcesBuildPhase;
			buildActionMask = 2147483647;
			files = (
				F9AB382C1CDE9CCA002CDFA3 /* N37W122.hgt in Resources */,
				F9AB382A1CDD750C002CDFA3 /* N38W123.hgt in Resources */,
				F9AB38291CDAB640002CDFA3 /* N37W123.hgt in Resources */,
				E314F6C81B79023D005B75C6 /* Main.storyboard in Resources */,
				E314F6CD1B79023D005B75C6 /* LaunchScreen.xib in Resources */,
				E314F6CA1B79023D005B75C6 /* Images.xcassets in Resources */,
			);
			runOnlyForDeploymentPostprocessing = 0;
		};
		E314F6D01B79023D005B75C6 /* Resources */ = {
			isa = PBXResourcesBuildPhase;
			buildActionMask = 2147483647;
			files = (
			);
			runOnlyForDeploymentPostprocessing = 0;
		};
/* End PBXResourcesBuildPhase section */

/* Begin PBXShellScriptBuildPhase section */
		082DCADF35E586762BD71722 /* Embed Pods Frameworks */ = {
			isa = PBXShellScriptBuildPhase;
			buildActionMask = 2147483647;
			files = (
			);
			inputPaths = (
			);
			name = "Embed Pods Frameworks";
			outputPaths = (
			);
			runOnlyForDeploymentPostprocessing = 0;
			shellPath = /bin/sh;
			shellScript = "\"${SRCROOT}/../../Pods/Target Support Files/Pods-FogViewshed/Pods-FogViewshed-frameworks.sh\"\n";
			showEnvVarsInLog = 0;
		};
		D66151F748EF8EDB277C83AE /* Copy Pods Resources */ = {
			isa = PBXShellScriptBuildPhase;
			buildActionMask = 2147483647;
			files = (
			);
			inputPaths = (
			);
			name = "Copy Pods Resources";
			outputPaths = (
			);
			runOnlyForDeploymentPostprocessing = 0;
			shellPath = /bin/sh;
			shellScript = "\"${SRCROOT}/../../Pods/Target Support Files/Pods-FogViewshed/Pods-FogViewshed-resources.sh\"\n";
			showEnvVarsInLog = 0;
		};
		DD9411F991E2ABAC4A9BF42D /* Check Pods Manifest.lock */ = {
			isa = PBXShellScriptBuildPhase;
			buildActionMask = 2147483647;
			files = (
			);
			inputPaths = (
			);
			name = "Check Pods Manifest.lock";
			outputPaths = (
			);
			runOnlyForDeploymentPostprocessing = 0;
			shellPath = /bin/sh;
			shellScript = "diff \"${PODS_ROOT}/../Podfile.lock\" \"${PODS_ROOT}/Manifest.lock\" > /dev/null\nif [[ $? != 0 ]] ; then\n    cat << EOM\nerror: The sandbox is not in sync with the Podfile.lock. Run 'pod install' or update your CocoaPods installation.\nEOM\n    exit 1\nfi\n";
			showEnvVarsInLog = 0;
		};
/* End PBXShellScriptBuildPhase section */

/* Begin PBXSourcesBuildPhase section */
		E314F6B71B79023D005B75C6 /* Sources */ = {
			isa = PBXSourcesBuildPhase;
			buildActionMask = 2147483647;
			files = (
				F93F14EB1CCAE62700E35541 /* ViewshedOverlay.swift in Sources */,
				7575B3E21C5963C100FE32E9 /* FogMachine.xcdatamodeld in Sources */,
				F93F14E11CCAE5C400E35541 /* Toast.swift in Sources */,
				F93F14E81CCAE61C00E35541 /* BresenhamsLineAlgoritm.swift in Sources */,
				F91E131D1CD9177E00409376 /* ConnectionsViewController.swift in Sources */,
				F93F14CF1CCAE5AC00E35541 /* ViewshedResult.swift in Sources */,
				F91E13251CD92BB900409376 /* BoundingBoxUtility.swift in Sources */,
				F93F14CC1CCAE5AC00E35541 /* Observer.swift in Sources */,
				753D3D761BF65A60004E3589 /* Constants.swift in Sources */,
				F93F14E21CCAE5C400E35541 /* ViewshedImageUtility.swift in Sources */,
				F93F14CD1CCAE5AC00E35541 /* ObserverEntity.swift in Sources */,
				F93F14C81CCAE5AC00E35541 /* ElevationDataGrid.swift in Sources */,
				F93F14C71CCAE5AC00E35541 /* AxisOrientedBoundingBox.swift in Sources */,
				F93F14EC1CCAE62700E35541 /* ViewshedOverlayView.swift in Sources */,
				F93F14DF1CCAE5C400E35541 /* HGTDownloader.swift in Sources */,
				F93F14CB1CCAE5AC00E35541 /* Cell.swift in Sources */,
				F93F14E61CCAE61300E35541 /* ActivityIndicator.swift in Sources */,
				F93F14DE1CCAE5C400E35541 /* GeoUtility.swift in Sources */,
				F91E13211CD9177E00409376 /* ViewshedViewController.swift in Sources */,
				F91E13271CD931E800409376 /* HGTManager.swift in Sources */,
				F91E13231CD91C5D00409376 /* ViewshedAlgorithm.swift in Sources */,
				F93F14E01CCAE5C400E35541 /* Pixel.swift in Sources */,
				F93F14CE1CCAE5AC00E35541 /* ObserverFacade.swift in Sources */,
				F91E131E1CD9177E00409376 /* DataViewController.swift in Sources */,
				F93F14E41CCAE5FB00E35541 /* HGTRegions.swift in Sources */,
				E314F6C11B79023D005B75C6 /* AppDelegate.swift in Sources */,
				F93F14D21CCAE5AC00E35541 /* FranklinRayViewshed.swift in Sources */,
				F91E13201CD9177E00409376 /* SettingsViewController.swift in Sources */,
				F93F14D01CCAE5AC00E35541 /* ViewshedTool.swift in Sources */,
				F93F14CA1CCAE5AC00E35541 /* HGTFile.swift in Sources */,
				F93F14D11CCAE5AC00E35541 /* ViewshedWork.swift in Sources */,
				F91E131F1CD9177E00409376 /* ObserverSettingsViewController.swift in Sources */,
			);
			runOnlyForDeploymentPostprocessing = 0;
		};
		E314F6CE1B79023D005B75C6 /* Sources */ = {
			isa = PBXSourcesBuildPhase;
			buildActionMask = 2147483647;
			files = (
				E314F6D91B79023D005B75C6 /* FogViewshedTests.swift in Sources */,
			);
			runOnlyForDeploymentPostprocessing = 0;
		};
/* End PBXSourcesBuildPhase section */

/* Begin PBXTargetDependency section */
		E314F6D41B79023D005B75C6 /* PBXTargetDependency */ = {
			isa = PBXTargetDependency;
			target = E314F6BA1B79023D005B75C6 /* FogViewshed */;
			targetProxy = E314F6D31B79023D005B75C6 /* PBXContainerItemProxy */;
		};
/* End PBXTargetDependency section */

/* Begin PBXVariantGroup section */
		E314F6C61B79023D005B75C6 /* Main.storyboard */ = {
			isa = PBXVariantGroup;
			children = (
				E314F6C71B79023D005B75C6 /* Base */,
			);
			name = Main.storyboard;
			sourceTree = "<group>";
		};
		E314F6CB1B79023D005B75C6 /* LaunchScreen.xib */ = {
			isa = PBXVariantGroup;
			children = (
				E314F6CC1B79023D005B75C6 /* Base */,
			);
			name = LaunchScreen.xib;
			sourceTree = "<group>";
		};
/* End PBXVariantGroup section */

/* Begin XCBuildConfiguration section */
		E314F6DA1B79023D005B75C6 /* Debug */ = {
			isa = XCBuildConfiguration;
			buildSettings = {
				ALWAYS_SEARCH_USER_PATHS = NO;
				CLANG_CXX_LANGUAGE_STANDARD = "gnu++0x";
				CLANG_CXX_LIBRARY = "libc++";
				CLANG_ENABLE_MODULES = YES;
				CLANG_ENABLE_OBJC_ARC = YES;
				CLANG_WARN_BOOL_CONVERSION = YES;
				CLANG_WARN_CONSTANT_CONVERSION = YES;
				CLANG_WARN_DIRECT_OBJC_ISA_USAGE = YES_ERROR;
				CLANG_WARN_EMPTY_BODY = YES;
				CLANG_WARN_ENUM_CONVERSION = YES;
				CLANG_WARN_INT_CONVERSION = YES;
				CLANG_WARN_OBJC_ROOT_CLASS = YES_ERROR;
				CLANG_WARN_UNREACHABLE_CODE = YES;
				CLANG_WARN__DUPLICATE_METHOD_MATCH = YES;
				"CODE_SIGN_IDENTITY[sdk=iphoneos*]" = "iPhone Developer";
				COPY_PHASE_STRIP = NO;
				DEBUG_INFORMATION_FORMAT = "dwarf-with-dsym";
				ENABLE_STRICT_OBJC_MSGSEND = YES;
				ENABLE_TESTABILITY = YES;
				GCC_C_LANGUAGE_STANDARD = gnu99;
				GCC_DYNAMIC_NO_PIC = NO;
				GCC_NO_COMMON_BLOCKS = YES;
				GCC_OPTIMIZATION_LEVEL = 0;
				GCC_PREPROCESSOR_DEFINITIONS = (
					"DEBUG=1",
					"$(inherited)",
				);
				GCC_SYMBOLS_PRIVATE_EXTERN = NO;
				GCC_WARN_64_TO_32_BIT_CONVERSION = YES;
				GCC_WARN_ABOUT_RETURN_TYPE = YES_ERROR;
				GCC_WARN_UNDECLARED_SELECTOR = YES;
				GCC_WARN_UNINITIALIZED_AUTOS = YES_AGGRESSIVE;
				GCC_WARN_UNUSED_FUNCTION = YES;
				GCC_WARN_UNUSED_VARIABLE = YES;
				IPHONEOS_DEPLOYMENT_TARGET = 8.4;
				MTL_ENABLE_DEBUG_INFO = YES;
				ONLY_ACTIVE_ARCH = YES;
				SDKROOT = iphoneos;
				SWIFT_OPTIMIZATION_LEVEL = "-Onone";
				TARGETED_DEVICE_FAMILY = "1,2";
			};
			name = Debug;
		};
		E314F6DB1B79023D005B75C6 /* Release */ = {
			isa = XCBuildConfiguration;
			buildSettings = {
				ALWAYS_SEARCH_USER_PATHS = NO;
				CLANG_CXX_LANGUAGE_STANDARD = "gnu++0x";
				CLANG_CXX_LIBRARY = "libc++";
				CLANG_ENABLE_MODULES = YES;
				CLANG_ENABLE_OBJC_ARC = YES;
				CLANG_WARN_BOOL_CONVERSION = YES;
				CLANG_WARN_CONSTANT_CONVERSION = YES;
				CLANG_WARN_DIRECT_OBJC_ISA_USAGE = YES_ERROR;
				CLANG_WARN_EMPTY_BODY = YES;
				CLANG_WARN_ENUM_CONVERSION = YES;
				CLANG_WARN_INT_CONVERSION = YES;
				CLANG_WARN_OBJC_ROOT_CLASS = YES_ERROR;
				CLANG_WARN_UNREACHABLE_CODE = YES;
				CLANG_WARN__DUPLICATE_METHOD_MATCH = YES;
				"CODE_SIGN_IDENTITY[sdk=iphoneos*]" = "iPhone Developer";
				COPY_PHASE_STRIP = NO;
				DEBUG_INFORMATION_FORMAT = "dwarf-with-dsym";
				ENABLE_NS_ASSERTIONS = NO;
				ENABLE_STRICT_OBJC_MSGSEND = YES;
				GCC_C_LANGUAGE_STANDARD = gnu99;
				GCC_NO_COMMON_BLOCKS = YES;
				GCC_WARN_64_TO_32_BIT_CONVERSION = YES;
				GCC_WARN_ABOUT_RETURN_TYPE = YES_ERROR;
				GCC_WARN_UNDECLARED_SELECTOR = YES;
				GCC_WARN_UNINITIALIZED_AUTOS = YES_AGGRESSIVE;
				GCC_WARN_UNUSED_FUNCTION = YES;
				GCC_WARN_UNUSED_VARIABLE = YES;
				IPHONEOS_DEPLOYMENT_TARGET = 8.4;
				MTL_ENABLE_DEBUG_INFO = NO;
				SDKROOT = iphoneos;
				TARGETED_DEVICE_FAMILY = "1,2";
				VALIDATE_PRODUCT = YES;
			};
			name = Release;
		};
		E314F6DD1B79023D005B75C6 /* Debug */ = {
			isa = XCBuildConfiguration;
			baseConfigurationReference = 67B94BD07B1840DDFEF8600A /* Pods-FogViewshed.debug.xcconfig */;
			buildSettings = {
				ASSETCATALOG_COMPILER_APPICON_NAME = AppIcon;
				CODE_SIGN_IDENTITY = "iPhone Developer";
				"CODE_SIGN_IDENTITY[sdk=iphoneos*]" = "iPhone Developer";
				INFOPLIST_FILE = FogViewshed/Info.plist;
				IPHONEOS_DEPLOYMENT_TARGET = 8.4;
				LD_RUNPATH_SEARCH_PATHS = "$(inherited) @executable_path/Frameworks";
				PRODUCT_BUNDLE_IDENTIFIER = mil.nga.giat.FogViewshed;
				PRODUCT_NAME = FogViewshed;
				PROVISIONING_PROFILE = "";
			};
			name = Debug;
		};
		E314F6DE1B79023D005B75C6 /* Release */ = {
			isa = XCBuildConfiguration;
			baseConfigurationReference = 8B12973A4FECB067D196E0B8 /* Pods-FogViewshed.release.xcconfig */;
			buildSettings = {
				ASSETCATALOG_COMPILER_APPICON_NAME = AppIcon;
				CODE_SIGN_IDENTITY = "iPhone Developer";
				"CODE_SIGN_IDENTITY[sdk=iphoneos*]" = "iPhone Developer";
				INFOPLIST_FILE = FogViewshed/Info.plist;
				IPHONEOS_DEPLOYMENT_TARGET = 8.4;
				LD_RUNPATH_SEARCH_PATHS = "$(inherited) @executable_path/Frameworks";
				PRODUCT_BUNDLE_IDENTIFIER = mil.nga.giat.FogViewshed;
				PRODUCT_NAME = FogViewshed;
				PROVISIONING_PROFILE = "";
			};
			name = Release;
		};
		E314F6E01B79023D005B75C6 /* Debug */ = {
			isa = XCBuildConfiguration;
			buildSettings = {
				BUNDLE_LOADER = "$(TEST_HOST)";
				FRAMEWORK_SEARCH_PATHS = (
					"$(SDKROOT)/Developer/Library/Frameworks",
					"$(inherited)",
				);
				GCC_PREPROCESSOR_DEFINITIONS = (
					"DEBUG=1",
					"$(inherited)",
				);
				INFOPLIST_FILE = FogViewshedTests/Info.plist;
				LD_RUNPATH_SEARCH_PATHS = "$(inherited) @executable_path/Frameworks @loader_path/Frameworks";
				PRODUCT_BUNDLE_IDENTIFIER = "mil.dod.nga.$(PRODUCT_NAME:rfc1034identifier)";
				PRODUCT_NAME = FogViewshed;
				TEST_HOST = "$(BUILT_PRODUCTS_DIR)/FogViewshed.app/FogViewshed";
			};
			name = Debug;
		};
		E314F6E11B79023D005B75C6 /* Release */ = {
			isa = XCBuildConfiguration;
			buildSettings = {
				BUNDLE_LOADER = "$(TEST_HOST)";
				FRAMEWORK_SEARCH_PATHS = (
					"$(SDKROOT)/Developer/Library/Frameworks",
					"$(inherited)",
				);
				INFOPLIST_FILE = FogViewshedTests/Info.plist;
				LD_RUNPATH_SEARCH_PATHS = "$(inherited) @executable_path/Frameworks @loader_path/Frameworks";
				PRODUCT_BUNDLE_IDENTIFIER = "mil.dod.nga.$(PRODUCT_NAME:rfc1034identifier)";
				PRODUCT_NAME = FogViewshed;
				TEST_HOST = "$(BUILT_PRODUCTS_DIR)/FogViewshed.app/FogViewshed";
			};
			name = Release;
		};
/* End XCBuildConfiguration section */

/* Begin XCConfigurationList section */
		E314F6B61B79023D005B75C6 /* Build configuration list for PBXProject "FogViewshed" */ = {
			isa = XCConfigurationList;
			buildConfigurations = (
				E314F6DA1B79023D005B75C6 /* Debug */,
				E314F6DB1B79023D005B75C6 /* Release */,
			);
			defaultConfigurationIsVisible = 0;
			defaultConfigurationName = Release;
		};
		E314F6DC1B79023D005B75C6 /* Build configuration list for PBXNativeTarget "FogViewshed" */ = {
			isa = XCConfigurationList;
			buildConfigurations = (
				E314F6DD1B79023D005B75C6 /* Debug */,
				E314F6DE1B79023D005B75C6 /* Release */,
			);
			defaultConfigurationIsVisible = 0;
			defaultConfigurationName = Release;
		};
		E314F6DF1B79023D005B75C6 /* Build configuration list for PBXNativeTarget "FogViewshedTests" */ = {
			isa = XCConfigurationList;
			buildConfigurations = (
				E314F6E01B79023D005B75C6 /* Debug */,
				E314F6E11B79023D005B75C6 /* Release */,
			);
			defaultConfigurationIsVisible = 0;
			defaultConfigurationName = Release;
		};
/* End XCConfigurationList section */

/* Begin XCVersionGroup section */
		754175861C57C84B000D51E0 /* FogMachine.xcdatamodeld */ = {
			isa = XCVersionGroup;
			children = (
				754175871C57C84B000D51E0 /* FogMachine.xcdatamodel */,
			);
			currentVersion = 754175871C57C84B000D51E0 /* FogMachine.xcdatamodel */;
			path = FogMachine.xcdatamodeld;
			sourceTree = "<group>";
			versionGroupType = wrapper.xcdatamodel;
		};
/* End XCVersionGroup section */
	};
	rootObject = E314F6B31B79023D005B75C6 /* Project object */;
}
