// !$*UTF8*$!
{
	archiveVersion = 1;
	classes = {
	};
	objectVersion = 46;
	objects = {

/* Begin PBXBuildFile section */
		7414C17B4A3F2E44561305E7 /* Pods_FogViewshed.framework in Frameworks */ = {isa = PBXBuildFile; fileRef = 23ACD3D789C87F8790B278E1 /* Pods_FogViewshed.framework */; };
		753D3D571BE7A031004E3589 /* Viewshed.swift in Sources */ = {isa = PBXBuildFile; fileRef = 753D3D561BE7A031004E3589 /* Viewshed.swift */; };
		753D3D591BE7A07F004E3589 /* Bresenham.swift in Sources */ = {isa = PBXBuildFile; fileRef = 753D3D581BE7A07F004E3589 /* Bresenham.swift */; };
		753D3D5F1BEA33CF004E3589 /* MapViewController.swift in Sources */ = {isa = PBXBuildFile; fileRef = 753D3D5E1BEA33CF004E3589 /* MapViewController.swift */; };
		753D3D631BEA7900004E3589 /* Cell.swift in Sources */ = {isa = PBXBuildFile; fileRef = 753D3D621BEA7900004E3589 /* Cell.swift */; };
		753D3D6A1BEBA59E004E3589 /* HGT in Resources */ = {isa = PBXBuildFile; fileRef = 753D3D691BEBA59E004E3589 /* HGT */; };
		753D3D701BF103B5004E3589 /* ViewshedOverlay.swift in Sources */ = {isa = PBXBuildFile; fileRef = 753D3D6F1BF103B5004E3589 /* ViewshedOverlay.swift */; };
		753D3D721BF104E8004E3589 /* ViewshedOverlayView.swift in Sources */ = {isa = PBXBuildFile; fileRef = 753D3D711BF104E8004E3589 /* ViewshedOverlayView.swift */; };
		753D3D761BF65A60004E3589 /* Constants.swift in Sources */ = {isa = PBXBuildFile; fileRef = 753D3D751BF65A60004E3589 /* Constants.swift */; };
		753D3D781BF66EA0004E3589 /* Pixel.swift in Sources */ = {isa = PBXBuildFile; fileRef = 753D3D771BF66EA0004E3589 /* Pixel.swift */; };
		753D3D7A1BFA3ABA004E3589 /* Observer.swift in Sources */ = {isa = PBXBuildFile; fileRef = 753D3D791BFA3ABA004E3589 /* Observer.swift */; };
		753D3D7C1BFBCF66004E3589 /* Hgt.swift in Sources */ = {isa = PBXBuildFile; fileRef = 753D3D7B1BFBCF66004E3589 /* Hgt.swift */; };
		753D3D7E1BFCF1E0004E3589 /* ViewshedFog.swift in Sources */ = {isa = PBXBuildFile; fileRef = 753D3D7D1BFCF1E0004E3589 /* ViewshedFog.swift */; };
		753D3D801BFE4B6D004E3589 /* ViewshedWork.swift in Sources */ = {isa = PBXBuildFile; fileRef = 753D3D7F1BFE4B6D004E3589 /* ViewshedWork.swift */; };
		754175851C5694B6000D51E0 /* ObserverSettingsViewController.swift in Sources */ = {isa = PBXBuildFile; fileRef = 754175841C5694B6000D51E0 /* ObserverSettingsViewController.swift */; };
		7575B3DF1C592C3500FE32E9 /* ObserverEntity.swift in Sources */ = {isa = PBXBuildFile; fileRef = 7575B3DE1C592C3500FE32E9 /* ObserverEntity.swift */; };
		7575B3E11C593A0200FE32E9 /* ObserverFacade.swift in Sources */ = {isa = PBXBuildFile; fileRef = 7575B3E01C593A0200FE32E9 /* ObserverFacade.swift */; };
		7575B3E21C5963C100FE32E9 /* FogMachine.xcdatamodeld in Sources */ = {isa = PBXBuildFile; fileRef = 754175861C57C84B000D51E0 /* FogMachine.xcdatamodeld */; };
		7575B3E81C5C21CB00FE32E9 /* HgtGrid.swift in Sources */ = {isa = PBXBuildFile; fileRef = 7575B3E71C5C21CB00FE32E9 /* HgtGrid.swift */; };
		7575B3EA1C5E7D2200FE32E9 /* ViewshedPalette.swift in Sources */ = {isa = PBXBuildFile; fileRef = 7575B3E91C5E7D2200FE32E9 /* ViewshedPalette.swift */; };
		758885441C89F93D009AFB06 /* BoundingBox.swift in Sources */ = {isa = PBXBuildFile; fileRef = 758885431C89F93D009AFB06 /* BoundingBox.swift */; };
		758885461C8A116B009AFB06 /* Box.swift in Sources */ = {isa = PBXBuildFile; fileRef = 758885451C8A116B009AFB06 /* Box.swift */; };
		75D5A93D1C051D7E00B7B246 /* ViewshedResult.swift in Sources */ = {isa = PBXBuildFile; fileRef = 75D5A93C1C051D7E00B7B246 /* ViewshedResult.swift */; };
		9B0AC9501C6E0D250059BA4A /* HgtRegions.swift in Sources */ = {isa = PBXBuildFile; fileRef = 9B0AC94F1C6E0D250059BA4A /* HgtRegions.swift */; };
		9B5EC0671C6B913300E7283D /* ActivityIndicator.swift in Sources */ = {isa = PBXBuildFile; fileRef = 9B5EC0661C6B913300E7283D /* ActivityIndicator.swift */; };
		9B5F282B1C63A69E002984F8 /* HgtDownloadMgr.swift in Sources */ = {isa = PBXBuildFile; fileRef = 9B5F282A1C63A69E002984F8 /* HgtDownloadMgr.swift */; };
		9BD5C0FA1C05E51E004A37B6 /* DemData.swift in Sources */ = {isa = PBXBuildFile; fileRef = 9BD5C0F01C05E51E004A37B6 /* DemData.swift */; };
		9BD5C0FB1C05E51E004A37B6 /* KreveldSweepEventNode.swift in Sources */ = {isa = PBXBuildFile; fileRef = 9BD5C0F11C05E51E004A37B6 /* KreveldSweepEventNode.swift */; };
		9BD5C0FC1C05E51E004A37B6 /* KreveldViewshed.swift in Sources */ = {isa = PBXBuildFile; fileRef = 9BD5C0F21C05E51E004A37B6 /* KreveldViewshed.swift */; };
		9BD5C0FD1C05E51E004A37B6 /* ElevationPoint.swift in Sources */ = {isa = PBXBuildFile; fileRef = 9BD5C0F31C05E51E004A37B6 /* ElevationPoint.swift */; };
		9BD5C0FE1C05E51E004A37B6 /* KreveldActiveBTree.swift in Sources */ = {isa = PBXBuildFile; fileRef = 9BD5C0F41C05E51E004A37B6 /* KreveldActiveBTree.swift */; };
		9BD5C1011C05E51E004A37B6 /* SwiftPriorityQueue.swift in Sources */ = {isa = PBXBuildFile; fileRef = 9BD5C0F81C05E51E004A37B6 /* SwiftPriorityQueue.swift */; };
		9BD5C1041C05E52E004A37B6 /* StatusEntry.swift in Sources */ = {isa = PBXBuildFile; fileRef = 9BD5C1031C05E52E004A37B6 /* StatusEntry.swift */; };
		9BD5C1081C060BAB004A37B6 /* SettingsViewController.swift in Sources */ = {isa = PBXBuildFile; fileRef = 9BD5C1071C060BAB004A37B6 /* SettingsViewController.swift */; };
		9BE78E791C727D1E00506F11 /* Toast.swift in Sources */ = {isa = PBXBuildFile; fileRef = 9BE78E781C727D1E00506F11 /* Toast.swift */; };
		E314F6C11B79023D005B75C6 /* AppDelegate.swift in Sources */ = {isa = PBXBuildFile; fileRef = E314F6C01B79023D005B75C6 /* AppDelegate.swift */; };
		E314F6C31B79023D005B75C6 /* FirstViewController.swift in Sources */ = {isa = PBXBuildFile; fileRef = E314F6C21B79023D005B75C6 /* FirstViewController.swift */; };
		E314F6C51B79023D005B75C6 /* DataViewController.swift in Sources */ = {isa = PBXBuildFile; fileRef = E314F6C41B79023D005B75C6 /* DataViewController.swift */; };
		E314F6C81B79023D005B75C6 /* Main.storyboard in Resources */ = {isa = PBXBuildFile; fileRef = E314F6C61B79023D005B75C6 /* Main.storyboard */; };
		E314F6CA1B79023D005B75C6 /* Images.xcassets in Resources */ = {isa = PBXBuildFile; fileRef = E314F6C91B79023D005B75C6 /* Images.xcassets */; };
		E314F6CD1B79023D005B75C6 /* LaunchScreen.xib in Resources */ = {isa = PBXBuildFile; fileRef = E314F6CB1B79023D005B75C6 /* LaunchScreen.xib */; };
		E314F6D91B79023D005B75C6 /* FogViewshedTests.swift in Sources */ = {isa = PBXBuildFile; fileRef = E314F6D81B79023D005B75C6 /* FogViewshedTests.swift */; };
		E3B933E11B7BAE3E007B9444 /* ConnectionCell.swift in Sources */ = {isa = PBXBuildFile; fileRef = E3B933E01B7BAE3E007B9444 /* ConnectionCell.swift */; };
		F9D9E3B41C87A651009710A5 /* N37W123.hgt in Resources */ = {isa = PBXBuildFile; fileRef = F9D9E3AA1C87A651009710A5 /* N37W123.hgt */; };
		F9D9E3B51C87A651009710A5 /* N38W077.hgt in Resources */ = {isa = PBXBuildFile; fileRef = F9D9E3AB1C87A651009710A5 /* N38W077.hgt */; };
		F9D9E3B61C87A651009710A5 /* N38W078.hgt in Resources */ = {isa = PBXBuildFile; fileRef = F9D9E3AC1C87A651009710A5 /* N38W078.hgt */; };
		F9D9E3B71C87A651009710A5 /* N38W123.hgt in Resources */ = {isa = PBXBuildFile; fileRef = F9D9E3AD1C87A651009710A5 /* N38W123.hgt */; };
		F9D9E3B81C87A651009710A5 /* N39W077.hgt in Resources */ = {isa = PBXBuildFile; fileRef = F9D9E3AE1C87A651009710A5 /* N39W077.hgt */; };
		F9D9E3B91C87A651009710A5 /* N39W078.hgt in Resources */ = {isa = PBXBuildFile; fileRef = F9D9E3AF1C87A651009710A5 /* N39W078.hgt */; };
		F9D9E3BA1C87A651009710A5 /* N39W105.hgt in Resources */ = {isa = PBXBuildFile; fileRef = F9D9E3B01C87A651009710A5 /* N39W105.hgt */; };
		F9D9E3BB1C87A651009710A5 /* N39W106.hgt in Resources */ = {isa = PBXBuildFile; fileRef = F9D9E3B11C87A651009710A5 /* N39W106.hgt */; };
		F9D9E3BC1C87A651009710A5 /* N40W105.hgt in Resources */ = {isa = PBXBuildFile; fileRef = F9D9E3B21C87A651009710A5 /* N40W105.hgt */; };
		F9D9E3BD1C87A651009710A5 /* N40W106.hgt in Resources */ = {isa = PBXBuildFile; fileRef = F9D9E3B31C87A651009710A5 /* N40W106.hgt */; };
/* End PBXBuildFile section */

/* Begin PBXContainerItemProxy section */
		E314F6D31B79023D005B75C6 /* PBXContainerItemProxy */ = {
			isa = PBXContainerItemProxy;
			containerPortal = E314F6B31B79023D005B75C6 /* Project object */;
			proxyType = 1;
			remoteGlobalIDString = E314F6BA1B79023D005B75C6;
			remoteInfo = FogMachineSearch;
		};
/* End PBXContainerItemProxy section */

/* Begin PBXFileReference section */
		23ACD3D789C87F8790B278E1 /* Pods_FogViewshed.framework */ = {isa = PBXFileReference; explicitFileType = wrapper.framework; includeInIndex = 0; path = Pods_FogViewshed.framework; sourceTree = BUILT_PRODUCTS_DIR; };
		67B94BD07B1840DDFEF8600A /* Pods-FogViewshed.debug.xcconfig */ = {isa = PBXFileReference; includeInIndex = 1; lastKnownFileType = text.xcconfig; name = "Pods-FogViewshed.debug.xcconfig"; path = "../../Pods/Target Support Files/Pods-FogViewshed/Pods-FogViewshed.debug.xcconfig"; sourceTree = "<group>"; };
		753D3D561BE7A031004E3589 /* Viewshed.swift */ = {isa = PBXFileReference; fileEncoding = 4; lastKnownFileType = sourcecode.swift; path = Viewshed.swift; sourceTree = "<group>"; };
		753D3D581BE7A07F004E3589 /* Bresenham.swift */ = {isa = PBXFileReference; fileEncoding = 4; lastKnownFileType = sourcecode.swift; path = Bresenham.swift; sourceTree = "<group>"; };
		753D3D5E1BEA33CF004E3589 /* MapViewController.swift */ = {isa = PBXFileReference; fileEncoding = 4; lastKnownFileType = sourcecode.swift; path = MapViewController.swift; sourceTree = "<group>"; };
		753D3D621BEA7900004E3589 /* Cell.swift */ = {isa = PBXFileReference; fileEncoding = 4; lastKnownFileType = sourcecode.swift; path = Cell.swift; sourceTree = "<group>"; };
		753D3D691BEBA59E004E3589 /* HGT */ = {isa = PBXFileReference; lastKnownFileType = folder; path = HGT; sourceTree = "<group>"; };
		753D3D6F1BF103B5004E3589 /* ViewshedOverlay.swift */ = {isa = PBXFileReference; fileEncoding = 4; lastKnownFileType = sourcecode.swift; path = ViewshedOverlay.swift; sourceTree = "<group>"; };
		753D3D711BF104E8004E3589 /* ViewshedOverlayView.swift */ = {isa = PBXFileReference; fileEncoding = 4; lastKnownFileType = sourcecode.swift; path = ViewshedOverlayView.swift; sourceTree = "<group>"; };
		753D3D751BF65A60004E3589 /* Constants.swift */ = {isa = PBXFileReference; fileEncoding = 4; lastKnownFileType = sourcecode.swift; path = Constants.swift; sourceTree = "<group>"; };
		753D3D771BF66EA0004E3589 /* Pixel.swift */ = {isa = PBXFileReference; fileEncoding = 4; lastKnownFileType = sourcecode.swift; path = Pixel.swift; sourceTree = "<group>"; };
		753D3D791BFA3ABA004E3589 /* Observer.swift */ = {isa = PBXFileReference; fileEncoding = 4; lastKnownFileType = sourcecode.swift; path = Observer.swift; sourceTree = "<group>"; };
		753D3D7B1BFBCF66004E3589 /* Hgt.swift */ = {isa = PBXFileReference; fileEncoding = 4; lastKnownFileType = sourcecode.swift; path = Hgt.swift; sourceTree = "<group>"; };
		753D3D7D1BFCF1E0004E3589 /* ViewshedFog.swift */ = {isa = PBXFileReference; fileEncoding = 4; lastKnownFileType = sourcecode.swift; path = ViewshedFog.swift; sourceTree = "<group>"; };
		753D3D7F1BFE4B6D004E3589 /* ViewshedWork.swift */ = {isa = PBXFileReference; fileEncoding = 4; lastKnownFileType = sourcecode.swift; path = ViewshedWork.swift; sourceTree = "<group>"; };
		754175841C5694B6000D51E0 /* ObserverSettingsViewController.swift */ = {isa = PBXFileReference; fileEncoding = 4; lastKnownFileType = sourcecode.swift; path = ObserverSettingsViewController.swift; sourceTree = "<group>"; };
		754175871C57C84B000D51E0 /* FogMachine.xcdatamodel */ = {isa = PBXFileReference; lastKnownFileType = wrapper.xcdatamodel; path = FogMachine.xcdatamodel; sourceTree = "<group>"; };
		7575B3DE1C592C3500FE32E9 /* ObserverEntity.swift */ = {isa = PBXFileReference; fileEncoding = 4; lastKnownFileType = sourcecode.swift; path = ObserverEntity.swift; sourceTree = "<group>"; };
		7575B3E01C593A0200FE32E9 /* ObserverFacade.swift */ = {isa = PBXFileReference; fileEncoding = 4; lastKnownFileType = sourcecode.swift; path = ObserverFacade.swift; sourceTree = "<group>"; };
		7575B3E71C5C21CB00FE32E9 /* HgtGrid.swift */ = {isa = PBXFileReference; fileEncoding = 4; lastKnownFileType = sourcecode.swift; path = HgtGrid.swift; sourceTree = "<group>"; };
		7575B3E91C5E7D2200FE32E9 /* ViewshedPalette.swift */ = {isa = PBXFileReference; fileEncoding = 4; lastKnownFileType = sourcecode.swift; path = ViewshedPalette.swift; sourceTree = "<group>"; };
		758885431C89F93D009AFB06 /* BoundingBox.swift */ = {isa = PBXFileReference; fileEncoding = 4; lastKnownFileType = sourcecode.swift; path = BoundingBox.swift; sourceTree = "<group>"; };
		758885451C8A116B009AFB06 /* Box.swift */ = {isa = PBXFileReference; fileEncoding = 4; lastKnownFileType = sourcecode.swift; path = Box.swift; sourceTree = "<group>"; };
		75D5A93C1C051D7E00B7B246 /* ViewshedResult.swift */ = {isa = PBXFileReference; fileEncoding = 4; lastKnownFileType = sourcecode.swift; path = ViewshedResult.swift; sourceTree = "<group>"; };
		8B12973A4FECB067D196E0B8 /* Pods-FogViewshed.release.xcconfig */ = {isa = PBXFileReference; includeInIndex = 1; lastKnownFileType = text.xcconfig; name = "Pods-FogViewshed.release.xcconfig"; path = "../../Pods/Target Support Files/Pods-FogViewshed/Pods-FogViewshed.release.xcconfig"; sourceTree = "<group>"; };
		9B09C7BE1C32F33400C08D7C /* N38W077.hgt */ = {isa = PBXFileReference; lastKnownFileType = file; name = N38W077.hgt; path = HGT/N38W077.hgt; sourceTree = "<group>"; };
		9B0AC94F1C6E0D250059BA4A /* HgtRegions.swift */ = {isa = PBXFileReference; fileEncoding = 4; lastKnownFileType = sourcecode.swift; path = HgtRegions.swift; sourceTree = "<group>"; };
		9B5EC0661C6B913300E7283D /* ActivityIndicator.swift */ = {isa = PBXFileReference; fileEncoding = 4; lastKnownFileType = sourcecode.swift; path = ActivityIndicator.swift; sourceTree = "<group>"; };
		9B5F282A1C63A69E002984F8 /* HgtDownloadMgr.swift */ = {isa = PBXFileReference; fileEncoding = 4; lastKnownFileType = sourcecode.swift; path = HgtDownloadMgr.swift; sourceTree = "<group>"; };
		9BD5C0F01C05E51E004A37B6 /* DemData.swift */ = {isa = PBXFileReference; fileEncoding = 4; lastKnownFileType = sourcecode.swift; path = DemData.swift; sourceTree = "<group>"; };
		9BD5C0F11C05E51E004A37B6 /* KreveldSweepEventNode.swift */ = {isa = PBXFileReference; fileEncoding = 4; lastKnownFileType = sourcecode.swift; path = KreveldSweepEventNode.swift; sourceTree = "<group>"; };
		9BD5C0F21C05E51E004A37B6 /* KreveldViewshed.swift */ = {isa = PBXFileReference; fileEncoding = 4; lastKnownFileType = sourcecode.swift; path = KreveldViewshed.swift; sourceTree = "<group>"; };
		9BD5C0F31C05E51E004A37B6 /* ElevationPoint.swift */ = {isa = PBXFileReference; fileEncoding = 4; lastKnownFileType = sourcecode.swift; path = ElevationPoint.swift; sourceTree = "<group>"; };
		9BD5C0F41C05E51E004A37B6 /* KreveldActiveBTree.swift */ = {isa = PBXFileReference; fileEncoding = 4; lastKnownFileType = sourcecode.swift; path = KreveldActiveBTree.swift; sourceTree = "<group>"; };
		9BD5C0F81C05E51E004A37B6 /* SwiftPriorityQueue.swift */ = {isa = PBXFileReference; fileEncoding = 4; lastKnownFileType = sourcecode.swift; path = SwiftPriorityQueue.swift; sourceTree = "<group>"; };
		9BD5C1031C05E52E004A37B6 /* StatusEntry.swift */ = {isa = PBXFileReference; fileEncoding = 4; lastKnownFileType = sourcecode.swift; path = StatusEntry.swift; sourceTree = "<group>"; };
		9BD5C1071C060BAB004A37B6 /* SettingsViewController.swift */ = {isa = PBXFileReference; fileEncoding = 4; lastKnownFileType = sourcecode.swift; path = SettingsViewController.swift; sourceTree = "<group>"; };
		9BE78E781C727D1E00506F11 /* Toast.swift */ = {isa = PBXFileReference; fileEncoding = 4; lastKnownFileType = sourcecode.swift; path = Toast.swift; sourceTree = "<group>"; };
		E314F6BB1B79023D005B75C6 /* FogViewshed.app */ = {isa = PBXFileReference; explicitFileType = wrapper.application; includeInIndex = 0; path = FogViewshed.app; sourceTree = BUILT_PRODUCTS_DIR; };
		E314F6BF1B79023D005B75C6 /* Info.plist */ = {isa = PBXFileReference; lastKnownFileType = text.plist.xml; path = Info.plist; sourceTree = "<group>"; };
		E314F6C01B79023D005B75C6 /* AppDelegate.swift */ = {isa = PBXFileReference; lastKnownFileType = sourcecode.swift; path = AppDelegate.swift; sourceTree = "<group>"; };
		E314F6C21B79023D005B75C6 /* FirstViewController.swift */ = {isa = PBXFileReference; lastKnownFileType = sourcecode.swift; path = FirstViewController.swift; sourceTree = "<group>"; };
		E314F6C41B79023D005B75C6 /* DataViewController.swift */ = {isa = PBXFileReference; lastKnownFileType = sourcecode.swift; path = DataViewController.swift; sourceTree = "<group>"; };
		E314F6C71B79023D005B75C6 /* Base */ = {isa = PBXFileReference; lastKnownFileType = file.storyboard; name = Base; path = Base.lproj/Main.storyboard; sourceTree = "<group>"; };
		E314F6C91B79023D005B75C6 /* Images.xcassets */ = {isa = PBXFileReference; lastKnownFileType = folder.assetcatalog; path = Images.xcassets; sourceTree = "<group>"; };
		E314F6CC1B79023D005B75C6 /* Base */ = {isa = PBXFileReference; lastKnownFileType = file.xib; name = Base; path = Base.lproj/LaunchScreen.xib; sourceTree = "<group>"; };
		E314F6D21B79023D005B75C6 /* FogViewshed.xctest */ = {isa = PBXFileReference; explicitFileType = wrapper.cfbundle; includeInIndex = 0; path = FogViewshed.xctest; sourceTree = BUILT_PRODUCTS_DIR; };
		E314F6D71B79023D005B75C6 /* Info.plist */ = {isa = PBXFileReference; lastKnownFileType = text.plist.xml; path = Info.plist; sourceTree = "<group>"; };
		E314F6D81B79023D005B75C6 /* FogViewshedTests.swift */ = {isa = PBXFileReference; lastKnownFileType = sourcecode.swift; path = FogViewshedTests.swift; sourceTree = "<group>"; };
		E3B933E01B7BAE3E007B9444 /* ConnectionCell.swift */ = {isa = PBXFileReference; fileEncoding = 4; lastKnownFileType = sourcecode.swift; path = ConnectionCell.swift; sourceTree = "<group>"; };
		F9D9E3A81C87A4A9009710A5 /* N37W123.hgt */ = {isa = PBXFileReference; lastKnownFileType = file; name = N37W123.hgt; path = HGT/N37W123.hgt; sourceTree = "<group>"; };
		F9D9E3AA1C87A651009710A5 /* N37W123.hgt */ = {isa = PBXFileReference; lastKnownFileType = file; name = N37W123.hgt; path = HGT/N37W123.hgt; sourceTree = "<group>"; };
		F9D9E3AB1C87A651009710A5 /* N38W077.hgt */ = {isa = PBXFileReference; lastKnownFileType = file; name = N38W077.hgt; path = HGT/N38W077.hgt; sourceTree = "<group>"; };
		F9D9E3AC1C87A651009710A5 /* N38W078.hgt */ = {isa = PBXFileReference; lastKnownFileType = file; name = N38W078.hgt; path = HGT/N38W078.hgt; sourceTree = "<group>"; };
		F9D9E3AD1C87A651009710A5 /* N38W123.hgt */ = {isa = PBXFileReference; lastKnownFileType = file; name = N38W123.hgt; path = HGT/N38W123.hgt; sourceTree = "<group>"; };
		F9D9E3AE1C87A651009710A5 /* N39W077.hgt */ = {isa = PBXFileReference; lastKnownFileType = file; name = N39W077.hgt; path = HGT/N39W077.hgt; sourceTree = "<group>"; };
		F9D9E3AF1C87A651009710A5 /* N39W078.hgt */ = {isa = PBXFileReference; lastKnownFileType = file; name = N39W078.hgt; path = HGT/N39W078.hgt; sourceTree = "<group>"; };
		F9D9E3B01C87A651009710A5 /* N39W105.hgt */ = {isa = PBXFileReference; lastKnownFileType = file; name = N39W105.hgt; path = HGT/N39W105.hgt; sourceTree = "<group>"; };
		F9D9E3B11C87A651009710A5 /* N39W106.hgt */ = {isa = PBXFileReference; lastKnownFileType = file; name = N39W106.hgt; path = HGT/N39W106.hgt; sourceTree = "<group>"; };
		F9D9E3B21C87A651009710A5 /* N40W105.hgt */ = {isa = PBXFileReference; lastKnownFileType = file; name = N40W105.hgt; path = HGT/N40W105.hgt; sourceTree = "<group>"; };
		F9D9E3B31C87A651009710A5 /* N40W106.hgt */ = {isa = PBXFileReference; lastKnownFileType = file; name = N40W106.hgt; path = HGT/N40W106.hgt; sourceTree = "<group>"; };
/* End PBXFileReference section */

/* Begin PBXFrameworksBuildPhase section */
		E314F6B81B79023D005B75C6 /* Frameworks */ = {
			isa = PBXFrameworksBuildPhase;
			buildActionMask = 2147483647;
			files = (
				7414C17B4A3F2E44561305E7 /* Pods_FogViewshed.framework in Frameworks */,
			);
			runOnlyForDeploymentPostprocessing = 0;
		};
		E314F6CF1B79023D005B75C6 /* Frameworks */ = {
			isa = PBXFrameworksBuildPhase;
			buildActionMask = 2147483647;
			files = (
			);
			runOnlyForDeploymentPostprocessing = 0;
		};
/* End PBXFrameworksBuildPhase section */

/* Begin PBXGroup section */
		401D5B75ECC7ACCCF10B7514 /* Frameworks */ = {
			isa = PBXGroup;
			children = (
				23ACD3D789C87F8790B278E1 /* Pods_FogViewshed.framework */,
			);
			name = Frameworks;
			sourceTree = "<group>";
		};
		758FB77E1C0A3A2600A193A7 /* VanKreveld */ = {
			isa = PBXGroup;
			children = (
				9BD5C0F01C05E51E004A37B6 /* DemData.swift */,
				9BD5C1031C05E52E004A37B6 /* StatusEntry.swift */,
				9BD5C0F11C05E51E004A37B6 /* KreveldSweepEventNode.swift */,
				9BD5C0F41C05E51E004A37B6 /* KreveldActiveBTree.swift */,
				9BD5C0F81C05E51E004A37B6 /* SwiftPriorityQueue.swift */,
				9BD5C0F31C05E51E004A37B6 /* ElevationPoint.swift */,
			);
			name = VanKreveld;
			sourceTree = "<group>";
		};
		758FB77F1C0A3AE400A193A7 /* Viewshed */ = {
			isa = PBXGroup;
			children = (
				9BD5C0F21C05E51E004A37B6 /* KreveldViewshed.swift */,
				753D3D581BE7A07F004E3589 /* Bresenham.swift */,
				753D3D561BE7A031004E3589 /* Viewshed.swift */,
				753D3D7D1BFCF1E0004E3589 /* ViewshedFog.swift */,
				7575B3E91C5E7D2200FE32E9 /* ViewshedPalette.swift */,
			);
			name = Viewshed;
			sourceTree = "<group>";
		};
		75D5A93B1C051BF300B7B246 /* FogModels */ = {
			isa = PBXGroup;
			children = (
				753D3D7F1BFE4B6D004E3589 /* ViewshedWork.swift */,
				75D5A93C1C051D7E00B7B246 /* ViewshedResult.swift */,
			);
			name = FogModels;
			sourceTree = "<group>";
		};
		B2895BE1E0A77C1DD56AD493 /* Pods */ = {
			isa = PBXGroup;
			children = (
				67B94BD07B1840DDFEF8600A /* Pods-FogViewshed.debug.xcconfig */,
				8B12973A4FECB067D196E0B8 /* Pods-FogViewshed.release.xcconfig */,
			);
			name = Pods;
			sourceTree = "<group>";
		};
		E314F6B21B79023D005B75C6 = {
			isa = PBXGroup;
			children = (
				E314F6BD1B79023D005B75C6 /* FogViewshed */,
				E314F6D51B79023D005B75C6 /* FogViewshedTests */,
				E314F6BC1B79023D005B75C6 /* Products */,
				B2895BE1E0A77C1DD56AD493 /* Pods */,
				401D5B75ECC7ACCCF10B7514 /* Frameworks */,
			);
			sourceTree = "<group>";
		};
		E314F6BC1B79023D005B75C6 /* Products */ = {
			isa = PBXGroup;
			children = (
				E314F6BB1B79023D005B75C6 /* FogViewshed.app */,
				E314F6D21B79023D005B75C6 /* FogViewshed.xctest */,
			);
			name = Products;
			sourceTree = "<group>";
		};
		E314F6BD1B79023D005B75C6 /* FogViewshed */ = {
			isa = PBXGroup;
			children = (
				753D3D691BEBA59E004E3589 /* HGT */,
				E3B933E21B7BD0F9007B9444 /* Data */,
				E3B933DF1B7BAE32007B9444 /* Views */,
				E3CB97F71B7975C8006D6961 /* Controllers */,
				E3CB97F61B7975BF006D6961 /* Models */,
				E314F6C01B79023D005B75C6 /* AppDelegate.swift */,
				753D3D751BF65A60004E3589 /* Constants.swift */,
				754175861C57C84B000D51E0 /* FogMachine.xcdatamodeld */,
				E314F6C61B79023D005B75C6 /* Main.storyboard */,
				E314F6C91B79023D005B75C6 /* Images.xcassets */,
				E314F6CB1B79023D005B75C6 /* LaunchScreen.xib */,
				E314F6BE1B79023D005B75C6 /* Supporting Files */,
			);
			path = FogViewshed;
			sourceTree = "<group>";
		};
		E314F6BE1B79023D005B75C6 /* Supporting Files */ = {
			isa = PBXGroup;
			children = (
				E314F6BF1B79023D005B75C6 /* Info.plist */,
			);
			name = "Supporting Files";
			sourceTree = "<group>";
		};
		E314F6D51B79023D005B75C6 /* FogViewshedTests */ = {
			isa = PBXGroup;
			children = (
				E314F6D81B79023D005B75C6 /* FogViewshedTests.swift */,
				E314F6D61B79023D005B75C6 /* Supporting Files */,
			);
			path = FogViewshedTests;
			sourceTree = "<group>";
		};
		E314F6D61B79023D005B75C6 /* Supporting Files */ = {
			isa = PBXGroup;
			children = (
				E314F6D71B79023D005B75C6 /* Info.plist */,
			);
			name = "Supporting Files";
			sourceTree = "<group>";
		};
		E3B933DF1B7BAE32007B9444 /* Views */ = {
			isa = PBXGroup;
			children = (
				9B5EC0661C6B913300E7283D /* ActivityIndicator.swift */,
				E3B933E01B7BAE3E007B9444 /* ConnectionCell.swift */,
				9BE78E781C727D1E00506F11 /* Toast.swift */,
				753D3D711BF104E8004E3589 /* ViewshedOverlayView.swift */,
			);
			name = Views;
			sourceTree = "<group>";
		};
		E3B933E21B7BD0F9007B9444 /* Data */ = {
			isa = PBXGroup;
			children = (
				F9D9E3AA1C87A651009710A5 /* N37W123.hgt */,
				F9D9E3AB1C87A651009710A5 /* N38W077.hgt */,
				F9D9E3AC1C87A651009710A5 /* N38W078.hgt */,
				F9D9E3AD1C87A651009710A5 /* N38W123.hgt */,
				F9D9E3AE1C87A651009710A5 /* N39W077.hgt */,
				F9D9E3AF1C87A651009710A5 /* N39W078.hgt */,
				F9D9E3B01C87A651009710A5 /* N39W105.hgt */,
				F9D9E3B11C87A651009710A5 /* N39W106.hgt */,
				F9D9E3B21C87A651009710A5 /* N40W105.hgt */,
				F9D9E3B31C87A651009710A5 /* N40W106.hgt */,
				F9D9E3A81C87A4A9009710A5 /* N37W123.hgt */,
				9B09C7BE1C32F33400C08D7C /* N38W077.hgt */,
			);
			name = Data;
			sourceTree = "<group>";
		};
		E3CB97F61B7975BF006D6961 /* Models */ = {
			isa = PBXGroup;
			children = (
				758885431C89F93D009AFB06 /* BoundingBox.swift */,
				758885451C8A116B009AFB06 /* Box.swift */,
				753D3D621BEA7900004E3589 /* Cell.swift */,
				753D3D6F1BF103B5004E3589 /* ViewshedOverlay.swift */,
				753D3D771BF66EA0004E3589 /* Pixel.swift */,
				753D3D791BFA3ABA004E3589 /* Observer.swift */,
				7575B3DE1C592C3500FE32E9 /* ObserverEntity.swift */,
				7575B3E01C593A0200FE32E9 /* ObserverFacade.swift */,
				753D3D7B1BFBCF66004E3589 /* Hgt.swift */,
				9B5F282A1C63A69E002984F8 /* HgtDownloadMgr.swift */,
				7575B3E71C5C21CB00FE32E9 /* HgtGrid.swift */,
				9B0AC94F1C6E0D250059BA4A /* HgtRegions.swift */,
				758FB77E1C0A3A2600A193A7 /* VanKreveld */,
				75D5A93B1C051BF300B7B246 /* FogModels */,
			);
			name = Models;
			sourceTree = "<group>";
		};
		E3CB97F71B7975C8006D6961 /* Controllers */ = {
			isa = PBXGroup;
			children = (
				E314F6C21B79023D005B75C6 /* FirstViewController.swift */,
				E314F6C41B79023D005B75C6 /* DataViewController.swift */,
				753D3D5E1BEA33CF004E3589 /* MapViewController.swift */,
				9BD5C1071C060BAB004A37B6 /* SettingsViewController.swift */,
				754175841C5694B6000D51E0 /* ObserverSettingsViewController.swift */,
				758FB77F1C0A3AE400A193A7 /* Viewshed */,
			);
			name = Controllers;
			sourceTree = "<group>";
		};
/* End PBXGroup section */

/* Begin PBXNativeTarget section */
		E314F6BA1B79023D005B75C6 /* FogViewshed */ = {
			isa = PBXNativeTarget;
			buildConfigurationList = E314F6DC1B79023D005B75C6 /* Build configuration list for PBXNativeTarget "FogViewshed" */;
			buildPhases = (
				DD9411F991E2ABAC4A9BF42D /* Check Pods Manifest.lock */,
				E314F6B71B79023D005B75C6 /* Sources */,
				E314F6B81B79023D005B75C6 /* Frameworks */,
				E314F6B91B79023D005B75C6 /* Resources */,
				082DCADF35E586762BD71722 /* Embed Pods Frameworks */,
				D66151F748EF8EDB277C83AE /* Copy Pods Resources */,
			);
			buildRules = (
			);
			dependencies = (
			);
			name = FogViewshed;
			productName = FogMachineSearch;
			productReference = E314F6BB1B79023D005B75C6 /* FogViewshed.app */;
			productType = "com.apple.product-type.application";
		};
		E314F6D11B79023D005B75C6 /* FogViewshedTests */ = {
			isa = PBXNativeTarget;
			buildConfigurationList = E314F6DF1B79023D005B75C6 /* Build configuration list for PBXNativeTarget "FogViewshedTests" */;
			buildPhases = (
				E314F6CE1B79023D005B75C6 /* Sources */,
				E314F6CF1B79023D005B75C6 /* Frameworks */,
				E314F6D01B79023D005B75C6 /* Resources */,
			);
			buildRules = (
			);
			dependencies = (
				E314F6D41B79023D005B75C6 /* PBXTargetDependency */,
			);
			name = FogViewshedTests;
			productName = FogMachineSearchTests;
			productReference = E314F6D21B79023D005B75C6 /* FogViewshed.xctest */;
			productType = "com.apple.product-type.bundle.unit-test";
		};
/* End PBXNativeTarget section */

/* Begin PBXProject section */
		E314F6B31B79023D005B75C6 /* Project object */ = {
			isa = PBXProject;
			attributes = {
				LastSwiftMigration = 0700;
				LastSwiftUpdateCheck = 0700;
				LastUpgradeCheck = 0700;
				ORGANIZATIONNAME = NGA;
				TargetAttributes = {
					E314F6BA1B79023D005B75C6 = {
						CreatedOnToolsVersion = 6.4;
						DevelopmentTeam = A8EK924J35;
					};
					E314F6D11B79023D005B75C6 = {
						CreatedOnToolsVersion = 6.4;
						TestTargetID = E314F6BA1B79023D005B75C6;
					};
				};
			};
			buildConfigurationList = E314F6B61B79023D005B75C6 /* Build configuration list for PBXProject "FogViewshed" */;
			compatibilityVersion = "Xcode 3.2";
			developmentRegion = English;
			hasScannedForEncodings = 0;
			knownRegions = (
				en,
				Base,
			);
			mainGroup = E314F6B21B79023D005B75C6;
			productRefGroup = E314F6BC1B79023D005B75C6 /* Products */;
			projectDirPath = "";
			projectRoot = "";
			targets = (
				E314F6BA1B79023D005B75C6 /* FogViewshed */,
				E314F6D11B79023D005B75C6 /* FogViewshedTests */,
			);
		};
/* End PBXProject section */

/* Begin PBXResourcesBuildPhase section */
		E314F6B91B79023D005B75C6 /* Resources */ = {
			isa = PBXResourcesBuildPhase;
			buildActionMask = 2147483647;
			files = (
				F9D9E3B41C87A651009710A5 /* N37W123.hgt in Resources */,
				F9D9E3B51C87A651009710A5 /* N38W077.hgt in Resources */,
				F9D9E3B61C87A651009710A5 /* N38W078.hgt in Resources */,
				F9D9E3B71C87A651009710A5 /* N38W123.hgt in Resources */,
				F9D9E3B81C87A651009710A5 /* N39W077.hgt in Resources */,
				F9D9E3B91C87A651009710A5 /* N39W078.hgt in Resources */,
				F9D9E3BA1C87A651009710A5 /* N39W105.hgt in Resources */,
				F9D9E3BB1C87A651009710A5 /* N39W106.hgt in Resources */,
				F9D9E3BC1C87A651009710A5 /* N40W105.hgt in Resources */,
				F9D9E3BD1C87A651009710A5 /* N40W106.hgt in Resources */,
				E314F6C81B79023D005B75C6 /* Main.storyboard in Resources */,
				E314F6CD1B79023D005B75C6 /* LaunchScreen.xib in Resources */,
				753D3D6A1BEBA59E004E3589 /* HGT in Resources */,
				E314F6CA1B79023D005B75C6 /* Images.xcassets in Resources */,
			);
			runOnlyForDeploymentPostprocessing = 0;
		};
		E314F6D01B79023D005B75C6 /* Resources */ = {
			isa = PBXResourcesBuildPhase;
			buildActionMask = 2147483647;
			files = (
			);
			runOnlyForDeploymentPostprocessing = 0;
		};
/* End PBXResourcesBuildPhase section */

/* Begin PBXShellScriptBuildPhase section */
		082DCADF35E586762BD71722 /* Embed Pods Frameworks */ = {
			isa = PBXShellScriptBuildPhase;
			buildActionMask = 2147483647;
			files = (
			);
			inputPaths = (
			);
			name = "Embed Pods Frameworks";
			outputPaths = (
			);
			runOnlyForDeploymentPostprocessing = 0;
			shellPath = /bin/sh;
			shellScript = "\"${SRCROOT}/../../Pods/Target Support Files/Pods-FogViewshed/Pods-FogViewshed-frameworks.sh\"\n";
			showEnvVarsInLog = 0;
		};
		D66151F748EF8EDB277C83AE /* Copy Pods Resources */ = {
			isa = PBXShellScriptBuildPhase;
			buildActionMask = 2147483647;
			files = (
			);
			inputPaths = (
			);
			name = "Copy Pods Resources";
			outputPaths = (
			);
			runOnlyForDeploymentPostprocessing = 0;
			shellPath = /bin/sh;
			shellScript = "\"${SRCROOT}/../../Pods/Target Support Files/Pods-FogViewshed/Pods-FogViewshed-resources.sh\"\n";
			showEnvVarsInLog = 0;
		};
		DD9411F991E2ABAC4A9BF42D /* Check Pods Manifest.lock */ = {
			isa = PBXShellScriptBuildPhase;
			buildActionMask = 2147483647;
			files = (
			);
			inputPaths = (
			);
			name = "Check Pods Manifest.lock";
			outputPaths = (
			);
			runOnlyForDeploymentPostprocessing = 0;
			shellPath = /bin/sh;
			shellScript = "diff \"${PODS_ROOT}/../Podfile.lock\" \"${PODS_ROOT}/Manifest.lock\" > /dev/null\nif [[ $? != 0 ]] ; then\n    cat << EOM\nerror: The sandbox is not in sync with the Podfile.lock. Run 'pod install' or update your CocoaPods installation.\nEOM\n    exit 1\nfi\n";
			showEnvVarsInLog = 0;
		};
/* End PBXShellScriptBuildPhase section */

/* Begin PBXSourcesBuildPhase section */
		E314F6B71B79023D005B75C6 /* Sources */ = {
			isa = PBXSourcesBuildPhase;
			buildActionMask = 2147483647;
			files = (
				9BD5C0FA1C05E51E004A37B6 /* DemData.swift in Sources */,
				753D3D721BF104E8004E3589 /* ViewshedOverlayView.swift in Sources */,
				753D3D591BE7A07F004E3589 /* Bresenham.swift in Sources */,
				7575B3E81C5C21CB00FE32E9 /* HgtGrid.swift in Sources */,
				753D3D801BFE4B6D004E3589 /* ViewshedWork.swift in Sources */,
				7575B3E21C5963C100FE32E9 /* FogMachine.xcdatamodeld in Sources */,
				9BD5C0FC1C05E51E004A37B6 /* KreveldViewshed.swift in Sources */,
				E314F6C51B79023D005B75C6 /* DataViewController.swift in Sources */,
				9BD5C0FD1C05E51E004A37B6 /* ElevationPoint.swift in Sources */,
				753D3D701BF103B5004E3589 /* ViewshedOverlay.swift in Sources */,
				9B0AC9501C6E0D250059BA4A /* HgtRegions.swift in Sources */,
				75D5A93D1C051D7E00B7B246 /* ViewshedResult.swift in Sources */,
				7575B3EA1C5E7D2200FE32E9 /* ViewshedPalette.swift in Sources */,
				7575B3DF1C592C3500FE32E9 /* ObserverEntity.swift in Sources */,
				753D3D7E1BFCF1E0004E3589 /* ViewshedFog.swift in Sources */,
				753D3D7A1BFA3ABA004E3589 /* Observer.swift in Sources */,
				753D3D761BF65A60004E3589 /* Constants.swift in Sources */,
				753D3D631BEA7900004E3589 /* Cell.swift in Sources */,
				9BD5C1081C060BAB004A37B6 /* SettingsViewController.swift in Sources */,
				753D3D781BF66EA0004E3589 /* Pixel.swift in Sources */,
				758885461C8A116B009AFB06 /* Box.swift in Sources */,
				758885441C89F93D009AFB06 /* BoundingBox.swift in Sources */,
				753D3D5F1BEA33CF004E3589 /* MapViewController.swift in Sources */,
				753D3D571BE7A031004E3589 /* Viewshed.swift in Sources */,
				9BD5C0FB1C05E51E004A37B6 /* KreveldSweepEventNode.swift in Sources */,
				9BD5C0FE1C05E51E004A37B6 /* KreveldActiveBTree.swift in Sources */,
				E314F6C11B79023D005B75C6 /* AppDelegate.swift in Sources */,
				754175851C5694B6000D51E0 /* ObserverSettingsViewController.swift in Sources */,
				E3B933E11B7BAE3E007B9444 /* ConnectionCell.swift in Sources */,
				9B5F282B1C63A69E002984F8 /* HgtDownloadMgr.swift in Sources */,
				7575B3E11C593A0200FE32E9 /* ObserverFacade.swift in Sources */,
				E314F6C31B79023D005B75C6 /* FirstViewController.swift in Sources */,
				9B5EC0671C6B913300E7283D /* ActivityIndicator.swift in Sources */,
				753D3D7C1BFBCF66004E3589 /* Hgt.swift in Sources */,
				9BE78E791C727D1E00506F11 /* Toast.swift in Sources */,
				9BD5C1011C05E51E004A37B6 /* SwiftPriorityQueue.swift in Sources */,
				9BD5C1041C05E52E004A37B6 /* StatusEntry.swift in Sources */,
			);
			runOnlyForDeploymentPostprocessing = 0;
		};
		E314F6CE1B79023D005B75C6 /* Sources */ = {
			isa = PBXSourcesBuildPhase;
			buildActionMask = 2147483647;
			files = (
				E314F6D91B79023D005B75C6 /* FogViewshedTests.swift in Sources */,
			);
			runOnlyForDeploymentPostprocessing = 0;
		};
/* End PBXSourcesBuildPhase section */

/* Begin PBXTargetDependency section */
		E314F6D41B79023D005B75C6 /* PBXTargetDependency */ = {
			isa = PBXTargetDependency;
			target = E314F6BA1B79023D005B75C6 /* FogViewshed */;
			targetProxy = E314F6D31B79023D005B75C6 /* PBXContainerItemProxy */;
		};
/* End PBXTargetDependency section */

/* Begin PBXVariantGroup section */
		E314F6C61B79023D005B75C6 /* Main.storyboard */ = {
			isa = PBXVariantGroup;
			children = (
				E314F6C71B79023D005B75C6 /* Base */,
			);
			name = Main.storyboard;
			sourceTree = "<group>";
		};
		E314F6CB1B79023D005B75C6 /* LaunchScreen.xib */ = {
			isa = PBXVariantGroup;
			children = (
				E314F6CC1B79023D005B75C6 /* Base */,
			);
			name = LaunchScreen.xib;
			sourceTree = "<group>";
		};
/* End PBXVariantGroup section */

/* Begin XCBuildConfiguration section */
		E314F6DA1B79023D005B75C6 /* Debug */ = {
			isa = XCBuildConfiguration;
			buildSettings = {
				ALWAYS_SEARCH_USER_PATHS = NO;
				CLANG_CXX_LANGUAGE_STANDARD = "gnu++0x";
				CLANG_CXX_LIBRARY = "libc++";
				CLANG_ENABLE_MODULES = YES;
				CLANG_ENABLE_OBJC_ARC = YES;
				CLANG_WARN_BOOL_CONVERSION = YES;
				CLANG_WARN_CONSTANT_CONVERSION = YES;
				CLANG_WARN_DIRECT_OBJC_ISA_USAGE = YES_ERROR;
				CLANG_WARN_EMPTY_BODY = YES;
				CLANG_WARN_ENUM_CONVERSION = YES;
				CLANG_WARN_INT_CONVERSION = YES;
				CLANG_WARN_OBJC_ROOT_CLASS = YES_ERROR;
				CLANG_WARN_UNREACHABLE_CODE = YES;
				CLANG_WARN__DUPLICATE_METHOD_MATCH = YES;
				"CODE_SIGN_IDENTITY[sdk=iphoneos*]" = "iPhone Developer";
				COPY_PHASE_STRIP = NO;
				DEBUG_INFORMATION_FORMAT = "dwarf-with-dsym";
				ENABLE_STRICT_OBJC_MSGSEND = YES;
				ENABLE_TESTABILITY = YES;
				GCC_C_LANGUAGE_STANDARD = gnu99;
				GCC_DYNAMIC_NO_PIC = NO;
				GCC_NO_COMMON_BLOCKS = YES;
				GCC_OPTIMIZATION_LEVEL = 0;
				GCC_PREPROCESSOR_DEFINITIONS = (
					"DEBUG=1",
					"$(inherited)",
				);
				GCC_SYMBOLS_PRIVATE_EXTERN = NO;
				GCC_WARN_64_TO_32_BIT_CONVERSION = YES;
				GCC_WARN_ABOUT_RETURN_TYPE = YES_ERROR;
				GCC_WARN_UNDECLARED_SELECTOR = YES;
				GCC_WARN_UNINITIALIZED_AUTOS = YES_AGGRESSIVE;
				GCC_WARN_UNUSED_FUNCTION = YES;
				GCC_WARN_UNUSED_VARIABLE = YES;
				IPHONEOS_DEPLOYMENT_TARGET = 8.4;
				MTL_ENABLE_DEBUG_INFO = YES;
				ONLY_ACTIVE_ARCH = YES;
				SDKROOT = iphoneos;
				SWIFT_OPTIMIZATION_LEVEL = "-Onone";
				TARGETED_DEVICE_FAMILY = "1,2";
			};
			name = Debug;
		};
		E314F6DB1B79023D005B75C6 /* Release */ = {
			isa = XCBuildConfiguration;
			buildSettings = {
				ALWAYS_SEARCH_USER_PATHS = NO;
				CLANG_CXX_LANGUAGE_STANDARD = "gnu++0x";
				CLANG_CXX_LIBRARY = "libc++";
				CLANG_ENABLE_MODULES = YES;
				CLANG_ENABLE_OBJC_ARC = YES;
				CLANG_WARN_BOOL_CONVERSION = YES;
				CLANG_WARN_CONSTANT_CONVERSION = YES;
				CLANG_WARN_DIRECT_OBJC_ISA_USAGE = YES_ERROR;
				CLANG_WARN_EMPTY_BODY = YES;
				CLANG_WARN_ENUM_CONVERSION = YES;
				CLANG_WARN_INT_CONVERSION = YES;
				CLANG_WARN_OBJC_ROOT_CLASS = YES_ERROR;
				CLANG_WARN_UNREACHABLE_CODE = YES;
				CLANG_WARN__DUPLICATE_METHOD_MATCH = YES;
				"CODE_SIGN_IDENTITY[sdk=iphoneos*]" = "iPhone Developer";
				COPY_PHASE_STRIP = NO;
				DEBUG_INFORMATION_FORMAT = "dwarf-with-dsym";
				ENABLE_NS_ASSERTIONS = NO;
				ENABLE_STRICT_OBJC_MSGSEND = YES;
				GCC_C_LANGUAGE_STANDARD = gnu99;
				GCC_NO_COMMON_BLOCKS = YES;
				GCC_WARN_64_TO_32_BIT_CONVERSION = YES;
				GCC_WARN_ABOUT_RETURN_TYPE = YES_ERROR;
				GCC_WARN_UNDECLARED_SELECTOR = YES;
				GCC_WARN_UNINITIALIZED_AUTOS = YES_AGGRESSIVE;
				GCC_WARN_UNUSED_FUNCTION = YES;
				GCC_WARN_UNUSED_VARIABLE = YES;
				IPHONEOS_DEPLOYMENT_TARGET = 8.4;
				MTL_ENABLE_DEBUG_INFO = NO;
				SDKROOT = iphoneos;
				TARGETED_DEVICE_FAMILY = "1,2";
				VALIDATE_PRODUCT = YES;
			};
			name = Release;
		};
		E314F6DD1B79023D005B75C6 /* Debug */ = {
			isa = XCBuildConfiguration;
			baseConfigurationReference = 67B94BD07B1840DDFEF8600A /* Pods-FogViewshed.debug.xcconfig */;
			buildSettings = {
				ASSETCATALOG_COMPILER_APPICON_NAME = AppIcon;
				CODE_SIGN_IDENTITY = "iPhone Developer";
				"CODE_SIGN_IDENTITY[sdk=iphoneos*]" = "iPhone Developer";
				INFOPLIST_FILE = FogViewshed/Info.plist;
				IPHONEOS_DEPLOYMENT_TARGET = 8.4;
				LD_RUNPATH_SEARCH_PATHS = "$(inherited) @executable_path/Frameworks";
				PRODUCT_BUNDLE_IDENTIFIER = "mil.dod.nga.$(PRODUCT_NAME:rfc1034identifier)";
				PRODUCT_NAME = FogViewshed;
				PROVISIONING_PROFILE = "";
			};
			name = Debug;
		};
		E314F6DE1B79023D005B75C6 /* Release */ = {
			isa = XCBuildConfiguration;
			baseConfigurationReference = 8B12973A4FECB067D196E0B8 /* Pods-FogViewshed.release.xcconfig */;
			buildSettings = {
				ASSETCATALOG_COMPILER_APPICON_NAME = AppIcon;
				CODE_SIGN_IDENTITY = "iPhone Developer";
				"CODE_SIGN_IDENTITY[sdk=iphoneos*]" = "iPhone Developer";
				INFOPLIST_FILE = FogViewshed/Info.plist;
				IPHONEOS_DEPLOYMENT_TARGET = 8.4;
				LD_RUNPATH_SEARCH_PATHS = "$(inherited) @executable_path/Frameworks";
				PRODUCT_BUNDLE_IDENTIFIER = "mil.dod.nga.$(PRODUCT_NAME:rfc1034identifier)";
				PRODUCT_NAME = FogViewshed;
				PROVISIONING_PROFILE = "";
			};
			name = Release;
		};
		E314F6E01B79023D005B75C6 /* Debug */ = {
			isa = XCBuildConfiguration;
			buildSettings = {
				BUNDLE_LOADER = "$(TEST_HOST)";
				FRAMEWORK_SEARCH_PATHS = (
					"$(SDKROOT)/Developer/Library/Frameworks",
					"$(inherited)",
				);
				GCC_PREPROCESSOR_DEFINITIONS = (
					"DEBUG=1",
					"$(inherited)",
				);
				INFOPLIST_FILE = FogViewshedTests/Info.plist;
				LD_RUNPATH_SEARCH_PATHS = "$(inherited) @executable_path/Frameworks @loader_path/Frameworks";
				PRODUCT_BUNDLE_IDENTIFIER = "mil.dod.nga.$(PRODUCT_NAME:rfc1034identifier)";
				PRODUCT_NAME = FogViewshed;
				TEST_HOST = "$(BUILT_PRODUCTS_DIR)/FogViewshed.app/FogViewshed";
			};
			name = Debug;
		};
		E314F6E11B79023D005B75C6 /* Release */ = {
			isa = XCBuildConfiguration;
			buildSettings = {
				BUNDLE_LOADER = "$(TEST_HOST)";
				FRAMEWORK_SEARCH_PATHS = (
					"$(SDKROOT)/Developer/Library/Frameworks",
					"$(inherited)",
				);
				INFOPLIST_FILE = FogViewshedTests/Info.plist;
				LD_RUNPATH_SEARCH_PATHS = "$(inherited) @executable_path/Frameworks @loader_path/Frameworks";
				PRODUCT_BUNDLE_IDENTIFIER = "mil.dod.nga.$(PRODUCT_NAME:rfc1034identifier)";
				PRODUCT_NAME = FogViewshed;
				TEST_HOST = "$(BUILT_PRODUCTS_DIR)/FogViewshed.app/FogViewshed";
			};
			name = Release;
		};
/* End XCBuildConfiguration section */

/* Begin XCConfigurationList section */
		E314F6B61B79023D005B75C6 /* Build configuration list for PBXProject "FogViewshed" */ = {
			isa = XCConfigurationList;
			buildConfigurations = (
				E314F6DA1B79023D005B75C6 /* Debug */,
				E314F6DB1B79023D005B75C6 /* Release */,
			);
			defaultConfigurationIsVisible = 0;
			defaultConfigurationName = Release;
		};
		E314F6DC1B79023D005B75C6 /* Build configuration list for PBXNativeTarget "FogViewshed" */ = {
			isa = XCConfigurationList;
			buildConfigurations = (
				E314F6DD1B79023D005B75C6 /* Debug */,
				E314F6DE1B79023D005B75C6 /* Release */,
			);
			defaultConfigurationIsVisible = 0;
			defaultConfigurationName = Release;
		};
		E314F6DF1B79023D005B75C6 /* Build configuration list for PBXNativeTarget "FogViewshedTests" */ = {
			isa = XCConfigurationList;
			buildConfigurations = (
				E314F6E01B79023D005B75C6 /* Debug */,
				E314F6E11B79023D005B75C6 /* Release */,
			);
			defaultConfigurationIsVisible = 0;
			defaultConfigurationName = Release;
		};
/* End XCConfigurationList section */

/* Begin XCVersionGroup section */
		754175861C57C84B000D51E0 /* FogMachine.xcdatamodeld */ = {
			isa = XCVersionGroup;
			children = (
				754175871C57C84B000D51E0 /* FogMachine.xcdatamodel */,
			);
			currentVersion = 754175871C57C84B000D51E0 /* FogMachine.xcdatamodel */;
			path = FogMachine.xcdatamodeld;
			sourceTree = "<group>";
			versionGroupType = wrapper.xcdatamodel;
		};
/* End XCVersionGroup section */
	};
	rootObject = E314F6B31B79023D005B75C6 /* Project object */;
}
