// !$*UTF8*$!
{
	archiveVersion = 1;
	classes = {
	};
	objectVersion = 46;
	objects = {

/* Begin PBXBuildFile section */
		7575B3E21C5963C100FE32E9 /* FogMachine.xcdatamodeld in Sources */ = {isa = PBXBuildFile; fileRef = 754175861C57C84B000D51E0 /* FogMachine.xcdatamodeld */; };
		9C087DEA9387C323CF6DAE62 /* Pods_FogViewshed.framework in Frameworks */ = {isa = PBXBuildFile; fileRef = 23ACD3D789C87F8790B278E1 /* Pods_FogViewshed.framework */; };
		E314F6C81B79023D005B75C6 /* Main.storyboard in Resources */ = {isa = PBXBuildFile; fileRef = E314F6C61B79023D005B75C6 /* Main.storyboard */; };
		E314F6CA1B79023D005B75C6 /* Images.xcassets in Resources */ = {isa = PBXBuildFile; fileRef = E314F6C91B79023D005B75C6 /* Images.xcassets */; };
		E314F6D91B79023D005B75C6 /* FogViewshedTests.swift in Sources */ = {isa = PBXBuildFile; fileRef = E314F6D81B79023D005B75C6 /* FogViewshedTests.swift */; };
		F913E2571D1869F30012A431 /* Pods_FogMachine.framework in Frameworks */ = {isa = PBXBuildFile; fileRef = F913E2561D1869F30012A431 /* Pods_FogMachine.framework */; };
		F91D46E01CEA9AED00AB483E /* AppDelegate.swift in Sources */ = {isa = PBXBuildFile; fileRef = F91D46DE1CEA9AED00AB483E /* AppDelegate.swift */; };
		F91D46E11CEA9AED00AB483E /* Constants.swift in Sources */ = {isa = PBXBuildFile; fileRef = F91D46DF1CEA9AED00AB483E /* Constants.swift */; };
		F91D47321CEA9AFD00AB483E /* DataViewController.swift in Sources */ = {isa = PBXBuildFile; fileRef = F91D46E41CEA9AFD00AB483E /* DataViewController.swift */; };
		F91D47331CEA9AFD00AB483E /* ObserverSettingsViewController.swift in Sources */ = {isa = PBXBuildFile; fileRef = F91D46E51CEA9AFD00AB483E /* ObserverSettingsViewController.swift */; };
		F91D47341CEA9AFD00AB483E /* SettingsViewController.swift in Sources */ = {isa = PBXBuildFile; fileRef = F91D46E61CEA9AFD00AB483E /* SettingsViewController.swift */; };
		F91D47351CEA9AFD00AB483E /* ViewshedViewController.swift in Sources */ = {isa = PBXBuildFile; fileRef = F91D46E71CEA9AFD00AB483E /* ViewshedViewController.swift */; };
		F91D47361CEA9AFD00AB483E /* N25W081.hgt in Resources */ = {isa = PBXBuildFile; fileRef = F91D46EA1CEA9AFD00AB483E /* N25W081.hgt */; };
		F91D47371CEA9AFD00AB483E /* N25W082.hgt in Resources */ = {isa = PBXBuildFile; fileRef = F91D46EB1CEA9AFD00AB483E /* N25W082.hgt */; };
		F91D47381CEA9AFD00AB483E /* N26W080.hgt in Resources */ = {isa = PBXBuildFile; fileRef = F91D46EC1CEA9AFD00AB483E /* N26W080.hgt */; };
		F91D47391CEA9AFD00AB483E /* N26W081.hgt in Resources */ = {isa = PBXBuildFile; fileRef = F91D46ED1CEA9AFD00AB483E /* N26W081.hgt */; };
		F91D473A1CEA9AFD00AB483E /* N26W082.hgt in Resources */ = {isa = PBXBuildFile; fileRef = F91D46EE1CEA9AFD00AB483E /* N26W082.hgt */; };
		F91D473B1CEA9AFD00AB483E /* N32W118.hgt in Resources */ = {isa = PBXBuildFile; fileRef = F91D46EF1CEA9AFD00AB483E /* N32W118.hgt */; };
		F91D473C1CEA9AFD00AB483E /* N33W117.hgt in Resources */ = {isa = PBXBuildFile; fileRef = F91D46F01CEA9AFD00AB483E /* N33W117.hgt */; };
		F91D473D1CEA9AFD00AB483E /* N33W118.hgt in Resources */ = {isa = PBXBuildFile; fileRef = F91D46F11CEA9AFD00AB483E /* N33W118.hgt */; };
		F91D473E1CEA9AFD00AB483E /* N33W119.hgt in Resources */ = {isa = PBXBuildFile; fileRef = F91D46F21CEA9AFD00AB483E /* N33W119.hgt */; };
		F91D473F1CEA9AFD00AB483E /* N34W117.hgt in Resources */ = {isa = PBXBuildFile; fileRef = F91D46F31CEA9AFD00AB483E /* N34W117.hgt */; };
		F91D47401CEA9AFD00AB483E /* N34W118.hgt in Resources */ = {isa = PBXBuildFile; fileRef = F91D46F41CEA9AFD00AB483E /* N34W118.hgt */; };
		F91D47411CEA9AFD00AB483E /* N34W119.hgt in Resources */ = {isa = PBXBuildFile; fileRef = F91D46F51CEA9AFD00AB483E /* N34W119.hgt */; };
		F91D47421CEA9AFD00AB483E /* N34W120.hgt in Resources */ = {isa = PBXBuildFile; fileRef = F91D46F61CEA9AFD00AB483E /* N34W120.hgt */; };
		F91D47431CEA9AFD00AB483E /* N36W121.hgt in Resources */ = {isa = PBXBuildFile; fileRef = F91D46F71CEA9AFD00AB483E /* N36W121.hgt */; };
		F91D47441CEA9AFD00AB483E /* N37W078.hgt in Resources */ = {isa = PBXBuildFile; fileRef = F91D46F81CEA9AFD00AB483E /* N37W078.hgt */; };
		F91D47451CEA9AFD00AB483E /* N37W122.hgt in Resources */ = {isa = PBXBuildFile; fileRef = F91D46F91CEA9AFD00AB483E /* N37W122.hgt */; };
		F91D47461CEA9AFD00AB483E /* N37W123.hgt in Resources */ = {isa = PBXBuildFile; fileRef = F91D46FA1CEA9AFD00AB483E /* N37W123.hgt */; };
		F91D47471CEA9AFD00AB483E /* N38W077.hgt in Resources */ = {isa = PBXBuildFile; fileRef = F91D46FB1CEA9AFD00AB483E /* N38W077.hgt */; };
		F91D47481CEA9AFD00AB483E /* N38W078.hgt in Resources */ = {isa = PBXBuildFile; fileRef = F91D46FC1CEA9AFD00AB483E /* N38W078.hgt */; };
		F91D47491CEA9AFD00AB483E /* N38W123.hgt in Resources */ = {isa = PBXBuildFile; fileRef = F91D46FD1CEA9AFD00AB483E /* N38W123.hgt */; };
		F91D474A1CEA9AFD00AB483E /* N38W124.hgt in Resources */ = {isa = PBXBuildFile; fileRef = F91D46FE1CEA9AFD00AB483E /* N38W124.hgt */; };
		F91D474B1CEA9AFD00AB483E /* N39W077.hgt in Resources */ = {isa = PBXBuildFile; fileRef = F91D46FF1CEA9AFD00AB483E /* N39W077.hgt */; };
		F91D474C1CEA9AFD00AB483E /* N39W078.hgt in Resources */ = {isa = PBXBuildFile; fileRef = F91D47001CEA9AFD00AB483E /* N39W078.hgt */; };
		F91D474D1CEA9AFD00AB483E /* N39W105.hgt in Resources */ = {isa = PBXBuildFile; fileRef = F91D47011CEA9AFD00AB483E /* N39W105.hgt */; };
		F91D474E1CEA9AFD00AB483E /* N39W106.hgt in Resources */ = {isa = PBXBuildFile; fileRef = F91D47021CEA9AFD00AB483E /* N39W106.hgt */; };
		F91D474F1CEA9AFD00AB483E /* N40W105.hgt in Resources */ = {isa = PBXBuildFile; fileRef = F91D47031CEA9AFD00AB483E /* N40W105.hgt */; };
		F91D47501CEA9AFD00AB483E /* N40W106.hgt in Resources */ = {isa = PBXBuildFile; fileRef = F91D47041CEA9AFD00AB483E /* N40W106.hgt */; };
		F91D47511CEA9AFD00AB483E /* README.txt in Resources */ = {isa = PBXBuildFile; fileRef = F91D47051CEA9AFD00AB483E /* README.txt */; };
		F91D47521CEA9AFD00AB483E /* ObserverEntity.swift in Sources */ = {isa = PBXBuildFile; fileRef = F91D47081CEA9AFD00AB483E /* ObserverEntity.swift */; };
		F91D47531CEA9AFD00AB483E /* ObserverFacade.swift in Sources */ = {isa = PBXBuildFile; fileRef = F91D47091CEA9AFD00AB483E /* ObserverFacade.swift */; };
		F91D47541CEA9AFD00AB483E /* AxisOrientedBoundingBox.swift in Sources */ = {isa = PBXBuildFile; fileRef = F91D470B1CEA9AFD00AB483E /* AxisOrientedBoundingBox.swift */; };
		F91D47551CEA9AFD00AB483E /* Sector.swift in Sources */ = {isa = PBXBuildFile; fileRef = F91D470C1CEA9AFD00AB483E /* Sector.swift */; };
		F91D47561CEA9AFD00AB483E /* BresenhamsLineAlgoritm.swift in Sources */ = {isa = PBXBuildFile; fileRef = F91D470E1CEA9AFD00AB483E /* BresenhamsLineAlgoritm.swift */; };
		F91D47571CEA9AFD00AB483E /* DataGrid.swift in Sources */ = {isa = PBXBuildFile; fileRef = F91D470F1CEA9AFD00AB483E /* DataGrid.swift */; };
		F91D47581CEA9AFD00AB483E /* Perimeter.swift in Sources */ = {isa = PBXBuildFile; fileRef = F91D47101CEA9AFD00AB483E /* Perimeter.swift */; };
		F91D47591CEA9AFD00AB483E /* RectangularPerimeter.swift in Sources */ = {isa = PBXBuildFile; fileRef = F91D47111CEA9AFD00AB483E /* RectangularPerimeter.swift */; };
		F91D475A1CEA9AFD00AB483E /* SectorPerimeter.swift in Sources */ = {isa = PBXBuildFile; fileRef = F91D47121CEA9AFD00AB483E /* SectorPerimeter.swift */; };
		F91D475B1CEA9AFD00AB483E /* HGTFile.swift in Sources */ = {isa = PBXBuildFile; fileRef = F91D47141CEA9AFD00AB483E /* HGTFile.swift */; };
		F91D475C1CEA9AFD00AB483E /* Observer.swift in Sources */ = {isa = PBXBuildFile; fileRef = F91D47151CEA9AFD00AB483E /* Observer.swift */; };
		F91D475D1CEA9AFD00AB483E /* ViewshedResult.swift in Sources */ = {isa = PBXBuildFile; fileRef = F91D47181CEA9AFD00AB483E /* ViewshedResult.swift */; };
		F91D475E1CEA9AFD00AB483E /* ViewshedTool.swift in Sources */ = {isa = PBXBuildFile; fileRef = F91D47191CEA9AFD00AB483E /* ViewshedTool.swift */; };
		F91D475F1CEA9AFD00AB483E /* ViewshedWork.swift in Sources */ = {isa = PBXBuildFile; fileRef = F91D471A1CEA9AFD00AB483E /* ViewshedWork.swift */; };
		F91D47601CEA9AFD00AB483E /* FranklinRayViewshed.swift in Sources */ = {isa = PBXBuildFile; fileRef = F91D471C1CEA9AFD00AB483E /* FranklinRayViewshed.swift */; };
		F91D47611CEA9AFD00AB483E /* VanKreveldCell.swift in Sources */ = {isa = PBXBuildFile; fileRef = F91D471E1CEA9AFD00AB483E /* VanKreveldCell.swift */; };
		F91D47621CEA9AFD00AB483E /* KreveldActiveBinaryTree.swift in Sources */ = {isa = PBXBuildFile; fileRef = F91D471F1CEA9AFD00AB483E /* KreveldActiveBinaryTree.swift */; };
		F91D47631CEA9AFD00AB483E /* VanKreveldSweepEventNode.swift in Sources */ = {isa = PBXBuildFile; fileRef = F91D47201CEA9AFD00AB483E /* VanKreveldSweepEventNode.swift */; };
		F91D47641CEA9AFD00AB483E /* VanKreveldStatusEntry.swift in Sources */ = {isa = PBXBuildFile; fileRef = F91D47211CEA9AFD00AB483E /* VanKreveldStatusEntry.swift */; };
		F91D47651CEA9AFD00AB483E /* VanKreveldViewshed.swift in Sources */ = {isa = PBXBuildFile; fileRef = F91D47221CEA9AFD00AB483E /* VanKreveldViewshed.swift */; };
		F91D47661CEA9AFD00AB483E /* ViewshedAlgorithm.swift in Sources */ = {isa = PBXBuildFile; fileRef = F91D47231CEA9AFD00AB483E /* ViewshedAlgorithm.swift */; };
		F91D47671CEA9AFD00AB483E /* ActivityIndicator.swift in Sources */ = {isa = PBXBuildFile; fileRef = F91D47251CEA9AFD00AB483E /* ActivityIndicator.swift */; };
		F91D47681CEA9AFD00AB483E /* BoundingBoxUtility.swift in Sources */ = {isa = PBXBuildFile; fileRef = F91D47261CEA9AFD00AB483E /* BoundingBoxUtility.swift */; };
		F91D47691CEA9AFD00AB483E /* GeoUtility.swift in Sources */ = {isa = PBXBuildFile; fileRef = F91D47271CEA9AFD00AB483E /* GeoUtility.swift */; };
		F91D476A1CEA9AFD00AB483E /* HGTDownloader.swift in Sources */ = {isa = PBXBuildFile; fileRef = F91D47281CEA9AFD00AB483E /* HGTDownloader.swift */; };
		F91D476B1CEA9AFD00AB483E /* HGTManager.swift in Sources */ = {isa = PBXBuildFile; fileRef = F91D47291CEA9AFD00AB483E /* HGTManager.swift */; };
		F91D476C1CEA9AFD00AB483E /* HGTRegions.swift in Sources */ = {isa = PBXBuildFile; fileRef = F91D472A1CEA9AFD00AB483E /* HGTRegions.swift */; };
		F91D476D1CEA9AFD00AB483E /* Toast.swift in Sources */ = {isa = PBXBuildFile; fileRef = F91D472B1CEA9AFD00AB483E /* Toast.swift */; };
		F91D476E1CEA9AFD00AB483E /* ImageUtility.swift in Sources */ = {isa = PBXBuildFile; fileRef = F91D472C1CEA9AFD00AB483E /* ImageUtility.swift */; };
		F91D476F1CEA9AFD00AB483E /* Pixel.swift in Sources */ = {isa = PBXBuildFile; fileRef = F91D472E1CEA9AFD00AB483E /* Pixel.swift */; };
		F91D47701CEA9AFD00AB483E /* GridOverlay.swift in Sources */ = {isa = PBXBuildFile; fileRef = F91D472F1CEA9AFD00AB483E /* GridOverlay.swift */; };
		F91D47711CEA9AFD00AB483E /* GridOverlayView.swift in Sources */ = {isa = PBXBuildFile; fileRef = F91D47301CEA9AFD00AB483E /* GridOverlayView.swift */; };
		F924C2001CF3B51E00905FBC /* HGTRegions.txt in Resources */ = {isa = PBXBuildFile; fileRef = F924C1FF1CF3B51E00905FBC /* HGTRegions.txt */; };
		F924C2031CF3B82C00905FBC /* StreamReader.swift in Sources */ = {isa = PBXBuildFile; fileRef = F924C2021CF3B82C00905FBC /* StreamReader.swift */; };
		F926E7591D10AE4F001AD367 /* Images.xcassets in Resources */ = {isa = PBXBuildFile; fileRef = F926E7581D10AE4F001AD367 /* Images.xcassets */; };
		F92D253D1CEFC55000C109AE /* ElevationTool.swift in Sources */ = {isa = PBXBuildFile; fileRef = F92D253C1CEFC55000C109AE /* ElevationTool.swift */; };
		F975408D1D09F989005E222E /* VanKreveldEventType.swift in Sources */ = {isa = PBXBuildFile; fileRef = F975408C1D09F989005E222E /* VanKreveldEventType.swift */; };
		F99D8C0A1D13594300DD754F /* LaunchScreen.storyboard in Resources */ = {isa = PBXBuildFile; fileRef = F99D8C081D13594300DD754F /* LaunchScreen.storyboard */; };
		F9B9FD171D10A46100610CB1 /* FogMachine.storyboard in Resources */ = {isa = PBXBuildFile; fileRef = F9B9FD151D10A46100610CB1 /* FogMachine.storyboard */; };
/* End PBXBuildFile section */

/* Begin PBXContainerItemProxy section */
		E314F6D31B79023D005B75C6 /* PBXContainerItemProxy */ = {
			isa = PBXContainerItemProxy;
			containerPortal = E314F6B31B79023D005B75C6 /* Project object */;
			proxyType = 1;
			remoteGlobalIDString = E314F6BA1B79023D005B75C6;
			remoteInfo = FogMachineSearch;
		};
/* End PBXContainerItemProxy section */

/* Begin PBXFileReference section */
		23ACD3D789C87F8790B278E1 /* Pods_FogViewshed.framework */ = {isa = PBXFileReference; explicitFileType = wrapper.framework; includeInIndex = 0; path = Pods_FogViewshed.framework; sourceTree = BUILT_PRODUCTS_DIR; };
		67B94BD07B1840DDFEF8600A /* Pods-FogViewshed.debug.xcconfig */ = {isa = PBXFileReference; includeInIndex = 1; lastKnownFileType = text.xcconfig; name = "Pods-FogViewshed.debug.xcconfig"; path = "../../Pods/Target Support Files/Pods-FogViewshed/Pods-FogViewshed.debug.xcconfig"; sourceTree = "<group>"; };
		754175871C57C84B000D51E0 /* FogMachine.xcdatamodel */ = {isa = PBXFileReference; lastKnownFileType = wrapper.xcdatamodel; path = FogMachine.xcdatamodel; sourceTree = "<group>"; };
		8B12973A4FECB067D196E0B8 /* Pods-FogViewshed.release.xcconfig */ = {isa = PBXFileReference; includeInIndex = 1; lastKnownFileType = text.xcconfig; name = "Pods-FogViewshed.release.xcconfig"; path = "../../Pods/Target Support Files/Pods-FogViewshed/Pods-FogViewshed.release.xcconfig"; sourceTree = "<group>"; };
		E314F6BB1B79023D005B75C6 /* FogViewshed.app */ = {isa = PBXFileReference; explicitFileType = wrapper.application; includeInIndex = 0; path = FogViewshed.app; sourceTree = BUILT_PRODUCTS_DIR; };
		E314F6BF1B79023D005B75C6 /* Info.plist */ = {isa = PBXFileReference; lastKnownFileType = text.plist.xml; path = Info.plist; sourceTree = "<group>"; };
		E314F6C71B79023D005B75C6 /* Base */ = {isa = PBXFileReference; lastKnownFileType = file.storyboard; name = Base; path = Base.lproj/Main.storyboard; sourceTree = "<group>"; };
		E314F6C91B79023D005B75C6 /* Images.xcassets */ = {isa = PBXFileReference; lastKnownFileType = folder.assetcatalog; path = Images.xcassets; sourceTree = "<group>"; };
		E314F6D21B79023D005B75C6 /* FogViewshed.xctest */ = {isa = PBXFileReference; explicitFileType = wrapper.cfbundle; includeInIndex = 0; path = FogViewshed.xctest; sourceTree = BUILT_PRODUCTS_DIR; };
		E314F6D71B79023D005B75C6 /* Info.plist */ = {isa = PBXFileReference; lastKnownFileType = text.plist.xml; path = Info.plist; sourceTree = "<group>"; };
		E314F6D81B79023D005B75C6 /* FogViewshedTests.swift */ = {isa = PBXFileReference; lastKnownFileType = sourcecode.swift; path = FogViewshedTests.swift; sourceTree = "<group>"; };
		F913E2561D1869F30012A431 /* Pods_FogMachine.framework */ = {isa = PBXFileReference; lastKnownFileType = wrapper.framework; name = Pods_FogMachine.framework; path = "../../../../../Library/Developer/Xcode/DerivedData/FogMachine-fhlmkgncpzqeezchvlnipwbdziia/Build/Products/Debug-iphoneos/Pods_FogMachine.framework"; sourceTree = "<group>"; };
		F91D46DD1CEA9AED00AB483E /* FogViewshed-Bridging-Header.h */ = {isa = PBXFileReference; lastKnownFileType = sourcecode.c.h; path = "FogViewshed-Bridging-Header.h"; sourceTree = "<group>"; };
		F91D46DE1CEA9AED00AB483E /* AppDelegate.swift */ = {isa = PBXFileReference; fileEncoding = 4; lastKnownFileType = sourcecode.swift; path = AppDelegate.swift; sourceTree = "<group>"; };
		F91D46DF1CEA9AED00AB483E /* Constants.swift */ = {isa = PBXFileReference; fileEncoding = 4; lastKnownFileType = sourcecode.swift; path = Constants.swift; sourceTree = "<group>"; };
		F91D46E41CEA9AFD00AB483E /* DataViewController.swift */ = {isa = PBXFileReference; fileEncoding = 4; lastKnownFileType = sourcecode.swift; path = DataViewController.swift; sourceTree = "<group>"; };
		F91D46E51CEA9AFD00AB483E /* ObserverSettingsViewController.swift */ = {isa = PBXFileReference; fileEncoding = 4; lastKnownFileType = sourcecode.swift; path = ObserverSettingsViewController.swift; sourceTree = "<group>"; };
		F91D46E61CEA9AFD00AB483E /* SettingsViewController.swift */ = {isa = PBXFileReference; fileEncoding = 4; lastKnownFileType = sourcecode.swift; path = SettingsViewController.swift; sourceTree = "<group>"; };
		F91D46E71CEA9AFD00AB483E /* ViewshedViewController.swift */ = {isa = PBXFileReference; fileEncoding = 4; lastKnownFileType = sourcecode.swift; path = ViewshedViewController.swift; sourceTree = "<group>"; };
		F91D46EA1CEA9AFD00AB483E /* N25W081.hgt */ = {isa = PBXFileReference; lastKnownFileType = file; path = N25W081.hgt; sourceTree = "<group>"; };
		F91D46EB1CEA9AFD00AB483E /* N25W082.hgt */ = {isa = PBXFileReference; lastKnownFileType = file; path = N25W082.hgt; sourceTree = "<group>"; };
		F91D46EC1CEA9AFD00AB483E /* N26W080.hgt */ = {isa = PBXFileReference; lastKnownFileType = file; path = N26W080.hgt; sourceTree = "<group>"; };
		F91D46ED1CEA9AFD00AB483E /* N26W081.hgt */ = {isa = PBXFileReference; lastKnownFileType = file; path = N26W081.hgt; sourceTree = "<group>"; };
		F91D46EE1CEA9AFD00AB483E /* N26W082.hgt */ = {isa = PBXFileReference; lastKnownFileType = file; path = N26W082.hgt; sourceTree = "<group>"; };
		F91D46EF1CEA9AFD00AB483E /* N32W118.hgt */ = {isa = PBXFileReference; lastKnownFileType = file; path = N32W118.hgt; sourceTree = "<group>"; };
		F91D46F01CEA9AFD00AB483E /* N33W117.hgt */ = {isa = PBXFileReference; lastKnownFileType = file; path = N33W117.hgt; sourceTree = "<group>"; };
		F91D46F11CEA9AFD00AB483E /* N33W118.hgt */ = {isa = PBXFileReference; lastKnownFileType = file; path = N33W118.hgt; sourceTree = "<group>"; };
		F91D46F21CEA9AFD00AB483E /* N33W119.hgt */ = {isa = PBXFileReference; lastKnownFileType = file; path = N33W119.hgt; sourceTree = "<group>"; };
		F91D46F31CEA9AFD00AB483E /* N34W117.hgt */ = {isa = PBXFileReference; lastKnownFileType = file; path = N34W117.hgt; sourceTree = "<group>"; };
		F91D46F41CEA9AFD00AB483E /* N34W118.hgt */ = {isa = PBXFileReference; lastKnownFileType = file; path = N34W118.hgt; sourceTree = "<group>"; };
		F91D46F51CEA9AFD00AB483E /* N34W119.hgt */ = {isa = PBXFileReference; lastKnownFileType = file; path = N34W119.hgt; sourceTree = "<group>"; };
		F91D46F61CEA9AFD00AB483E /* N34W120.hgt */ = {isa = PBXFileReference; lastKnownFileType = file; path = N34W120.hgt; sourceTree = "<group>"; };
		F91D46F71CEA9AFD00AB483E /* N36W121.hgt */ = {isa = PBXFileReference; lastKnownFileType = file; path = N36W121.hgt; sourceTree = "<group>"; };
		F91D46F81CEA9AFD00AB483E /* N37W078.hgt */ = {isa = PBXFileReference; lastKnownFileType = file; path = N37W078.hgt; sourceTree = "<group>"; };
		F91D46F91CEA9AFD00AB483E /* N37W122.hgt */ = {isa = PBXFileReference; lastKnownFileType = file; path = N37W122.hgt; sourceTree = "<group>"; };
		F91D46FA1CEA9AFD00AB483E /* N37W123.hgt */ = {isa = PBXFileReference; lastKnownFileType = file; path = N37W123.hgt; sourceTree = "<group>"; };
		F91D46FB1CEA9AFD00AB483E /* N38W077.hgt */ = {isa = PBXFileReference; lastKnownFileType = file; path = N38W077.hgt; sourceTree = "<group>"; };
		F91D46FC1CEA9AFD00AB483E /* N38W078.hgt */ = {isa = PBXFileReference; lastKnownFileType = file; path = N38W078.hgt; sourceTree = "<group>"; };
		F91D46FD1CEA9AFD00AB483E /* N38W123.hgt */ = {isa = PBXFileReference; lastKnownFileType = file; path = N38W123.hgt; sourceTree = "<group>"; };
		F91D46FE1CEA9AFD00AB483E /* N38W124.hgt */ = {isa = PBXFileReference; lastKnownFileType = file; path = N38W124.hgt; sourceTree = "<group>"; };
		F91D46FF1CEA9AFD00AB483E /* N39W077.hgt */ = {isa = PBXFileReference; lastKnownFileType = file; path = N39W077.hgt; sourceTree = "<group>"; };
		F91D47001CEA9AFD00AB483E /* N39W078.hgt */ = {isa = PBXFileReference; lastKnownFileType = file; path = N39W078.hgt; sourceTree = "<group>"; };
		F91D47011CEA9AFD00AB483E /* N39W105.hgt */ = {isa = PBXFileReference; lastKnownFileType = file; path = N39W105.hgt; sourceTree = "<group>"; };
		F91D47021CEA9AFD00AB483E /* N39W106.hgt */ = {isa = PBXFileReference; lastKnownFileType = file; path = N39W106.hgt; sourceTree = "<group>"; };
		F91D47031CEA9AFD00AB483E /* N40W105.hgt */ = {isa = PBXFileReference; lastKnownFileType = file; path = N40W105.hgt; sourceTree = "<group>"; };
		F91D47041CEA9AFD00AB483E /* N40W106.hgt */ = {isa = PBXFileReference; lastKnownFileType = file; path = N40W106.hgt; sourceTree = "<group>"; };
		F91D47051CEA9AFD00AB483E /* README.txt */ = {isa = PBXFileReference; fileEncoding = 4; lastKnownFileType = text; path = README.txt; sourceTree = "<group>"; };
		F91D47081CEA9AFD00AB483E /* ObserverEntity.swift */ = {isa = PBXFileReference; fileEncoding = 4; lastKnownFileType = sourcecode.swift; path = ObserverEntity.swift; sourceTree = "<group>"; };
		F91D47091CEA9AFD00AB483E /* ObserverFacade.swift */ = {isa = PBXFileReference; fileEncoding = 4; lastKnownFileType = sourcecode.swift; path = ObserverFacade.swift; sourceTree = "<group>"; };
		F91D470B1CEA9AFD00AB483E /* AxisOrientedBoundingBox.swift */ = {isa = PBXFileReference; fileEncoding = 4; lastKnownFileType = sourcecode.swift; path = AxisOrientedBoundingBox.swift; sourceTree = "<group>"; };
		F91D470C1CEA9AFD00AB483E /* Sector.swift */ = {isa = PBXFileReference; fileEncoding = 4; lastKnownFileType = sourcecode.swift; path = Sector.swift; sourceTree = "<group>"; };
		F91D470E1CEA9AFD00AB483E /* BresenhamsLineAlgoritm.swift */ = {isa = PBXFileReference; fileEncoding = 4; lastKnownFileType = sourcecode.swift; path = BresenhamsLineAlgoritm.swift; sourceTree = "<group>"; };
		F91D470F1CEA9AFD00AB483E /* DataGrid.swift */ = {isa = PBXFileReference; fileEncoding = 4; lastKnownFileType = sourcecode.swift; path = DataGrid.swift; sourceTree = "<group>"; };
		F91D47101CEA9AFD00AB483E /* Perimeter.swift */ = {isa = PBXFileReference; fileEncoding = 4; lastKnownFileType = sourcecode.swift; path = Perimeter.swift; sourceTree = "<group>"; };
		F91D47111CEA9AFD00AB483E /* RectangularPerimeter.swift */ = {isa = PBXFileReference; fileEncoding = 4; lastKnownFileType = sourcecode.swift; path = RectangularPerimeter.swift; sourceTree = "<group>"; };
		F91D47121CEA9AFD00AB483E /* SectorPerimeter.swift */ = {isa = PBXFileReference; fileEncoding = 4; lastKnownFileType = sourcecode.swift; path = SectorPerimeter.swift; sourceTree = "<group>"; };
		F91D47141CEA9AFD00AB483E /* HGTFile.swift */ = {isa = PBXFileReference; fileEncoding = 4; lastKnownFileType = sourcecode.swift; path = HGTFile.swift; sourceTree = "<group>"; };
		F91D47151CEA9AFD00AB483E /* Observer.swift */ = {isa = PBXFileReference; fileEncoding = 4; lastKnownFileType = sourcecode.swift; path = Observer.swift; sourceTree = "<group>"; };
		F91D47181CEA9AFD00AB483E /* ViewshedResult.swift */ = {isa = PBXFileReference; fileEncoding = 4; lastKnownFileType = sourcecode.swift; path = ViewshedResult.swift; sourceTree = "<group>"; };
		F91D47191CEA9AFD00AB483E /* ViewshedTool.swift */ = {isa = PBXFileReference; fileEncoding = 4; lastKnownFileType = sourcecode.swift; path = ViewshedTool.swift; sourceTree = "<group>"; };
		F91D471A1CEA9AFD00AB483E /* ViewshedWork.swift */ = {isa = PBXFileReference; fileEncoding = 4; lastKnownFileType = sourcecode.swift; path = ViewshedWork.swift; sourceTree = "<group>"; };
		F91D471C1CEA9AFD00AB483E /* FranklinRayViewshed.swift */ = {isa = PBXFileReference; fileEncoding = 4; lastKnownFileType = sourcecode.swift; path = FranklinRayViewshed.swift; sourceTree = "<group>"; };
		F91D471E1CEA9AFD00AB483E /* VanKreveldCell.swift */ = {isa = PBXFileReference; fileEncoding = 4; lastKnownFileType = sourcecode.swift; path = VanKreveldCell.swift; sourceTree = "<group>"; };
		F91D471F1CEA9AFD00AB483E /* KreveldActiveBinaryTree.swift */ = {isa = PBXFileReference; fileEncoding = 4; lastKnownFileType = sourcecode.swift; path = KreveldActiveBinaryTree.swift; sourceTree = "<group>"; };
		F91D47201CEA9AFD00AB483E /* VanKreveldSweepEventNode.swift */ = {isa = PBXFileReference; fileEncoding = 4; lastKnownFileType = sourcecode.swift; path = VanKreveldSweepEventNode.swift; sourceTree = "<group>"; };
		F91D47211CEA9AFD00AB483E /* VanKreveldStatusEntry.swift */ = {isa = PBXFileReference; fileEncoding = 4; lastKnownFileType = sourcecode.swift; path = VanKreveldStatusEntry.swift; sourceTree = "<group>"; };
		F91D47221CEA9AFD00AB483E /* VanKreveldViewshed.swift */ = {isa = PBXFileReference; fileEncoding = 4; lastKnownFileType = sourcecode.swift; path = VanKreveldViewshed.swift; sourceTree = "<group>"; };
		F91D47231CEA9AFD00AB483E /* ViewshedAlgorithm.swift */ = {isa = PBXFileReference; fileEncoding = 4; lastKnownFileType = sourcecode.swift; path = ViewshedAlgorithm.swift; sourceTree = "<group>"; };
		F91D47251CEA9AFD00AB483E /* ActivityIndicator.swift */ = {isa = PBXFileReference; fileEncoding = 4; lastKnownFileType = sourcecode.swift; path = ActivityIndicator.swift; sourceTree = "<group>"; };
		F91D47261CEA9AFD00AB483E /* BoundingBoxUtility.swift */ = {isa = PBXFileReference; fileEncoding = 4; lastKnownFileType = sourcecode.swift; path = BoundingBoxUtility.swift; sourceTree = "<group>"; };
		F91D47271CEA9AFD00AB483E /* GeoUtility.swift */ = {isa = PBXFileReference; fileEncoding = 4; lastKnownFileType = sourcecode.swift; path = GeoUtility.swift; sourceTree = "<group>"; };
		F91D47281CEA9AFD00AB483E /* HGTDownloader.swift */ = {isa = PBXFileReference; fileEncoding = 4; lastKnownFileType = sourcecode.swift; path = HGTDownloader.swift; sourceTree = "<group>"; };
		F91D47291CEA9AFD00AB483E /* HGTManager.swift */ = {isa = PBXFileReference; fileEncoding = 4; lastKnownFileType = sourcecode.swift; path = HGTManager.swift; sourceTree = "<group>"; };
		F91D472A1CEA9AFD00AB483E /* HGTRegions.swift */ = {isa = PBXFileReference; fileEncoding = 4; lastKnownFileType = sourcecode.swift; path = HGTRegions.swift; sourceTree = "<group>"; };
		F91D472B1CEA9AFD00AB483E /* Toast.swift */ = {isa = PBXFileReference; fileEncoding = 4; lastKnownFileType = sourcecode.swift; path = Toast.swift; sourceTree = "<group>"; };
		F91D472C1CEA9AFD00AB483E /* ImageUtility.swift */ = {isa = PBXFileReference; fileEncoding = 4; lastKnownFileType = sourcecode.swift; path = ImageUtility.swift; sourceTree = "<group>"; };
		F91D472E1CEA9AFD00AB483E /* Pixel.swift */ = {isa = PBXFileReference; fileEncoding = 4; lastKnownFileType = sourcecode.swift; path = Pixel.swift; sourceTree = "<group>"; };
		F91D472F1CEA9AFD00AB483E /* GridOverlay.swift */ = {isa = PBXFileReference; fileEncoding = 4; lastKnownFileType = sourcecode.swift; path = GridOverlay.swift; sourceTree = "<group>"; };
		F91D47301CEA9AFD00AB483E /* GridOverlayView.swift */ = {isa = PBXFileReference; fileEncoding = 4; lastKnownFileType = sourcecode.swift; path = GridOverlayView.swift; sourceTree = "<group>"; };
		F924C1FF1CF3B51E00905FBC /* HGTRegions.txt */ = {isa = PBXFileReference; fileEncoding = 4; lastKnownFileType = text; path = HGTRegions.txt; sourceTree = "<group>"; };
		F924C2021CF3B82C00905FBC /* StreamReader.swift */ = {isa = PBXFileReference; fileEncoding = 4; lastKnownFileType = sourcecode.swift; path = StreamReader.swift; sourceTree = "<group>"; };
		F926E7581D10AE4F001AD367 /* Images.xcassets */ = {isa = PBXFileReference; lastKnownFileType = folder.assetcatalog; name = Images.xcassets; path = ../../FogMachine/FogMachine/Images.xcassets; sourceTree = "<group>"; };
		F92D253C1CEFC55000C109AE /* ElevationTool.swift */ = {isa = PBXFileReference; fileEncoding = 4; lastKnownFileType = sourcecode.swift; path = ElevationTool.swift; sourceTree = "<group>"; };
		F975408C1D09F989005E222E /* VanKreveldEventType.swift */ = {isa = PBXFileReference; fileEncoding = 4; lastKnownFileType = sourcecode.swift; path = VanKreveldEventType.swift; sourceTree = "<group>"; };
		F99D8C091D13594300DD754F /* Base */ = {isa = PBXFileReference; lastKnownFileType = file.storyboard; name = Base; path = FogViewshed/Base.lproj/LaunchScreen.storyboard; sourceTree = "<group>"; };
		F9B9FD161D10A46100610CB1 /* en */ = {isa = PBXFileReference; lastKnownFileType = file.storyboard; name = en; path = ../../FogMachine/FogMachine/en.lproj/FogMachine.storyboard; sourceTree = "<group>"; };
/* End PBXFileReference section */

/* Begin PBXFrameworksBuildPhase section */
		E314F6B81B79023D005B75C6 /* Frameworks */ = {
			isa = PBXFrameworksBuildPhase;
			buildActionMask = 2147483647;
			files = (
				F913E2571D1869F30012A431 /* Pods_FogMachine.framework in Frameworks */,
				9C087DEA9387C323CF6DAE62 /* Pods_FogViewshed.framework in Frameworks */,
			);
			runOnlyForDeploymentPostprocessing = 0;
		};
		E314F6CF1B79023D005B75C6 /* Frameworks */ = {
			isa = PBXFrameworksBuildPhase;
			buildActionMask = 2147483647;
			files = (
			);
			runOnlyForDeploymentPostprocessing = 0;
		};
/* End PBXFrameworksBuildPhase section */

/* Begin PBXGroup section */
		401D5B75ECC7ACCCF10B7514 /* Frameworks */ = {
			isa = PBXGroup;
			children = (
				F913E2561D1869F30012A431 /* Pods_FogMachine.framework */,
				23ACD3D789C87F8790B278E1 /* Pods_FogViewshed.framework */,
			);
			name = Frameworks;
			sourceTree = "<group>";
		};
		B2895BE1E0A77C1DD56AD493 /* Pods */ = {
			isa = PBXGroup;
			children = (
				67B94BD07B1840DDFEF8600A /* Pods-FogViewshed.debug.xcconfig */,
				8B12973A4FECB067D196E0B8 /* Pods-FogViewshed.release.xcconfig */,
			);
			name = Pods;
			sourceTree = "<group>";
		};
		E314F6B21B79023D005B75C6 = {
			isa = PBXGroup;
			children = (
				F926E7581D10AE4F001AD367 /* Images.xcassets */,
				F9B9FD151D10A46100610CB1 /* FogMachine.storyboard */,
				E314F6BD1B79023D005B75C6 /* FogViewshed */,
				E314F6D51B79023D005B75C6 /* FogViewshedTests */,
				E314F6BC1B79023D005B75C6 /* Products */,
				B2895BE1E0A77C1DD56AD493 /* Pods */,
				401D5B75ECC7ACCCF10B7514 /* Frameworks */,
			);
			sourceTree = "<group>";
		};
		E314F6BC1B79023D005B75C6 /* Products */ = {
			isa = PBXGroup;
			children = (
				E314F6BB1B79023D005B75C6 /* FogViewshed.app */,
				E314F6D21B79023D005B75C6 /* FogViewshed.xctest */,
			);
			name = Products;
			sourceTree = "<group>";
		};
		E314F6BD1B79023D005B75C6 /* FogViewshed */ = {
			isa = PBXGroup;
			children = (
				F91D46E21CEA9AFD00AB483E /* Controllers */,
				F91D46E81CEA9AFD00AB483E /* Data */,
				F91D47061CEA9AFD00AB483E /* Models */,
				F91D47241CEA9AFD00AB483E /* Utility */,
				F91D472D1CEA9AFD00AB483E /* View */,
				F91D46DE1CEA9AED00AB483E /* AppDelegate.swift */,
				F91D46DF1CEA9AED00AB483E /* Constants.swift */,
				754175861C57C84B000D51E0 /* FogMachine.xcdatamodeld */,
				E314F6C61B79023D005B75C6 /* Main.storyboard */,
				E314F6C91B79023D005B75C6 /* Images.xcassets */,
				F99D8C081D13594300DD754F /* LaunchScreen.storyboard */,
				E314F6BE1B79023D005B75C6 /* Supporting Files */,
				F91D46DD1CEA9AED00AB483E /* FogViewshed-Bridging-Header.h */,
			);
			path = FogViewshed;
			sourceTree = "<group>";
		};
		E314F6BE1B79023D005B75C6 /* Supporting Files */ = {
			isa = PBXGroup;
			children = (
				E314F6BF1B79023D005B75C6 /* Info.plist */,
			);
			name = "Supporting Files";
			sourceTree = "<group>";
		};
		E314F6D51B79023D005B75C6 /* FogViewshedTests */ = {
			isa = PBXGroup;
			children = (
				E314F6D81B79023D005B75C6 /* FogViewshedTests.swift */,
				E314F6D61B79023D005B75C6 /* Supporting Files */,
			);
			path = FogViewshedTests;
			sourceTree = "<group>";
		};
		E314F6D61B79023D005B75C6 /* Supporting Files */ = {
			isa = PBXGroup;
			children = (
				E314F6D71B79023D005B75C6 /* Info.plist */,
			);
			name = "Supporting Files";
			sourceTree = "<group>";
		};
		F91D46E21CEA9AFD00AB483E /* Controllers */ = {
			isa = PBXGroup;
			children = (
				F91D46E41CEA9AFD00AB483E /* DataViewController.swift */,
				F91D46E51CEA9AFD00AB483E /* ObserverSettingsViewController.swift */,
				F91D46E61CEA9AFD00AB483E /* SettingsViewController.swift */,
				F91D46E71CEA9AFD00AB483E /* ViewshedViewController.swift */,
			);
			path = Controllers;
			sourceTree = "<group>";
		};
		F91D46E81CEA9AFD00AB483E /* Data */ = {
			isa = PBXGroup;
			children = (
				F91D46E91CEA9AFD00AB483E /* HGT */,
			);
			path = Data;
			sourceTree = "<group>";
		};
		F91D46E91CEA9AFD00AB483E /* HGT */ = {
			isa = PBXGroup;
			children = (
				F91D46EA1CEA9AFD00AB483E /* N25W081.hgt */,
				F91D46EB1CEA9AFD00AB483E /* N25W082.hgt */,
				F91D46EC1CEA9AFD00AB483E /* N26W080.hgt */,
				F91D46ED1CEA9AFD00AB483E /* N26W081.hgt */,
				F91D46EE1CEA9AFD00AB483E /* N26W082.hgt */,
				F91D46EF1CEA9AFD00AB483E /* N32W118.hgt */,
				F91D46F01CEA9AFD00AB483E /* N33W117.hgt */,
				F91D46F11CEA9AFD00AB483E /* N33W118.hgt */,
				F91D46F21CEA9AFD00AB483E /* N33W119.hgt */,
				F91D46F31CEA9AFD00AB483E /* N34W117.hgt */,
				F91D46F41CEA9AFD00AB483E /* N34W118.hgt */,
				F91D46F51CEA9AFD00AB483E /* N34W119.hgt */,
				F91D46F61CEA9AFD00AB483E /* N34W120.hgt */,
				F91D46F71CEA9AFD00AB483E /* N36W121.hgt */,
				F91D46F81CEA9AFD00AB483E /* N37W078.hgt */,
				F91D46F91CEA9AFD00AB483E /* N37W122.hgt */,
				F91D46FA1CEA9AFD00AB483E /* N37W123.hgt */,
				F91D46FB1CEA9AFD00AB483E /* N38W077.hgt */,
				F91D46FC1CEA9AFD00AB483E /* N38W078.hgt */,
				F91D46FD1CEA9AFD00AB483E /* N38W123.hgt */,
				F91D46FE1CEA9AFD00AB483E /* N38W124.hgt */,
				F91D46FF1CEA9AFD00AB483E /* N39W077.hgt */,
				F91D47001CEA9AFD00AB483E /* N39W078.hgt */,
				F91D47011CEA9AFD00AB483E /* N39W105.hgt */,
				F91D47021CEA9AFD00AB483E /* N39W106.hgt */,
				F91D47031CEA9AFD00AB483E /* N40W105.hgt */,
				F91D47041CEA9AFD00AB483E /* N40W106.hgt */,
				F91D47051CEA9AFD00AB483E /* README.txt */,
				F924C1FF1CF3B51E00905FBC /* HGTRegions.txt */,
			);
			path = HGT;
			sourceTree = "<group>";
		};
		F91D47061CEA9AFD00AB483E /* Models */ = {
			isa = PBXGroup;
			children = (
				F92D253B1CEFC55000C109AE /* Elevation */,
				F91D47071CEA9AFD00AB483E /* Coredata */,
				F91D470A1CEA9AFD00AB483E /* Geometries */,
				F91D470D1CEA9AFD00AB483E /* Grid */,
				F91D47131CEA9AFD00AB483E /* HGT */,
				F91D47151CEA9AFD00AB483E /* Observer.swift */,
				F91D47161CEA9AFD00AB483E /* Viewshed */,
			);
			path = Models;
			sourceTree = "<group>";
		};
		F91D47071CEA9AFD00AB483E /* Coredata */ = {
			isa = PBXGroup;
			children = (
				F91D47081CEA9AFD00AB483E /* ObserverEntity.swift */,
				F91D47091CEA9AFD00AB483E /* ObserverFacade.swift */,
			);
			path = Coredata;
			sourceTree = "<group>";
		};
		F91D470A1CEA9AFD00AB483E /* Geometries */ = {
			isa = PBXGroup;
			children = (
				F91D470B1CEA9AFD00AB483E /* AxisOrientedBoundingBox.swift */,
				F91D470C1CEA9AFD00AB483E /* Sector.swift */,
			);
			path = Geometries;
			sourceTree = "<group>";
		};
		F91D470D1CEA9AFD00AB483E /* Grid */ = {
			isa = PBXGroup;
			children = (
				F91D470E1CEA9AFD00AB483E /* BresenhamsLineAlgoritm.swift */,
				F91D470F1CEA9AFD00AB483E /* DataGrid.swift */,
				F91D47101CEA9AFD00AB483E /* Perimeter.swift */,
				F91D47111CEA9AFD00AB483E /* RectangularPerimeter.swift */,
				F91D47121CEA9AFD00AB483E /* SectorPerimeter.swift */,
			);
			path = Grid;
			sourceTree = "<group>";
		};
		F91D47131CEA9AFD00AB483E /* HGT */ = {
			isa = PBXGroup;
			children = (
				F91D47141CEA9AFD00AB483E /* HGTFile.swift */,
			);
			path = HGT;
			sourceTree = "<group>";
		};
		F91D47161CEA9AFD00AB483E /* Viewshed */ = {
			isa = PBXGroup;
			children = (
				F91D47171CEA9AFD00AB483E /* FogMachine */,
				F91D471B1CEA9AFD00AB483E /* FranklinRay */,
				F91D471D1CEA9AFD00AB483E /* VanKreveld */,
				F91D47231CEA9AFD00AB483E /* ViewshedAlgorithm.swift */,
			);
			path = Viewshed;
			sourceTree = "<group>";
		};
		F91D47171CEA9AFD00AB483E /* FogMachine */ = {
			isa = PBXGroup;
			children = (
				F91D47181CEA9AFD00AB483E /* ViewshedResult.swift */,
				F91D47191CEA9AFD00AB483E /* ViewshedTool.swift */,
				F91D471A1CEA9AFD00AB483E /* ViewshedWork.swift */,
			);
			path = FogMachine;
			sourceTree = "<group>";
		};
		F91D471B1CEA9AFD00AB483E /* FranklinRay */ = {
			isa = PBXGroup;
			children = (
				F91D471C1CEA9AFD00AB483E /* FranklinRayViewshed.swift */,
			);
			path = FranklinRay;
			sourceTree = "<group>";
		};
		F91D471D1CEA9AFD00AB483E /* VanKreveld */ = {
			isa = PBXGroup;
			children = (
				F91D471E1CEA9AFD00AB483E /* VanKreveldCell.swift */,
				F91D471F1CEA9AFD00AB483E /* KreveldActiveBinaryTree.swift */,
				F91D47201CEA9AFD00AB483E /* VanKreveldSweepEventNode.swift */,
				F91D47211CEA9AFD00AB483E /* VanKreveldStatusEntry.swift */,
				F91D47221CEA9AFD00AB483E /* VanKreveldViewshed.swift */,
				F975408C1D09F989005E222E /* VanKreveldEventType.swift */,
			);
			path = VanKreveld;
			sourceTree = "<group>";
		};
		F91D47241CEA9AFD00AB483E /* Utility */ = {
			isa = PBXGroup;
			children = (
				F91D47251CEA9AFD00AB483E /* ActivityIndicator.swift */,
				F91D47261CEA9AFD00AB483E /* BoundingBoxUtility.swift */,
				F91D47271CEA9AFD00AB483E /* GeoUtility.swift */,
				F91D47281CEA9AFD00AB483E /* HGTDownloader.swift */,
				F91D47291CEA9AFD00AB483E /* HGTManager.swift */,
				F91D472A1CEA9AFD00AB483E /* HGTRegions.swift */,
				F91D472B1CEA9AFD00AB483E /* Toast.swift */,
				F91D472C1CEA9AFD00AB483E /* ImageUtility.swift */,
				F924C2021CF3B82C00905FBC /* StreamReader.swift */,
			);
			path = Utility;
			sourceTree = "<group>";
		};
		F91D472D1CEA9AFD00AB483E /* View */ = {
			isa = PBXGroup;
			children = (
				F91D472E1CEA9AFD00AB483E /* Pixel.swift */,
				F91D472F1CEA9AFD00AB483E /* GridOverlay.swift */,
				F91D47301CEA9AFD00AB483E /* GridOverlayView.swift */,
			);
			path = View;
			sourceTree = "<group>";
		};
		F92D253B1CEFC55000C109AE /* Elevation */ = {
			isa = PBXGroup;
			children = (
				F92D253C1CEFC55000C109AE /* ElevationTool.swift */,
			);
			path = Elevation;
			sourceTree = "<group>";
		};
/* End PBXGroup section */

/* Begin PBXNativeTarget section */
		E314F6BA1B79023D005B75C6 /* FogViewshed */ = {
			isa = PBXNativeTarget;
			buildConfigurationList = E314F6DC1B79023D005B75C6 /* Build configuration list for PBXNativeTarget "FogViewshed" */;
			buildPhases = (
				DD9411F991E2ABAC4A9BF42D /* Check Pods Manifest.lock */,
				E314F6B71B79023D005B75C6 /* Sources */,
				E314F6B81B79023D005B75C6 /* Frameworks */,
				E314F6B91B79023D005B75C6 /* Resources */,
				082DCADF35E586762BD71722 /* Embed Pods Frameworks */,
				D66151F748EF8EDB277C83AE /* Copy Pods Resources */,
			);
			buildRules = (
			);
			dependencies = (
			);
			name = FogViewshed;
			productName = FogMachineSearch;
			productReference = E314F6BB1B79023D005B75C6 /* FogViewshed.app */;
			productType = "com.apple.product-type.application";
		};
		E314F6D11B79023D005B75C6 /* FogViewshedTests */ = {
			isa = PBXNativeTarget;
			buildConfigurationList = E314F6DF1B79023D005B75C6 /* Build configuration list for PBXNativeTarget "FogViewshedTests" */;
			buildPhases = (
				E314F6CE1B79023D005B75C6 /* Sources */,
				E314F6CF1B79023D005B75C6 /* Frameworks */,
				E314F6D01B79023D005B75C6 /* Resources */,
			);
			buildRules = (
			);
			dependencies = (
				E314F6D41B79023D005B75C6 /* PBXTargetDependency */,
			);
			name = FogViewshedTests;
			productName = FogMachineSearchTests;
			productReference = E314F6D21B79023D005B75C6 /* FogViewshed.xctest */;
			productType = "com.apple.product-type.bundle.unit-test";
		};
/* End PBXNativeTarget section */

/* Begin PBXProject section */
		E314F6B31B79023D005B75C6 /* Project object */ = {
			isa = PBXProject;
			attributes = {
				LastSwiftMigration = 0700;
				LastSwiftUpdateCheck = 0730;
				LastUpgradeCheck = 0700;
				ORGANIZATIONNAME = NGA;
				TargetAttributes = {
					E314F6BA1B79023D005B75C6 = {
						CreatedOnToolsVersion = 6.4;
						DevelopmentTeam = A8EK924J35;
					};
					E314F6D11B79023D005B75C6 = {
						CreatedOnToolsVersion = 6.4;
						TestTargetID = E314F6BA1B79023D005B75C6;
					};
				};
			};
			buildConfigurationList = E314F6B61B79023D005B75C6 /* Build configuration list for PBXProject "FogViewshed" */;
			compatibilityVersion = "Xcode 3.2";
			developmentRegion = English;
			hasScannedForEncodings = 0;
			knownRegions = (
				en,
				Base,
			);
			mainGroup = E314F6B21B79023D005B75C6;
			productRefGroup = E314F6BC1B79023D005B75C6 /* Products */;
			projectDirPath = "";
			projectRoot = "";
			targets = (
				E314F6BA1B79023D005B75C6 /* FogViewshed */,
				E314F6D11B79023D005B75C6 /* FogViewshedTests */,
			);
		};
/* End PBXProject section */

/* Begin PBXResourcesBuildPhase section */
		E314F6B91B79023D005B75C6 /* Resources */ = {
			isa = PBXResourcesBuildPhase;
			buildActionMask = 2147483647;
			files = (
				F926E7591D10AE4F001AD367 /* Images.xcassets in Resources */,
				F9B9FD171D10A46100610CB1 /* FogMachine.storyboard in Resources */,
				F924C2001CF3B51E00905FBC /* HGTRegions.txt in Resources */,
				F91D47451CEA9AFD00AB483E /* N37W122.hgt in Resources */,
				E314F6C81B79023D005B75C6 /* Main.storyboard in Resources */,
				F91D47411CEA9AFD00AB483E /* N34W119.hgt in Resources */,
				F91D474A1CEA9AFD00AB483E /* N38W124.hgt in Resources */,
				F99D8C0A1D13594300DD754F /* LaunchScreen.storyboard in Resources */,
				F91D474E1CEA9AFD00AB483E /* N39W106.hgt in Resources */,
				F91D47481CEA9AFD00AB483E /* N38W078.hgt in Resources */,
				F91D47501CEA9AFD00AB483E /* N40W106.hgt in Resources */,
				F91D47491CEA9AFD00AB483E /* N38W123.hgt in Resources */,
				F91D47431CEA9AFD00AB483E /* N36W121.hgt in Resources */,
				F91D473B1CEA9AFD00AB483E /* N32W118.hgt in Resources */,
				F91D47361CEA9AFD00AB483E /* N25W081.hgt in Resources */,
				F91D47371CEA9AFD00AB483E /* N25W082.hgt in Resources */,
				F91D473A1CEA9AFD00AB483E /* N26W082.hgt in Resources */,
				F91D47391CEA9AFD00AB483E /* N26W081.hgt in Resources */,
				F91D474B1CEA9AFD00AB483E /* N39W077.hgt in Resources */,
				F91D474F1CEA9AFD00AB483E /* N40W105.hgt in Resources */,
				F91D47441CEA9AFD00AB483E /* N37W078.hgt in Resources */,
				F91D473C1CEA9AFD00AB483E /* N33W117.hgt in Resources */,
				E314F6CA1B79023D005B75C6 /* Images.xcassets in Resources */,
				F91D47511CEA9AFD00AB483E /* README.txt in Resources */,
				F91D473F1CEA9AFD00AB483E /* N34W117.hgt in Resources */,
				F91D47421CEA9AFD00AB483E /* N34W120.hgt in Resources */,
				F91D47401CEA9AFD00AB483E /* N34W118.hgt in Resources */,
				F91D47381CEA9AFD00AB483E /* N26W080.hgt in Resources */,
				F91D47461CEA9AFD00AB483E /* N37W123.hgt in Resources */,
				F91D474C1CEA9AFD00AB483E /* N39W078.hgt in Resources */,
				F91D47471CEA9AFD00AB483E /* N38W077.hgt in Resources */,
				F91D474D1CEA9AFD00AB483E /* N39W105.hgt in Resources */,
				F91D473E1CEA9AFD00AB483E /* N33W119.hgt in Resources */,
				F91D473D1CEA9AFD00AB483E /* N33W118.hgt in Resources */,
			);
			runOnlyForDeploymentPostprocessing = 0;
		};
		E314F6D01B79023D005B75C6 /* Resources */ = {
			isa = PBXResourcesBuildPhase;
			buildActionMask = 2147483647;
			files = (
			);
			runOnlyForDeploymentPostprocessing = 0;
		};
/* End PBXResourcesBuildPhase section */

/* Begin PBXShellScriptBuildPhase section */
		082DCADF35E586762BD71722 /* Embed Pods Frameworks */ = {
			isa = PBXShellScriptBuildPhase;
			buildActionMask = 2147483647;
			files = (
			);
			inputPaths = (
			);
			name = "Embed Pods Frameworks";
			outputPaths = (
			);
			runOnlyForDeploymentPostprocessing = 0;
			shellPath = /bin/sh;
			shellScript = "\"${SRCROOT}/../../Pods/Target Support Files/Pods-FogViewshed/Pods-FogViewshed-frameworks.sh\"\n";
			showEnvVarsInLog = 0;
		};
		D66151F748EF8EDB277C83AE /* Copy Pods Resources */ = {
			isa = PBXShellScriptBuildPhase;
			buildActionMask = 2147483647;
			files = (
			);
			inputPaths = (
			);
			name = "Copy Pods Resources";
			outputPaths = (
			);
			runOnlyForDeploymentPostprocessing = 0;
			shellPath = /bin/sh;
			shellScript = "\"${SRCROOT}/../../Pods/Target Support Files/Pods-FogViewshed/Pods-FogViewshed-resources.sh\"\n";
			showEnvVarsInLog = 0;
		};
		DD9411F991E2ABAC4A9BF42D /* Check Pods Manifest.lock */ = {
			isa = PBXShellScriptBuildPhase;
			buildActionMask = 2147483647;
			files = (
			);
			inputPaths = (
			);
			name = "Check Pods Manifest.lock";
			outputPaths = (
			);
			runOnlyForDeploymentPostprocessing = 0;
			shellPath = /bin/sh;
			shellScript = "diff \"${PODS_ROOT}/../Podfile.lock\" \"${PODS_ROOT}/Manifest.lock\" > /dev/null\nif [[ $? != 0 ]] ; then\n    cat << EOM\nerror: The sandbox is not in sync with the Podfile.lock. Run 'pod install' or update your CocoaPods installation.\nEOM\n    exit 1\nfi\n";
			showEnvVarsInLog = 0;
		};
/* End PBXShellScriptBuildPhase section */

/* Begin PBXSourcesBuildPhase section */
		E314F6B71B79023D005B75C6 /* Sources */ = {
			isa = PBXSourcesBuildPhase;
			buildActionMask = 2147483647;
			files = (
				F91D476E1CEA9AFD00AB483E /* ImageUtility.swift in Sources */,
				F91D476A1CEA9AFD00AB483E /* HGTDownloader.swift in Sources */,
				F91D47531CEA9AFD00AB483E /* ObserverFacade.swift in Sources */,
				F91D46E01CEA9AED00AB483E /* AppDelegate.swift in Sources */,
				F91D47541CEA9AFD00AB483E /* AxisOrientedBoundingBox.swift in Sources */,
				F91D47341CEA9AFD00AB483E /* SettingsViewController.swift in Sources */,
				F91D47631CEA9AFD00AB483E /* VanKreveldSweepEventNode.swift in Sources */,
				F91D47321CEA9AFD00AB483E /* DataViewController.swift in Sources */,
				F91D47581CEA9AFD00AB483E /* Perimeter.swift in Sources */,
				F91D476F1CEA9AFD00AB483E /* Pixel.swift in Sources */,
				F91D47331CEA9AFD00AB483E /* ObserverSettingsViewController.swift in Sources */,
				F91D476C1CEA9AFD00AB483E /* HGTRegions.swift in Sources */,
				F91D47611CEA9AFD00AB483E /* VanKreveldCell.swift in Sources */,
				F91D47571CEA9AFD00AB483E /* DataGrid.swift in Sources */,
				F91D475D1CEA9AFD00AB483E /* ViewshedResult.swift in Sources */,
				F91D47711CEA9AFD00AB483E /* GridOverlayView.swift in Sources */,
				F91D47601CEA9AFD00AB483E /* FranklinRayViewshed.swift in Sources */,
				F91D47641CEA9AFD00AB483E /* VanKreveldStatusEntry.swift in Sources */,
				F91D475C1CEA9AFD00AB483E /* Observer.swift in Sources */,
				F91D47521CEA9AFD00AB483E /* ObserverEntity.swift in Sources */,
				F91D47701CEA9AFD00AB483E /* GridOverlay.swift in Sources */,
				F91D47671CEA9AFD00AB483E /* ActivityIndicator.swift in Sources */,
				F91D47651CEA9AFD00AB483E /* VanKreveldViewshed.swift in Sources */,
				F924C2031CF3B82C00905FBC /* StreamReader.swift in Sources */,
				F91D47591CEA9AFD00AB483E /* RectangularPerimeter.swift in Sources */,
				F91D475E1CEA9AFD00AB483E /* ViewshedTool.swift in Sources */,
				F91D47351CEA9AFD00AB483E /* ViewshedViewController.swift in Sources */,
				F91D475F1CEA9AFD00AB483E /* ViewshedWork.swift in Sources */,
				F91D47681CEA9AFD00AB483E /* BoundingBoxUtility.swift in Sources */,
				F91D476D1CEA9AFD00AB483E /* Toast.swift in Sources */,
				F975408D1D09F989005E222E /* VanKreveldEventType.swift in Sources */,
				7575B3E21C5963C100FE32E9 /* FogMachine.xcdatamodeld in Sources */,
				F91D476B1CEA9AFD00AB483E /* HGTManager.swift in Sources */,
				F91D47661CEA9AFD00AB483E /* ViewshedAlgorithm.swift in Sources */,
				F91D46E11CEA9AED00AB483E /* Constants.swift in Sources */,
				F91D47691CEA9AFD00AB483E /* GeoUtility.swift in Sources */,
				F91D47621CEA9AFD00AB483E /* KreveldActiveBinaryTree.swift in Sources */,
				F92D253D1CEFC55000C109AE /* ElevationTool.swift in Sources */,
				F91D47551CEA9AFD00AB483E /* Sector.swift in Sources */,
				F91D47561CEA9AFD00AB483E /* BresenhamsLineAlgoritm.swift in Sources */,
				F91D475A1CEA9AFD00AB483E /* SectorPerimeter.swift in Sources */,
				F91D475B1CEA9AFD00AB483E /* HGTFile.swift in Sources */,
			);
			runOnlyForDeploymentPostprocessing = 0;
		};
		E314F6CE1B79023D005B75C6 /* Sources */ = {
			isa = PBXSourcesBuildPhase;
			buildActionMask = 2147483647;
			files = (
				E314F6D91B79023D005B75C6 /* FogViewshedTests.swift in Sources */,
			);
			runOnlyForDeploymentPostprocessing = 0;
		};
/* End PBXSourcesBuildPhase section */

/* Begin PBXTargetDependency section */
		E314F6D41B79023D005B75C6 /* PBXTargetDependency */ = {
			isa = PBXTargetDependency;
			target = E314F6BA1B79023D005B75C6 /* FogViewshed */;
			targetProxy = E314F6D31B79023D005B75C6 /* PBXContainerItemProxy */;
		};
/* End PBXTargetDependency section */

/* Begin PBXVariantGroup section */
		E314F6C61B79023D005B75C6 /* Main.storyboard */ = {
			isa = PBXVariantGroup;
			children = (
				E314F6C71B79023D005B75C6 /* Base */,
			);
			name = Main.storyboard;
			sourceTree = "<group>";
		};
		F99D8C081D13594300DD754F /* LaunchScreen.storyboard */ = {
			isa = PBXVariantGroup;
			children = (
				F99D8C091D13594300DD754F /* Base */,
			);
			name = LaunchScreen.storyboard;
			path = ..;
			sourceTree = "<group>";
		};
		F9B9FD151D10A46100610CB1 /* FogMachine.storyboard */ = {
			isa = PBXVariantGroup;
			children = (
				F9B9FD161D10A46100610CB1 /* en */,
			);
			name = FogMachine.storyboard;
			sourceTree = "<group>";
		};
/* End PBXVariantGroup section */

/* Begin XCBuildConfiguration section */
		E314F6DA1B79023D005B75C6 /* Debug */ = {
			isa = XCBuildConfiguration;
			buildSettings = {
				ALWAYS_SEARCH_USER_PATHS = NO;
				CLANG_CXX_LANGUAGE_STANDARD = "gnu++0x";
				CLANG_CXX_LIBRARY = "libc++";
				CLANG_ENABLE_MODULES = YES;
				CLANG_ENABLE_OBJC_ARC = YES;
				CLANG_WARN_BOOL_CONVERSION = YES;
				CLANG_WARN_CONSTANT_CONVERSION = YES;
				CLANG_WARN_DIRECT_OBJC_ISA_USAGE = YES_ERROR;
				CLANG_WARN_EMPTY_BODY = YES;
				CLANG_WARN_ENUM_CONVERSION = YES;
				CLANG_WARN_INT_CONVERSION = YES;
				CLANG_WARN_OBJC_ROOT_CLASS = YES_ERROR;
				CLANG_WARN_UNREACHABLE_CODE = YES;
				CLANG_WARN__DUPLICATE_METHOD_MATCH = YES;
				"CODE_SIGN_IDENTITY[sdk=iphoneos*]" = "iPhone Developer";
				COPY_PHASE_STRIP = NO;
				DEBUG_INFORMATION_FORMAT = "dwarf-with-dsym";
				ENABLE_STRICT_OBJC_MSGSEND = YES;
				ENABLE_TESTABILITY = YES;
				GCC_C_LANGUAGE_STANDARD = gnu99;
				GCC_DYNAMIC_NO_PIC = NO;
				GCC_NO_COMMON_BLOCKS = YES;
				GCC_OPTIMIZATION_LEVEL = 0;
				GCC_PREPROCESSOR_DEFINITIONS = (
					"DEBUG=1",
					"$(inherited)",
				);
				GCC_SYMBOLS_PRIVATE_EXTERN = NO;
				GCC_WARN_64_TO_32_BIT_CONVERSION = YES;
				GCC_WARN_ABOUT_RETURN_TYPE = YES_ERROR;
				GCC_WARN_UNDECLARED_SELECTOR = YES;
				GCC_WARN_UNINITIALIZED_AUTOS = YES_AGGRESSIVE;
				GCC_WARN_UNUSED_FUNCTION = YES;
				GCC_WARN_UNUSED_VARIABLE = YES;
				IPHONEOS_DEPLOYMENT_TARGET = 8.4;
				MTL_ENABLE_DEBUG_INFO = YES;
				ONLY_ACTIVE_ARCH = YES;
				SDKROOT = iphoneos;
				SWIFT_OPTIMIZATION_LEVEL = "-Onone";
				TARGETED_DEVICE_FAMILY = "1,2";
			};
			name = Debug;
		};
		E314F6DB1B79023D005B75C6 /* Release */ = {
			isa = XCBuildConfiguration;
			buildSettings = {
				ALWAYS_SEARCH_USER_PATHS = NO;
				CLANG_CXX_LANGUAGE_STANDARD = "gnu++0x";
				CLANG_CXX_LIBRARY = "libc++";
				CLANG_ENABLE_MODULES = YES;
				CLANG_ENABLE_OBJC_ARC = YES;
				CLANG_WARN_BOOL_CONVERSION = YES;
				CLANG_WARN_CONSTANT_CONVERSION = YES;
				CLANG_WARN_DIRECT_OBJC_ISA_USAGE = YES_ERROR;
				CLANG_WARN_EMPTY_BODY = YES;
				CLANG_WARN_ENUM_CONVERSION = YES;
				CLANG_WARN_INT_CONVERSION = YES;
				CLANG_WARN_OBJC_ROOT_CLASS = YES_ERROR;
				CLANG_WARN_UNREACHABLE_CODE = YES;
				CLANG_WARN__DUPLICATE_METHOD_MATCH = YES;
				"CODE_SIGN_IDENTITY[sdk=iphoneos*]" = "iPhone Developer";
				COPY_PHASE_STRIP = NO;
				DEBUG_INFORMATION_FORMAT = "dwarf-with-dsym";
				ENABLE_NS_ASSERTIONS = NO;
				ENABLE_STRICT_OBJC_MSGSEND = YES;
				GCC_C_LANGUAGE_STANDARD = gnu99;
				GCC_NO_COMMON_BLOCKS = YES;
				GCC_WARN_64_TO_32_BIT_CONVERSION = YES;
				GCC_WARN_ABOUT_RETURN_TYPE = YES_ERROR;
				GCC_WARN_UNDECLARED_SELECTOR = YES;
				GCC_WARN_UNINITIALIZED_AUTOS = YES_AGGRESSIVE;
				GCC_WARN_UNUSED_FUNCTION = YES;
				GCC_WARN_UNUSED_VARIABLE = YES;
				IPHONEOS_DEPLOYMENT_TARGET = 8.4;
				MTL_ENABLE_DEBUG_INFO = NO;
				SDKROOT = iphoneos;
				TARGETED_DEVICE_FAMILY = "1,2";
				VALIDATE_PRODUCT = YES;
			};
			name = Release;
		};
		E314F6DD1B79023D005B75C6 /* Debug */ = {
			isa = XCBuildConfiguration;
			baseConfigurationReference = 67B94BD07B1840DDFEF8600A /* Pods-FogViewshed.debug.xcconfig */;
			buildSettings = {
				ASSETCATALOG_COMPILER_APPICON_NAME = AppIcon;
				CLANG_ENABLE_MODULES = YES;
				CODE_SIGN_IDENTITY = "iPhone Developer";
				"CODE_SIGN_IDENTITY[sdk=iphoneos*]" = "iPhone Developer";
				INFOPLIST_FILE = FogViewshed/Info.plist;
				IPHONEOS_DEPLOYMENT_TARGET = 9.0;
				LD_RUNPATH_SEARCH_PATHS = "$(inherited) @executable_path/Frameworks";
				PRODUCT_BUNDLE_IDENTIFIER = mil.nga.giat.FogViewshed;
				PRODUCT_NAME = FogViewshed;
				PROVISIONING_PROFILE = "";
				SWIFT_OBJC_BRIDGING_HEADER = "FogViewshed/FogViewshed-Bridging-Header.h";
				SWIFT_OPTIMIZATION_LEVEL = "-Onone";
			};
			name = Debug;
		};
		E314F6DE1B79023D005B75C6 /* Release */ = {
			isa = XCBuildConfiguration;
			baseConfigurationReference = 8B12973A4FECB067D196E0B8 /* Pods-FogViewshed.release.xcconfig */;
			buildSettings = {
				ASSETCATALOG_COMPILER_APPICON_NAME = AppIcon;
				CLANG_ENABLE_MODULES = YES;
				CODE_SIGN_IDENTITY = "iPhone Developer";
				"CODE_SIGN_IDENTITY[sdk=iphoneos*]" = "iPhone Developer";
				INFOPLIST_FILE = FogViewshed/Info.plist;
				IPHONEOS_DEPLOYMENT_TARGET = 9.0;
				LD_RUNPATH_SEARCH_PATHS = "$(inherited) @executable_path/Frameworks";
				PRODUCT_BUNDLE_IDENTIFIER = mil.nga.giat.FogViewshed;
				PRODUCT_NAME = FogViewshed;
				PROVISIONING_PROFILE = "";
				SWIFT_OBJC_BRIDGING_HEADER = "FogViewshed/FogViewshed-Bridging-Header.h";
			};
			name = Release;
		};
		E314F6E01B79023D005B75C6 /* Debug */ = {
			isa = XCBuildConfiguration;
			buildSettings = {
				BUNDLE_LOADER = "$(TEST_HOST)";
				FRAMEWORK_SEARCH_PATHS = (
					"$(SDKROOT)/Developer/Library/Frameworks",
					"$(inherited)",
				);
				GCC_PREPROCESSOR_DEFINITIONS = (
					"DEBUG=1",
					"$(inherited)",
				);
				INFOPLIST_FILE = FogViewshedTests/Info.plist;
				LD_RUNPATH_SEARCH_PATHS = "$(inherited) @executable_path/Frameworks @loader_path/Frameworks";
				PRODUCT_BUNDLE_IDENTIFIER = "mil.dod.nga.$(PRODUCT_NAME:rfc1034identifier)";
				PRODUCT_NAME = FogViewshed;
				TEST_HOST = "$(BUILT_PRODUCTS_DIR)/FogViewshed.app/FogViewshed";
			};
			name = Debug;
		};
		E314F6E11B79023D005B75C6 /* Release */ = {
			isa = XCBuildConfiguration;
			buildSettings = {
				BUNDLE_LOADER = "$(TEST_HOST)";
				FRAMEWORK_SEARCH_PATHS = (
					"$(SDKROOT)/Developer/Library/Frameworks",
					"$(inherited)",
				);
				INFOPLIST_FILE = FogViewshedTests/Info.plist;
				LD_RUNPATH_SEARCH_PATHS = "$(inherited) @executable_path/Frameworks @loader_path/Frameworks";
				PRODUCT_BUNDLE_IDENTIFIER = "mil.dod.nga.$(PRODUCT_NAME:rfc1034identifier)";
				PRODUCT_NAME = FogViewshed;
				TEST_HOST = "$(BUILT_PRODUCTS_DIR)/FogViewshed.app/FogViewshed";
			};
			name = Release;
		};
/* End XCBuildConfiguration section */

/* Begin XCConfigurationList section */
		E314F6B61B79023D005B75C6 /* Build configuration list for PBXProject "FogViewshed" */ = {
			isa = XCConfigurationList;
			buildConfigurations = (
				E314F6DA1B79023D005B75C6 /* Debug */,
				E314F6DB1B79023D005B75C6 /* Release */,
			);
			defaultConfigurationIsVisible = 0;
			defaultConfigurationName = Release;
		};
		E314F6DC1B79023D005B75C6 /* Build configuration list for PBXNativeTarget "FogViewshed" */ = {
			isa = XCConfigurationList;
			buildConfigurations = (
				E314F6DD1B79023D005B75C6 /* Debug */,
				E314F6DE1B79023D005B75C6 /* Release */,
			);
			defaultConfigurationIsVisible = 0;
			defaultConfigurationName = Release;
		};
		E314F6DF1B79023D005B75C6 /* Build configuration list for PBXNativeTarget "FogViewshedTests" */ = {
			isa = XCConfigurationList;
			buildConfigurations = (
				E314F6E01B79023D005B75C6 /* Debug */,
				E314F6E11B79023D005B75C6 /* Release */,
			);
			defaultConfigurationIsVisible = 0;
			defaultConfigurationName = Release;
		};
/* End XCConfigurationList section */

/* Begin XCVersionGroup section */
		754175861C57C84B000D51E0 /* FogMachine.xcdatamodeld */ = {
			isa = XCVersionGroup;
			children = (
				754175871C57C84B000D51E0 /* FogMachine.xcdatamodel */,
			);
			currentVersion = 754175871C57C84B000D51E0 /* FogMachine.xcdatamodel */;
			path = FogMachine.xcdatamodeld;
			sourceTree = "<group>";
			versionGroupType = wrapper.xcdatamodel;
		};
/* End XCVersionGroup section */
	};
	rootObject = E314F6B31B79023D005B75C6 /* Project object */;
}
