// !$*UTF8*$!
{
	archiveVersion = 1;
	classes = {
	};
	objectVersion = 46;
	objects = {

/* Begin PBXBuildFile section */
		75802C961C7F390B00DAE8BD /* AppDelegate.swift in Sources */ = {isa = PBXBuildFile; fileRef = 75802C951C7F390B00DAE8BD /* AppDelegate.swift */; };
		75802C981C7F390B00DAE8BD /* FirstViewController.swift in Sources */ = {isa = PBXBuildFile; fileRef = 75802C971C7F390B00DAE8BD /* FirstViewController.swift */; };
		75802C9A1C7F390B00DAE8BD /* SecondViewController.swift in Sources */ = {isa = PBXBuildFile; fileRef = 75802C991C7F390B00DAE8BD /* SecondViewController.swift */; };
		75802C9D1C7F390B00DAE8BD /* Main.storyboard in Resources */ = {isa = PBXBuildFile; fileRef = 75802C9B1C7F390B00DAE8BD /* Main.storyboard */; };
		75802C9F1C7F390B00DAE8BD /* Assets.xcassets in Resources */ = {isa = PBXBuildFile; fileRef = 75802C9E1C7F390B00DAE8BD /* Assets.xcassets */; };
		75802CA21C7F390B00DAE8BD /* LaunchScreen.storyboard in Resources */ = {isa = PBXBuildFile; fileRef = 75802CA01C7F390B00DAE8BD /* LaunchScreen.storyboard */; };
		75802CCB1C80881000DAE8BD /* MonteCristo.swift in Sources */ = {isa = PBXBuildFile; fileRef = 75802CCA1C80881000DAE8BD /* MonteCristo.swift */; };
		75802CD01C80887000DAE8BD /* SearchWork.swift in Sources */ = {isa = PBXBuildFile; fileRef = 75802CCF1C80887000DAE8BD /* SearchWork.swift */; };
		75802CD21C8088B700DAE8BD /* Constants.swift in Sources */ = {isa = PBXBuildFile; fileRef = 75802CD11C8088B700DAE8BD /* Constants.swift */; };
		9FA3CF26CFDC7106E43B38E7 /* Pods_FogSearch.framework in Frameworks */ = {isa = PBXBuildFile; fileRef = A95C355ACDD2ABDA044991C0 /* Pods_FogSearch.framework */; };
/* End PBXBuildFile section */

/* Begin PBXFileReference section */
		75802C921C7F390B00DAE8BD /* FogSearch.app */ = {isa = PBXFileReference; explicitFileType = wrapper.application; includeInIndex = 0; path = FogSearch.app; sourceTree = BUILT_PRODUCTS_DIR; };
		75802C951C7F390B00DAE8BD /* AppDelegate.swift */ = {isa = PBXFileReference; lastKnownFileType = sourcecode.swift; path = AppDelegate.swift; sourceTree = "<group>"; };
		75802C971C7F390B00DAE8BD /* FirstViewController.swift */ = {isa = PBXFileReference; lastKnownFileType = sourcecode.swift; path = FirstViewController.swift; sourceTree = "<group>"; };
		75802C991C7F390B00DAE8BD /* SecondViewController.swift */ = {isa = PBXFileReference; lastKnownFileType = sourcecode.swift; path = SecondViewController.swift; sourceTree = "<group>"; };
		75802C9C1C7F390B00DAE8BD /* Base */ = {isa = PBXFileReference; lastKnownFileType = file.storyboard; name = Base; path = Base.lproj/Main.storyboard; sourceTree = "<group>"; };
		75802C9E1C7F390B00DAE8BD /* Assets.xcassets */ = {isa = PBXFileReference; lastKnownFileType = folder.assetcatalog; path = Assets.xcassets; sourceTree = "<group>"; };
		75802CA11C7F390B00DAE8BD /* Base */ = {isa = PBXFileReference; lastKnownFileType = file.storyboard; name = Base; path = Base.lproj/LaunchScreen.storyboard; sourceTree = "<group>"; };
		75802CA31C7F390B00DAE8BD /* Info.plist */ = {isa = PBXFileReference; lastKnownFileType = text.plist.xml; path = Info.plist; sourceTree = "<group>"; };
		75802CCA1C80881000DAE8BD /* MonteCristo.swift */ = {isa = PBXFileReference; fileEncoding = 4; lastKnownFileType = sourcecode.swift; path = MonteCristo.swift; sourceTree = "<group>"; };
		75802CCF1C80887000DAE8BD /* SearchWork.swift */ = {isa = PBXFileReference; fileEncoding = 4; lastKnownFileType = sourcecode.swift; path = SearchWork.swift; sourceTree = "<group>"; };
		75802CD11C8088B700DAE8BD /* Constants.swift */ = {isa = PBXFileReference; fileEncoding = 4; lastKnownFileType = sourcecode.swift; path = Constants.swift; sourceTree = "<group>"; };
		97A7E70FA12CE33A93537F4E /* Pods-FogSearch.debug.xcconfig */ = {isa = PBXFileReference; includeInIndex = 1; lastKnownFileType = text.xcconfig; name = "Pods-FogSearch.debug.xcconfig"; path = "../../Pods/Target Support Files/Pods-FogSearch/Pods-FogSearch.debug.xcconfig"; sourceTree = "<group>"; };
		A95C355ACDD2ABDA044991C0 /* Pods_FogSearch.framework */ = {isa = PBXFileReference; explicitFileType = wrapper.framework; includeInIndex = 0; path = Pods_FogSearch.framework; sourceTree = BUILT_PRODUCTS_DIR; };
		E997FD756F049C84B6268091 /* Pods-FogSearch.release.xcconfig */ = {isa = PBXFileReference; includeInIndex = 1; lastKnownFileType = text.xcconfig; name = "Pods-FogSearch.release.xcconfig"; path = "../../Pods/Target Support Files/Pods-FogSearch/Pods-FogSearch.release.xcconfig"; sourceTree = "<group>"; };
/* End PBXFileReference section */

/* Begin PBXFrameworksBuildPhase section */
		75802C8F1C7F390B00DAE8BD /* Frameworks */ = {
			isa = PBXFrameworksBuildPhase;
			buildActionMask = 2147483647;
			files = (
				9FA3CF26CFDC7106E43B38E7 /* Pods_FogSearch.framework in Frameworks */,
			);
			runOnlyForDeploymentPostprocessing = 0;
		};
/* End PBXFrameworksBuildPhase section */

/* Begin PBXGroup section */
		75802C891C7F390B00DAE8BD = {
			isa = PBXGroup;
			children = (
				75802C941C7F390B00DAE8BD /* FogSearch */,
				75802C931C7F390B00DAE8BD /* Products */,
				FBA2CC4BD7A15EE11DD9BA7A /* Pods */,
				A86355D0F2AEBCD24C695256 /* Frameworks */,
			);
			sourceTree = "<group>";
		};
		75802C931C7F390B00DAE8BD /* Products */ = {
			isa = PBXGroup;
			children = (
				75802C921C7F390B00DAE8BD /* FogSearch.app */,
			);
			name = Products;
			sourceTree = "<group>";
		};
		75802C941C7F390B00DAE8BD /* FogSearch */ = {
			isa = PBXGroup;
			children = (
				75802CC91C80880700DAE8BD /* Data */,
				75802CCD1C80883A00DAE8BD /* Views */,
				75802CCE1C80883E00DAE8BD /* Models */,
				75802CCC1C80883100DAE8BD /* Controllers */,
				75802C951C7F390B00DAE8BD /* AppDelegate.swift */,
				75802CD11C8088B700DAE8BD /* Constants.swift */,
				75802C9B1C7F390B00DAE8BD /* Main.storyboard */,
				75802C9E1C7F390B00DAE8BD /* Assets.xcassets */,
				75802CA01C7F390B00DAE8BD /* LaunchScreen.storyboard */,
				75802CA31C7F390B00DAE8BD /* Info.plist */,
			);
			path = FogSearch;
			sourceTree = "<group>";
		};
		75802CC91C80880700DAE8BD /* Data */ = {
			isa = PBXGroup;
			children = (
				75802CCA1C80881000DAE8BD /* MonteCristo.swift */,
			);
			name = Data;
			sourceTree = "<group>";
		};
		75802CCC1C80883100DAE8BD /* Controllers */ = {
			isa = PBXGroup;
			children = (
				75802C971C7F390B00DAE8BD /* FirstViewController.swift */,
				75802C991C7F390B00DAE8BD /* SecondViewController.swift */,
			);
			name = Controllers;
			sourceTree = "<group>";
		};
		75802CCD1C80883A00DAE8BD /* Views */ = {
			isa = PBXGroup;
			children = (
			);
			name = Views;
			sourceTree = "<group>";
		};
		75802CCE1C80883E00DAE8BD /* Models */ = {
			isa = PBXGroup;
			children = (
				75802CCF1C80887000DAE8BD /* SearchWork.swift */,
			);
			name = Models;
			sourceTree = "<group>";
		};
		A86355D0F2AEBCD24C695256 /* Frameworks */ = {
			isa = PBXGroup;
			children = (
				A95C355ACDD2ABDA044991C0 /* Pods_FogSearch.framework */,
			);
			name = Frameworks;
			sourceTree = "<group>";
		};
		FBA2CC4BD7A15EE11DD9BA7A /* Pods */ = {
			isa = PBXGroup;
			children = (
				97A7E70FA12CE33A93537F4E /* Pods-FogSearch.debug.xcconfig */,
				E997FD756F049C84B6268091 /* Pods-FogSearch.release.xcconfig */,
			);
			name = Pods;
			sourceTree = "<group>";
		};
/* End PBXGroup section */

/* Begin PBXNativeTarget section */
		75802C911C7F390B00DAE8BD /* FogSearch */ = {
			isa = PBXNativeTarget;
			buildConfigurationList = 75802CA61C7F390B00DAE8BD /* Build configuration list for PBXNativeTarget "FogSearch" */;
			buildPhases = (
				269A8201F33D025C3AB2DCF7 /* Check Pods Manifest.lock */,
				75802C8E1C7F390B00DAE8BD /* Sources */,
				75802C8F1C7F390B00DAE8BD /* Frameworks */,
				75802C901C7F390B00DAE8BD /* Resources */,
				699C768BE72B5A44B53055C0 /* Embed Pods Frameworks */,
				909E6C25337C90A9C2BDDAF1 /* Copy Pods Resources */,
			);
			buildRules = (
			);
			dependencies = (
			);
			name = FogSearch;
			productName = FogSearch;
			productReference = 75802C921C7F390B00DAE8BD /* FogSearch.app */;
			productType = "com.apple.product-type.application";
		};
/* End PBXNativeTarget section */

/* Begin PBXProject section */
		75802C8A1C7F390B00DAE8BD /* Project object */ = {
			isa = PBXProject;
			attributes = {
				LastSwiftUpdateCheck = 0720;
				LastUpgradeCheck = 0720;
				ORGANIZATIONNAME = NGA;
				TargetAttributes = {
					75802C911C7F390B00DAE8BD = {
						CreatedOnToolsVersion = 7.2.1;
					};
				};
			};
			buildConfigurationList = 75802C8D1C7F390B00DAE8BD /* Build configuration list for PBXProject "FogSearch" */;
			compatibilityVersion = "Xcode 3.2";
			developmentRegion = English;
			hasScannedForEncodings = 0;
			knownRegions = (
				en,
				Base,
			);
			mainGroup = 75802C891C7F390B00DAE8BD;
			productRefGroup = 75802C931C7F390B00DAE8BD /* Products */;
			projectDirPath = "";
			projectRoot = "";
			targets = (
				75802C911C7F390B00DAE8BD /* FogSearch */,
			);
		};
/* End PBXProject section */

/* Begin PBXResourcesBuildPhase section */
		75802C901C7F390B00DAE8BD /* Resources */ = {
			isa = PBXResourcesBuildPhase;
			buildActionMask = 2147483647;
			files = (
				75802CA21C7F390B00DAE8BD /* LaunchScreen.storyboard in Resources */,
				75802C9F1C7F390B00DAE8BD /* Assets.xcassets in Resources */,
				75802C9D1C7F390B00DAE8BD /* Main.storyboard in Resources */,
			);
			runOnlyForDeploymentPostprocessing = 0;
		};
/* End PBXResourcesBuildPhase section */

/* Begin PBXShellScriptBuildPhase section */
		269A8201F33D025C3AB2DCF7 /* Check Pods Manifest.lock */ = {
			isa = PBXShellScriptBuildPhase;
			buildActionMask = 2147483647;
			files = (
			);
			inputPaths = (
			);
			name = "Check Pods Manifest.lock";
			outputPaths = (
			);
			runOnlyForDeploymentPostprocessing = 0;
			shellPath = /bin/sh;
			shellScript = "diff \"${PODS_ROOT}/../Podfile.lock\" \"${PODS_ROOT}/Manifest.lock\" > /dev/null\nif [[ $? != 0 ]] ; then\n    cat << EOM\nerror: The sandbox is not in sync with the Podfile.lock. Run 'pod install' or update your CocoaPods installation.\nEOM\n    exit 1\nfi\n";
			showEnvVarsInLog = 0;
		};
		699C768BE72B5A44B53055C0 /* Embed Pods Frameworks */ = {
			isa = PBXShellScriptBuildPhase;
			buildActionMask = 2147483647;
			files = (
			);
			inputPaths = (
			);
			name = "Embed Pods Frameworks";
			outputPaths = (
			);
			runOnlyForDeploymentPostprocessing = 0;
			shellPath = /bin/sh;
			shellScript = "\"${SRCROOT}/../../Pods/Target Support Files/Pods-FogSearch/Pods-FogSearch-frameworks.sh\"\n";
			showEnvVarsInLog = 0;
		};
		909E6C25337C90A9C2BDDAF1 /* Copy Pods Resources */ = {
			isa = PBXShellScriptBuildPhase;
			buildActionMask = 2147483647;
			files = (
			);
			inputPaths = (
			);
			name = "Copy Pods Resources";
			outputPaths = (
			);
			runOnlyForDeploymentPostprocessing = 0;
			shellPath = /bin/sh;
			shellScript = "\"${SRCROOT}/../../Pods/Target Support Files/Pods-FogSearch/Pods-FogSearch-resources.sh\"\n";
			showEnvVarsInLog = 0;
		};
/* End PBXShellScriptBuildPhase section */

/* Begin PBXSourcesBuildPhase section */
		75802C8E1C7F390B00DAE8BD /* Sources */ = {
			isa = PBXSourcesBuildPhase;
			buildActionMask = 2147483647;
			files = (
				75802C9A1C7F390B00DAE8BD /* SecondViewController.swift in Sources */,
				75802C961C7F390B00DAE8BD /* AppDelegate.swift in Sources */,
				75802C981C7F390B00DAE8BD /* FirstViewController.swift in Sources */,
				75802CCB1C80881000DAE8BD /* MonteCristo.swift in Sources */,
				75802CD01C80887000DAE8BD /* SearchWork.swift in Sources */,
				75802CD21C8088B700DAE8BD /* Constants.swift in Sources */,
			);
			runOnlyForDeploymentPostprocessing = 0;
		};
/* End PBXSourcesBuildPhase section */

/* Begin PBXVariantGroup section */
		75802C9B1C7F390B00DAE8BD /* Main.storyboard */ = {
			isa = PBXVariantGroup;
			children = (
				75802C9C1C7F390B00DAE8BD /* Base */,
			);
			name = Main.storyboard;
			sourceTree = "<group>";
		};
		75802CA01C7F390B00DAE8BD /* LaunchScreen.storyboard */ = {
			isa = PBXVariantGroup;
			children = (
				75802CA11C7F390B00DAE8BD /* Base */,
			);
			name = LaunchScreen.storyboard;
			sourceTree = "<group>";
		};
/* End PBXVariantGroup section */

/* Begin XCBuildConfiguration section */
		75802CA41C7F390B00DAE8BD /* Debug */ = {
			isa = XCBuildConfiguration;
			buildSettings = {
				ALWAYS_SEARCH_USER_PATHS = NO;
				CLANG_CXX_LANGUAGE_STANDARD = "gnu++0x";
				CLANG_CXX_LIBRARY = "libc++";
				CLANG_ENABLE_MODULES = YES;
				CLANG_ENABLE_OBJC_ARC = YES;
				CLANG_WARN_BOOL_CONVERSION = YES;
				CLANG_WARN_CONSTANT_CONVERSION = YES;
				CLANG_WARN_DIRECT_OBJC_ISA_USAGE = YES_ERROR;
				CLANG_WARN_EMPTY_BODY = YES;
				CLANG_WARN_ENUM_CONVERSION = YES;
				CLANG_WARN_INT_CONVERSION = YES;
				CLANG_WARN_OBJC_ROOT_CLASS = YES_ERROR;
				CLANG_WARN_UNREACHABLE_CODE = YES;
				CLANG_WARN__DUPLICATE_METHOD_MATCH = YES;
				"CODE_SIGN_IDENTITY[sdk=iphoneos*]" = "iPhone Developer";
				COPY_PHASE_STRIP = NO;
				DEBUG_INFORMATION_FORMAT = dwarf;
				ENABLE_STRICT_OBJC_MSGSEND = YES;
				ENABLE_TESTABILITY = YES;
				GCC_C_LANGUAGE_STANDARD = gnu99;
				GCC_DYNAMIC_NO_PIC = NO;
				GCC_NO_COMMON_BLOCKS = YES;
				GCC_OPTIMIZATION_LEVEL = 0;
				GCC_PREPROCESSOR_DEFINITIONS = (
					"DEBUG=1",
					"$(inherited)",
				);
				GCC_WARN_64_TO_32_BIT_CONVERSION = YES;
				GCC_WARN_ABOUT_RETURN_TYPE = YES_ERROR;
				GCC_WARN_UNDECLARED_SELECTOR = YES;
				GCC_WARN_UNINITIALIZED_AUTOS = YES_AGGRESSIVE;
				GCC_WARN_UNUSED_FUNCTION = YES;
				GCC_WARN_UNUSED_VARIABLE = YES;
				IPHONEOS_DEPLOYMENT_TARGET = 8.4;
				MTL_ENABLE_DEBUG_INFO = YES;
				ONLY_ACTIVE_ARCH = YES;
				SDKROOT = iphoneos;
				SWIFT_OPTIMIZATION_LEVEL = "-Onone";
			};
			name = Debug;
		};
		75802CA51C7F390B00DAE8BD /* Release */ = {
			isa = XCBuildConfiguration;
			buildSettings = {
				ALWAYS_SEARCH_USER_PATHS = NO;
				CLANG_CXX_LANGUAGE_STANDARD = "gnu++0x";
				CLANG_CXX_LIBRARY = "libc++";
				CLANG_ENABLE_MODULES = YES;
				CLANG_ENABLE_OBJC_ARC = YES;
				CLANG_WARN_BOOL_CONVERSION = YES;
				CLANG_WARN_CONSTANT_CONVERSION = YES;
				CLANG_WARN_DIRECT_OBJC_ISA_USAGE = YES_ERROR;
				CLANG_WARN_EMPTY_BODY = YES;
				CLANG_WARN_ENUM_CONVERSION = YES;
				CLANG_WARN_INT_CONVERSION = YES;
				CLANG_WARN_OBJC_ROOT_CLASS = YES_ERROR;
				CLANG_WARN_UNREACHABLE_CODE = YES;
				CLANG_WARN__DUPLICATE_METHOD_MATCH = YES;
				"CODE_SIGN_IDENTITY[sdk=iphoneos*]" = "iPhone Developer";
				COPY_PHASE_STRIP = NO;
				DEBUG_INFORMATION_FORMAT = "dwarf-with-dsym";
				ENABLE_NS_ASSERTIONS = NO;
				ENABLE_STRICT_OBJC_MSGSEND = YES;
				GCC_C_LANGUAGE_STANDARD = gnu99;
				GCC_NO_COMMON_BLOCKS = YES;
				GCC_WARN_64_TO_32_BIT_CONVERSION = YES;
				GCC_WARN_ABOUT_RETURN_TYPE = YES_ERROR;
				GCC_WARN_UNDECLARED_SELECTOR = YES;
				GCC_WARN_UNINITIALIZED_AUTOS = YES_AGGRESSIVE;
				GCC_WARN_UNUSED_FUNCTION = YES;
				GCC_WARN_UNUSED_VARIABLE = YES;
				IPHONEOS_DEPLOYMENT_TARGET = 8.4;
				MTL_ENABLE_DEBUG_INFO = NO;
				SDKROOT = iphoneos;
				VALIDATE_PRODUCT = YES;
			};
			name = Release;
		};
		75802CA71C7F390B00DAE8BD /* Debug */ = {
			isa = XCBuildConfiguration;
			baseConfigurationReference = 97A7E70FA12CE33A93537F4E /* Pods-FogSearch.debug.xcconfig */;
			buildSettings = {
				ASSETCATALOG_COMPILER_APPICON_NAME = AppIcon;
				INFOPLIST_FILE = FogSearch/Info.plist;
				LD_RUNPATH_SEARCH_PATHS = "$(inherited) @executable_path/Frameworks";
				PRODUCT_BUNDLE_IDENTIFIER = nga.mil.FogSearch;
				PRODUCT_NAME = "$(TARGET_NAME)";
			};
			name = Debug;
		};
		75802CA81C7F390B00DAE8BD /* Release */ = {
			isa = XCBuildConfiguration;
			baseConfigurationReference = E997FD756F049C84B6268091 /* Pods-FogSearch.release.xcconfig */;
			buildSettings = {
				ASSETCATALOG_COMPILER_APPICON_NAME = AppIcon;
				INFOPLIST_FILE = FogSearch/Info.plist;
				LD_RUNPATH_SEARCH_PATHS = "$(inherited) @executable_path/Frameworks";
				PRODUCT_BUNDLE_IDENTIFIER = nga.mil.FogSearch;
				PRODUCT_NAME = "$(TARGET_NAME)";
			};
			name = Release;
		};
/* End XCBuildConfiguration section */

/* Begin XCConfigurationList section */
		75802C8D1C7F390B00DAE8BD /* Build configuration list for PBXProject "FogSearch" */ = {
			isa = XCConfigurationList;
			buildConfigurations = (
				75802CA41C7F390B00DAE8BD /* Debug */,
				75802CA51C7F390B00DAE8BD /* Release */,
			);
			defaultConfigurationIsVisible = 0;
			defaultConfigurationName = Release;
		};
		75802CA61C7F390B00DAE8BD /* Build configuration list for PBXNativeTarget "FogSearch" */ = {
			isa = XCConfigurationList;
			buildConfigurations = (
				75802CA71C7F390B00DAE8BD /* Debug */,
				75802CA81C7F390B00DAE8BD /* Release */,
			);
			defaultConfigurationIsVisible = 0;
			defaultConfigurationName = Release;
		};
/* End XCConfigurationList section */
	};
	rootObject = 75802C8A1C7F390B00DAE8BD /* Project object */;
}
